<?xml version="1.0" encoding="utf-8"?>
<Project ToolsVersion="4.0" xmlns="http://schemas.microsoft.com/developer/msbuild/2003">
  <ItemGroup>
    <Filter Include="CSPH">
      <UniqueIdentifier>{77488121-418f-48ac-9822-6b51cce96a7e}</UniqueIdentifier>
    </Filter>
    <Filter Include="DFSPH">
      <UniqueIdentifier>{80bcb3ac-b523-4050-8667-f3e7ed2ffc4d}</UniqueIdentifier>
    </Filter>
    <Filter Include="PBSPH">
      <UniqueIdentifier>{51e44d13-c0a6-4c44-b8d2-140b0cc53e0a}</UniqueIdentifier>
    </Filter>
    <Filter Include="Boundary">
      <UniqueIdentifier>{20181694-560d-416c-a91b-238762370505}</UniqueIdentifier>
    </Filter>
    <Filter Include="Boundary\CSG">
      <UniqueIdentifier>{36ac42dd-19c5-4f90-b9b1-969f7d4923a9}</UniqueIdentifier>
    </Filter>
    <Filter Include="Boundary\Mesh">
      <UniqueIdentifier>{ff819c75-8710-4215-b391-e3ce5a50f5c3}</UniqueIdentifier>
    </Filter>
    <Filter Include="Boundary\Particle">
      <UniqueIdentifier>{a2559790-0fc8-46e3-8c8d-26a0c9681588}</UniqueIdentifier>
    </Filter>
    <Filter Include="SurfaceReconstruction">
      <UniqueIdentifier>{93dd166c-0ba5-44cc-8a40-880633228676}</UniqueIdentifier>
    </Filter>
    <Filter Include="FLIPS">
      <UniqueIdentifier>{04e51dd0-8c12-4219-b1af-c5fd6e0928d1}</UniqueIdentifier>
    </Filter>
    <Filter Include="SPHFlame">
      <UniqueIdentifier>{843b95aa-82b5-4fc1-92ce-63a98953ad6c}</UniqueIdentifier>
    </Filter>
    <Filter Include="MVP">
      <UniqueIdentifier>{78ff2e95-a432-49fc-8ca9-4c386fae1a97}</UniqueIdentifier>
    </Filter>
  </ItemGroup>
  <ItemGroup>
    <ClInclude Include="SPHConstant.h" />
    <ClInclude Include="SPHKernel.h" />
    <ClInclude Include="CSGBoundaryScene.h">
      <Filter>Boundary\CSG</Filter>
    </ClInclude>
    <ClInclude Include="CSGBoundaryScenePresenter.h">
      <Filter>Boundary\CSG</Filter>
    </ClInclude>
    <ClInclude Include="MeshBoundaryScene.h">
      <Filter>Boundary\Mesh</Filter>
    </ClInclude>
    <ClInclude Include="MeshBoundaryScenePresenter.h">
      <Filter>Boundary\Mesh</Filter>
    </ClInclude>
    <ClInclude Include="WPCA.h">
      <Filter>SurfaceReconstruction</Filter>
    </ClInclude>
    <ClInclude Include="SPHSurfaceBuilder.h">
      <Filter>SurfaceReconstruction</Filter>
    </ClInclude>
    <ClInclude Include="FLIPSSolver.h">
      <Filter>FLIPS</Filter>
    </ClInclude>
    <ClInclude Include="SPHSurfaceParticle.h">
      <Filter>SurfaceReconstruction</Filter>
    </ClInclude>
    <ClInclude Include="SPHFlame/SPHFlameBoundarySolver.h">
      <Filter>SPHFlame</Filter>
    </ClInclude>
    <ClInclude Include="SPHFlame/SPHFlameParticle.h">
      <Filter>SPHFlame</Filter>
    </ClInclude>
    <ClInclude Include="SPHFlame/SPHFlameScene.h">
      <Filter>SPHFlame</Filter>
    </ClInclude>
    <ClInclude Include="SPHFlame/SPHFlameSceneController.h">
      <Filter>SPHFlame</Filter>
    </ClInclude>
    <ClInclude Include="SPHFlame/SPHFlameSolver.h">
      <Filter>SPHFlame</Filter>
    </ClInclude>
    <ClInclude Include="MVP\MVPMassParticle.h">
      <Filter>MVP</Filter>
    </ClInclude>
    <ClInclude Include="MVP\MVPVolumeParticle.h">
      <Filter>MVP</Filter>
    </ClInclude>
    <ClInclude Include="MVP\MVPFluidSolver.h">
      <Filter>MVP</Filter>
    </ClInclude>
    <ClInclude Include="MVP\MVPFluidScene.h">
      <Filter>MVP</Filter>
    </ClInclude>
    <ClInclude Include="MVP\MVPFluidScenePresenter.h">
      <Filter>MVP</Filter>
    </ClInclude>
    <ClInclude Include="MVP\IMVPFluidScene.h">
      <Filter>MVP</Filter>
    </ClInclude>
    <ClInclude Include="MVP\MVPBoundaryParticle.h">
      <Filter>MVP</Filter>
    </ClInclude>
    <ClInclude Include="MVP\MVPBoundaryScene.h">
      <Filter>MVP</Filter>
    </ClInclude>
    <ClInclude Include="MVP\MVPBoundaryScenePresenter.h">
      <Filter>MVP</Filter>
    </ClInclude>
    <ClInclude Include="MVP\MVPFluidEmitterScene.h">
      <Filter>MVP</Filter>
    </ClInclude>
    <ClInclude Include="CSPH\CSPHBoundarySolver.h">
      <Filter>CSPH</Filter>
    </ClInclude>
    <ClInclude Include="CSPH\CSPHFluidScene.h">
      <Filter>CSPH</Filter>
    </ClInclude>
    <ClInclude Include="CSPH\CSPHFluidSceneController.h">
      <Filter>CSPH</Filter>
    </ClInclude>
    <ClInclude Include="CSPH\CSPHParticle.h">
      <Filter>CSPH</Filter>
    </ClInclude>
    <ClInclude Include="CSPH\CSPHSolver.h">
      <Filter>CSPH</Filter>
    </ClInclude>
    <ClInclude Include="DFSPH\DFFluidScene.h">
      <Filter>DFSPH</Filter>
    </ClInclude>
    <ClInclude Include="DFSPH\DFFluidSceneController.h">
      <Filter>DFSPH</Filter>
    </ClInclude>
    <ClInclude Include="DFSPH\DFFluidSolver.h">
      <Filter>DFSPH</Filter>
    </ClInclude>
    <ClInclude Include="DFSPH\DFSPHBoundarySolver.h">
      <Filter>DFSPH</Filter>
    </ClInclude>
    <ClInclude Include="DFSPH\DFSPHParticle.h">
      <Filter>DFSPH</Filter>
    </ClInclude>
    <ClInclude Include="PBSPH\PBFluidScene.h">
      <Filter>PBSPH</Filter>
    </ClInclude>
    <ClInclude Include="PBSPH\PBFluidSceneController.h">
      <Filter>PBSPH</Filter>
    </ClInclude>
    <ClInclude Include="PBSPH\PBSPHBoundaryParticle.h">
      <Filter>PBSPH</Filter>
    </ClInclude>
    <ClInclude Include="PBSPH\PBSPHBoundarySolver.h">
      <Filter>PBSPH</Filter>
    </ClInclude>
    <ClInclude Include="PBSPH\PBSPHParticle.h">
      <Filter>PBSPH</Filter>
    </ClInclude>
    <ClInclude Include="PBSPH\PBSPHSolver.h">
      <Filter>PBSPH</Filter>
    </ClInclude>
  </ItemGroup>
  <ItemGroup>
    <ClCompile Include="SPHKernel.cpp" />
    <ClCompile Include="CSGBoundaryScene.cpp">
      <Filter>Boundary\CSG</Filter>
    </ClCompile>
    <ClCompile Include="CSGBoundaryScenePresenter.cpp">
      <Filter>Boundary\CSG</Filter>
    </ClCompile>
    <ClCompile Include="MeshBoundaryScene.cpp">
      <Filter>Boundary\Mesh</Filter>
    </ClCompile>
    <ClCompile Include="MeshBoundaryScenePresenter.cpp">
      <Filter>Boundary\Mesh</Filter>
    </ClCompile>
    <ClCompile Include="WPCA.cpp">
      <Filter>SurfaceReconstruction</Filter>
    </ClCompile>
    <ClCompile Include="SPHSurfaceBuilder.cpp">
      <Filter>SurfaceReconstruction</Filter>
    </ClCompile>
    <ClCompile Include="FLIPSSolver.cpp">
      <Filter>FLIPS</Filter>
    </ClCompile>
    <ClCompile Include="SPHSurfaceParticle.cpp">
      <Filter>SurfaceReconstruction</Filter>
    </ClCompile>
    <ClCompile Include="SPHFlame/SPHFlameBoundarySolver.cpp">
      <Filter>SPHFlame</Filter>
    </ClCompile>
    <ClCompile Include="SPHFlame/SPHFlameParticle.cpp">
      <Filter>SPHFlame</Filter>
    </ClCompile>
    <ClCompile Include="SPHFlame/SPHFlameScene.cpp">
      <Filter>SPHFlame</Filter>
    </ClCompile>
    <ClCompile Include="SPHFlame/SPHFlameSceneController.cpp">
      <Filter>SPHFlame</Filter>
    </ClCompile>
    <ClCompile Include="SPHFlame/SPHFlameSolver.cpp">
      <Filter>SPHFlame</Filter>
    </ClCompile>
    <ClCompile Include="MVP\MVPMassParticle.cpp">
      <Filter>MVP</Filter>
    </ClCompile>
    <ClCompile Include="MVP\MVPVolumeParticle.cpp">
      <Filter>MVP</Filter>
    </ClCompile>
    <ClCompile Include="MVP\MVPFluidSolver.cpp">
      <Filter>MVP</Filter>
    </ClCompile>
    <ClCompile Include="MVP\MVPFluidScene.cpp">
      <Filter>MVP</Filter>
    </ClCompile>
    <ClCompile Include="MVP\MVPFluidScenePresenter.cpp">
      <Filter>MVP</Filter>
    </ClCompile>
    <ClCompile Include="MVP\IMVPFluidScene.cpp">
      <Filter>MVP</Filter>
    </ClCompile>
    <ClCompile Include="MVP\MVPBoundaryParticle.cpp">
      <Filter>MVP</Filter>
    </ClCompile>
    <ClCompile Include="MVP\MVPBoundaryScene.cpp">
      <Filter>MVP</Filter>
    </ClCompile>
    <ClCompile Include="MVP\MVPBoundaryScenePresenter.cpp">
      <Filter>MVP</Filter>
    </ClCompile>
    <ClCompile Include="MVP\MVPFluidEmitterScene.cpp">
      <Filter>MVP</Filter>
    </ClCompile>
    <ClCompile Include="CSPH\CSPHBoundarySolver.cpp">
      <Filter>CSPH</Filter>
    </ClCompile>
    <ClCompile Include="CSPH\CSPHFluidScene.cpp">
      <Filter>CSPH</Filter>
    </ClCompile>
    <ClCompile Include="CSPH\CSPHFluidSceneController.cpp">
      <Filter>CSPH</Filter>
    </ClCompile>
    <ClCompile Include="CSPH\CSPHParticle.cpp">
      <Filter>CSPH</Filter>
    </ClCompile>
    <ClCompile Include="CSPH\CSPHSolver.cpp">
      <Filter>CSPH</Filter>
    </ClCompile>
    <ClCompile Include="DFSPH\DFFluidScene.cpp">
      <Filter>DFSPH</Filter>
    </ClCompile>
    <ClCompile Include="DFSPH\DFFluidSceneController.cpp">
      <Filter>DFSPH</Filter>
    </ClCompile>
    <ClCompile Include="DFSPH\DFFluidSolver.cpp">
      <Filter>DFSPH</Filter>
    </ClCompile>
    <ClCompile Include="DFSPH\DFSPHBoundarySolver.cpp">
      <Filter>DFSPH</Filter>
    </ClCompile>
    <ClCompile Include="DFSPH\DFSPHParticle.cpp">
      <Filter>DFSPH</Filter>
    </ClCompile>
    <ClCompile Include="PBSPH\PBFluidScene.cpp">
      <Filter>PBSPH</Filter>
    </ClCompile>
    <ClCompile Include="PBSPH\PBFluidSceneController.cpp">
      <Filter>PBSPH</Filter>
    </ClCompile>
    <ClCompile Include="PBSPH\PBSPHBoundaryParticle.cpp">
      <Filter>PBSPH</Filter>
    </ClCompile>
    <ClCompile Include="PBSPH\PBSPHBoundarySolver.cpp">
      <Filter>PBSPH</Filter>
    </ClCompile>
    <ClCompile Include="PBSPH\PBSPHParticle.cpp">
      <Filter>PBSPH</Filter>
    </ClCompile>
    <ClCompile Include="PBSPH\PBSPHSolver.cpp">
      <Filter>PBSPH</Filter>
    </ClCompile>
  </ItemGroup>
</Project>