<?xml version="1.0" encoding="utf-8"?>
<Project ToolsVersion="4.0" xmlns="http://schemas.microsoft.com/developer/msbuild/2003">
  <ItemGroup>
    <Filter Include="PBSPH">
      <UniqueIdentifier>{51e44d13-c0a6-4c44-b8d2-140b0cc53e0a}</UniqueIdentifier>
    </Filter>
    <Filter Include="CSPH">
      <UniqueIdentifier>{77488121-418f-48ac-9822-6b51cce96a7e}</UniqueIdentifier>
    </Filter>
    <Filter Include="KFFluid">
      <UniqueIdentifier>{78ff2e95-a432-49fc-8ca9-4c386fae1a97}</UniqueIdentifier>
    </Filter>
  </ItemGroup>
  <ItemGroup>
    <ClInclude Include="MicroParticle.h">
      <Filter>KFFluid</Filter>
    </ClInclude>
    <ClInclude Include="MacroParticle.h">
      <Filter>KFFluid</Filter>
    </ClInclude>
    <ClInclude Include="FluidSceneController.h">
      <Filter>KFFluid</Filter>
    </ClInclude>
    <ClInclude Include="SpaceHash.h">
      <Filter>KFFluid</Filter>
    </ClInclude>
    <ClInclude Include="PBSPHParticle.h">
      <Filter>PBSPH</Filter>
    </ClInclude>
    <ClInclude Include="SPHConstant.h">
      <Filter>PBSPH</Filter>
    </ClInclude>
    <ClInclude Include="SPHKernel.h">
      <Filter>PBSPH</Filter>
    </ClInclude>
    <ClInclude Include="PBSPHSolver.h">
      <Filter>PBSPH</Filter>
    </ClInclude>
    <ClInclude Include="PBSPHBoundarySolver.h">
      <Filter>PBSPH</Filter>
    </ClInclude>
    <ClInclude Include="PBFluidScene.h">
      <Filter>PBSPH</Filter>
    </ClInclude>
    <ClInclude Include="PBFluidSceneController.h">
      <Filter>PBSPH</Filter>
    </ClInclude>
    <ClInclude Include="CSPHSolver.h">
      <Filter>CSPH</Filter>
    </ClInclude>
    <ClInclude Include="CSPHParticle.h">
      <Filter>CSPH</Filter>
    </ClInclude>
    <ClInclude Include="CSPHBoundarySolver.h">
      <Filter>CSPH</Filter>
    </ClInclude>
    <ClInclude Include="KFFluidSolver.h">
      <Filter>KFFluid</Filter>
    </ClInclude>
    <ClInclude Include="UniformGrid3d.h">
      <Filter>KFFluid</Filter>
    </ClInclude>
    <ClInclude Include="KFFluidScene.h">
      <Filter>KFFluid</Filter>
    </ClInclude>
  </ItemGroup>
  <ItemGroup>
    <ClCompile Include="MicroParticle.cpp">
      <Filter>KFFluid</Filter>
    </ClCompile>
    <ClCompile Include="MacroParticle.cpp">
      <Filter>KFFluid</Filter>
    </ClCompile>
    <ClCompile Include="FluidSceneController.cpp">
      <Filter>KFFluid</Filter>
    </ClCompile>
    <ClCompile Include="SpaceHash.cpp">
      <Filter>KFFluid</Filter>
    </ClCompile>
    <ClCompile Include="SPHKernel.cpp">
      <Filter>PBSPH</Filter>
    </ClCompile>
    <ClCompile Include="PBSPHParticle.cpp">
      <Filter>PBSPH</Filter>
    </ClCompile>
    <ClCompile Include="PBSPHSolver.cpp">
      <Filter>PBSPH</Filter>
    </ClCompile>
    <ClCompile Include="PBSPHBoundarySolver.cpp">
      <Filter>PBSPH</Filter>
    </ClCompile>
    <ClCompile Include="PBFluidScene.cpp">
      <Filter>PBSPH</Filter>
    </ClCompile>
    <ClCompile Include="PBFluidSceneController.cpp">
      <Filter>PBSPH</Filter>
    </ClCompile>
    <ClCompile Include="CSPHParticle.cpp">
      <Filter>CSPH</Filter>
    </ClCompile>
    <ClCompile Include="CSPHSolver.cpp">
      <Filter>CSPH</Filter>
    </ClCompile>
    <ClCompile Include="CSPHBoundarySolver.cpp">
      <Filter>CSPH</Filter>
    </ClCompile>
    <ClCompile Include="KFFluidSolver.cpp">
      <Filter>KFFluid</Filter>
    </ClCompile>
    <ClCompile Include="UniformGrid3d.cpp">
      <Filter>KFFluid</Filter>
    </ClCompile>
    <ClCompile Include="KFFluidScene.cpp">
      <Filter>KFFluid</Filter>
    </ClCompile>
  </ItemGroup>
</Project>