<?xml version="1.0" encoding="utf-8"?>
<Project ToolsVersion="4.0" xmlns="http://schemas.microsoft.com/developer/msbuild/2003">
  <ItemGroup>
    <ClInclude Include="ICommand.h" />
    <ClInclude Include="FileImportCommand.h">
      <Filter>File</Filter>
    </ClInclude>
    <ClInclude Include="CommandFactory.h" />
    <ClInclude Include="MockCommand.h" />
    <ClInclude Include="IArgs.h" />
    <ClInclude Include="IResults.h" />
    <ClInclude Include="Command.h" />
    <ClInclude Include="ParticleSystemAddCommand.h">
      <Filter>Scene\Shape</Filter>
    </ClInclude>
    <ClInclude Include="WireFrameAddCommand.h">
      <Filter>Scene\Shape</Filter>
    </ClInclude>
    <ClInclude Include="FileExportCommand.h">
      <Filter>File</Filter>
    </ClInclude>
    <ClInclude Include="PolygonMeshAddCommand.h">
      <Filter>Scene\Shape</Filter>
    </ClInclude>
  </ItemGroup>
  <ItemGroup>
    <ClCompile Include="ICommand.cpp" />
    <ClCompile Include="FileImportCommand.cpp">
      <Filter>File</Filter>
    </ClCompile>
    <ClCompile Include="CommandFactory.cpp" />
    <ClCompile Include="MockCommand.cpp" />
    <ClCompile Include="Command.cpp" />
    <ClCompile Include="ParticleSystemAddCommand.cpp">
      <Filter>Scene\Shape</Filter>
    </ClCompile>
    <ClCompile Include="WireFrameAddCommand.cpp">
      <Filter>Scene\Shape</Filter>
    </ClCompile>
    <ClCompile Include="FileExportCommand.cpp">
      <Filter>File</Filter>
    </ClCompile>
    <ClCompile Include="PolygonMeshAddCommand.cpp">
      <Filter>Scene\Shape</Filter>
    </ClCompile>
  </ItemGroup>
  <ItemGroup>
    <Filter Include="Scene">
      <UniqueIdentifier>{b7086cd9-f50a-435e-964a-8e5395384f99}</UniqueIdentifier>
    </Filter>
    <Filter Include="File">
      <UniqueIdentifier>{c6a7890d-cf84-4105-acdd-dc0da0eddf17}</UniqueIdentifier>
    </Filter>
    <Filter Include="Scene\Shape">
      <UniqueIdentifier>{4f81f62c-81fa-45b7-9867-98da2e63bbcf}</UniqueIdentifier>
    </Filter>
    <Filter Include="Scene\Appearance">
      <UniqueIdentifier>{5008008f-228d-4376-b123-d0293605e6b2}</UniqueIdentifier>
    </Filter>
  </ItemGroup>
  <ItemGroup>
    <None Include="packages.config" />
  </ItemGroup>
</Project>