<?xml version="1.0" encoding="utf-8"?>
<Project ToolsVersion="4.0" xmlns="http://schemas.microsoft.com/developer/msbuild/2003">
  <ItemGroup>
    <ClInclude Include="ICommand.h" />
    <ClInclude Include="FileImportCommand.h">
      <Filter>File</Filter>
    </ClInclude>
    <ClInclude Include="CommandFactory.h" />
    <ClInclude Include="MockCommand.h" />
    <ClInclude Include="IArgs.h" />
    <ClInclude Include="IResults.h" />
    <ClInclude Include="Command.h" />
    <ClInclude Include="FileExportCommand.h">
      <Filter>File</Filter>
    </ClInclude>
    <ClInclude Include="GetCommand.h" />
    <ClInclude Include="TransformCommand.h">
      <Filter>Scene\Shape\Transform</Filter>
    </ClInclude>
    <ClInclude Include="TranslateCommand.h">
      <Filter>Scene\Shape\Transform</Filter>
    </ClInclude>
    <ClInclude Include="SetCommand.h" />
    <ClInclude Include="CameraRotateCommand.h">
      <Filter>Camera</Filter>
    </ClInclude>
    <ClInclude Include="CameraFitCommand.h">
      <Filter>Camera</Filter>
    </ClInclude>
    <ClInclude Include="CameraZoomCommand.h">
      <Filter>Camera</Filter>
    </ClInclude>
    <ClInclude Include="CameraTranslateCommand.h">
      <Filter>Camera</Filter>
    </ClInclude>
    <ClInclude Include="PickCommand.h" />
    <ClInclude Include="RotateCommand.h">
      <Filter>Scene\Shape\Transform</Filter>
    </ClInclude>
    <ClInclude Include="ScaleCommand.h">
      <Filter>Scene\Shape\Transform</Filter>
    </ClInclude>
    <ClInclude Include="PCDFileImportCommand.h">
      <Filter>File\PCD</Filter>
    </ClInclude>
    <ClInclude Include="STLFileImportCommand.h">
      <Filter>File\STL</Filter>
    </ClInclude>
    <ClInclude Include="STLFileExportCommand.h">
      <Filter>File\STL</Filter>
    </ClInclude>
    <ClInclude Include="OBJFileImportCommand.h">
      <Filter>File\OBJ</Filter>
    </ClInclude>
    <ClInclude Include="OBJFileExportCommand.h">
      <Filter>File\OBJ</Filter>
    </ClInclude>
    <ClInclude Include="Public\CameraLabels.h">
      <Filter>Public</Filter>
    </ClInclude>
    <ClInclude Include="Public\FileImportLabels.h">
      <Filter>Public</Filter>
    </ClInclude>
    <ClInclude Include="Public\PickLabels.h">
      <Filter>Public</Filter>
    </ClInclude>
    <ClInclude Include="Public\PublicLabel.h">
      <Filter>Public</Filter>
    </ClInclude>
    <ClInclude Include="Public\FileExportLabels.h">
      <Filter>Public</Filter>
    </ClInclude>
    <ClInclude Include="Public\SetLabels.h">
      <Filter>Public</Filter>
    </ClInclude>
    <ClInclude Include="PCDFileExportCommand.h">
      <Filter>File\PCD</Filter>
    </ClInclude>
    <ClInclude Include="Public\TransformLabels.h">
      <Filter>Public</Filter>
    </ClInclude>
    <ClInclude Include="Public\MockLabels.h">
      <Filter>Public</Filter>
    </ClInclude>
    <ClInclude Include="TrimCommand.h">
      <Filter>Scene\Shape\Trim</Filter>
    </ClInclude>
    <ClInclude Include="Public\TrimLabels.h">
      <Filter>Public</Filter>
    </ClInclude>
    <ClInclude Include="WireFrameCreateCommand.h">
      <Filter>Scene\Shape\WireFrame</Filter>
    </ClInclude>
    <ClInclude Include="Public\WireFrameCreateLabels.h">
      <Filter>Public</Filter>
    </ClInclude>
    <ClInclude Include="ParticleSystemCreateCommand.h">
      <Filter>Scene\Shape\ParticleSystem</Filter>
    </ClInclude>
    <ClInclude Include="Public\ParticleSystemCreateLabels.h">
      <Filter>Public</Filter>
    </ClInclude>
    <ClInclude Include="PolygonMeshCreateCommand.h">
      <Filter>Scene\Shape\PolygonMesh</Filter>
    </ClInclude>
    <ClInclude Include="Public\PolygonMeshCreateLabels.h">
      <Filter>Public</Filter>
    </ClInclude>
    <ClInclude Include="NewCommand.h" />
    <ClInclude Include="Public\NewLabels.h">
      <Filter>Public</Filter>
    </ClInclude>
    <ClInclude Include="LightCreateCommand.h">
      <Filter>Scene\Appearance\Light</Filter>
    </ClInclude>
    <ClInclude Include="Public\LightCreateLabels.h">
      <Filter>Public</Filter>
    </ClInclude>
    <ClInclude Include="MaterialCreateCommand.h">
      <Filter>Scene\Appearance\Material</Filter>
    </ClInclude>
    <ClInclude Include="Public\MaterialCreateLabels.h">
      <Filter>Public</Filter>
    </ClInclude>
    <ClInclude Include="Public\TextureCreateLabels.h">
      <Filter>Public</Filter>
    </ClInclude>
    <ClInclude Include="ShapeSelectCommand.h">
      <Filter>Scene\Shape</Filter>
    </ClInclude>
  </ItemGroup>
  <ItemGroup>
    <ClCompile Include="ICommand.cpp" />
    <ClCompile Include="FileImportCommand.cpp">
      <Filter>File</Filter>
    </ClCompile>
    <ClCompile Include="CommandFactory.cpp" />
    <ClCompile Include="MockCommand.cpp" />
    <ClCompile Include="Command.cpp" />
    <ClCompile Include="FileExportCommand.cpp">
      <Filter>File</Filter>
    </ClCompile>
    <ClCompile Include="GetCommand.cpp" />
    <ClCompile Include="TransformCommand.cpp">
      <Filter>Scene\Shape\Transform</Filter>
    </ClCompile>
    <ClCompile Include="SetCommand.cpp" />
    <ClCompile Include="CameraRotateCommand.cpp">
      <Filter>Camera</Filter>
    </ClCompile>
    <ClCompile Include="CameraFitCommand.cpp">
      <Filter>Camera</Filter>
    </ClCompile>
    <ClCompile Include="CameraZoomCommand.cpp">
      <Filter>Camera</Filter>
    </ClCompile>
    <ClCompile Include="CameraTranslateCommand.cpp">
      <Filter>Camera</Filter>
    </ClCompile>
    <ClCompile Include="PickCommand.cpp" />
    <ClCompile Include="TranslateCommand.cpp">
      <Filter>Scene\Shape\Transform</Filter>
    </ClCompile>
    <ClCompile Include="RotateCommand.cpp">
      <Filter>Scene\Shape\Transform</Filter>
    </ClCompile>
    <ClCompile Include="ScaleCommand.cpp">
      <Filter>Scene\Shape\Transform</Filter>
    </ClCompile>
    <ClCompile Include="PCDFileImportCommand.cpp">
      <Filter>File\PCD</Filter>
    </ClCompile>
    <ClCompile Include="STLFileImportCommand.cpp">
      <Filter>File\STL</Filter>
    </ClCompile>
    <ClCompile Include="STLFileExportCommand.cpp">
      <Filter>File\STL</Filter>
    </ClCompile>
    <ClCompile Include="OBJFileImportCommand.cpp">
      <Filter>File\OBJ</Filter>
    </ClCompile>
    <ClCompile Include="OBJFileExportCommand.cpp">
      <Filter>File\OBJ</Filter>
    </ClCompile>
    <ClCompile Include="PCDFileExportCommand.cpp">
      <Filter>File\PCD</Filter>
    </ClCompile>
    <ClCompile Include="TrimCommand.cpp">
      <Filter>Scene\Shape\Trim</Filter>
    </ClCompile>
    <ClCompile Include="WireFrameCreateCommand.cpp">
      <Filter>Scene\Shape\WireFrame</Filter>
    </ClCompile>
    <ClCompile Include="ParticleSystemCreateCommand.cpp">
      <Filter>Scene\Shape\ParticleSystem</Filter>
    </ClCompile>
    <ClCompile Include="PolygonMeshCreateCommand.cpp">
      <Filter>Scene\Shape\PolygonMesh</Filter>
    </ClCompile>
    <ClCompile Include="NewCommand.cpp" />
    <ClCompile Include="LightCreateCommand.cpp">
      <Filter>Scene\Appearance\Light</Filter>
    </ClCompile>
    <ClCompile Include="MaterialCreateCommand.cpp">
      <Filter>Scene\Appearance\Material</Filter>
    </ClCompile>
    <ClCompile Include="TextureCreateCommand.h">
      <Filter>Scene\Appearance\Texture</Filter>
    </ClCompile>
    <ClCompile Include="TextureCreateCommand.cpp">
      <Filter>Scene\Appearance\Texture</Filter>
    </ClCompile>
    <ClCompile Include="ShapeSelectCommand.cpp">
      <Filter>Scene\Shape</Filter>
    </ClCompile>
  </ItemGroup>
  <ItemGroup>
    <Filter Include="Scene">
      <UniqueIdentifier>{b7086cd9-f50a-435e-964a-8e5395384f99}</UniqueIdentifier>
    </Filter>
    <Filter Include="File">
      <UniqueIdentifier>{c6a7890d-cf84-4105-acdd-dc0da0eddf17}</UniqueIdentifier>
    </Filter>
    <Filter Include="Scene\Shape">
      <UniqueIdentifier>{4f81f62c-81fa-45b7-9867-98da2e63bbcf}</UniqueIdentifier>
    </Filter>
    <Filter Include="Scene\Appearance">
      <UniqueIdentifier>{5008008f-228d-4376-b123-d0293605e6b2}</UniqueIdentifier>
    </Filter>
    <Filter Include="Scene\Shape\Transform">
      <UniqueIdentifier>{653ad305-666d-4e9b-ba03-9eea40943d03}</UniqueIdentifier>
    </Filter>
    <Filter Include="Scene\Shape\ParticleSystem">
      <UniqueIdentifier>{a2955083-84ec-435a-a5cf-7e82af13379b}</UniqueIdentifier>
    </Filter>
    <Filter Include="Scene\Shape\PolygonMesh">
      <UniqueIdentifier>{372e22b4-7ef2-4a57-aad3-48d9598c67e4}</UniqueIdentifier>
    </Filter>
    <Filter Include="Scene\Shape\WireFrame">
      <UniqueIdentifier>{dc1000d9-5ac0-4216-b9e4-c076d1638f4e}</UniqueIdentifier>
    </Filter>
    <Filter Include="Camera">
      <UniqueIdentifier>{38bb3154-0de5-4bba-afa6-a792c3a6ebe9}</UniqueIdentifier>
    </Filter>
    <Filter Include="File\PCD">
      <UniqueIdentifier>{dc691723-56be-4a0f-a3e0-4a490be68a6c}</UniqueIdentifier>
    </Filter>
    <Filter Include="File\STL">
      <UniqueIdentifier>{cb222483-923f-4320-9e11-fddafba396ba}</UniqueIdentifier>
    </Filter>
    <Filter Include="File\OBJ">
      <UniqueIdentifier>{42593c27-df0f-4740-bafb-9b6414a5528d}</UniqueIdentifier>
    </Filter>
    <Filter Include="Public">
      <UniqueIdentifier>{d6ba1b28-bbff-414a-911b-334672ec90b6}</UniqueIdentifier>
    </Filter>
    <Filter Include="Scene\Shape\Trim">
      <UniqueIdentifier>{d9be7589-1db5-4cd6-8ea1-d013ea4f6881}</UniqueIdentifier>
    </Filter>
    <Filter Include="Scene\Appearance\Light">
      <UniqueIdentifier>{fae99320-b54d-4a67-8088-c4ba6adc8bf9}</UniqueIdentifier>
    </Filter>
    <Filter Include="Scene\Appearance\Material">
      <UniqueIdentifier>{f2fa3de0-28d9-4239-9bbe-b253d1c9d10e}</UniqueIdentifier>
    </Filter>
    <Filter Include="Scene\Appearance\Texture">
      <UniqueIdentifier>{0488bdbf-75e0-4a40-aa75-75a3de41e196}</UniqueIdentifier>
    </Filter>
  </ItemGroup>
  <ItemGroup>
    <Text Include="Public\GetLabels.h">
      <Filter>Public</Filter>
    </Text>
  </ItemGroup>
</Project>