<?xml version="1.0" encoding="utf-8"?>
<Project ToolsVersion="4.0" xmlns="http://schemas.microsoft.com/developer/msbuild/2003">
  <ItemGroup>
    <ClCompile Include="FluidStudio.cpp" />
    <ClCompile Include="FluidMenu.cpp">
      <Filter>Fluid</Filter>
    </ClCompile>
    <ClCompile Include="SolverView.cpp">
      <Filter>Fluid</Filter>
    </ClCompile>
    <ClCompile Include="SolverExporter.cpp">
      <Filter>Fluid</Filter>
    </ClCompile>
    <ClCompile Include="ToVDBVolumeView.cpp">
      <Filter>VDB</Filter>
    </ClCompile>
    <ClCompile Include="ToVolumeView.cpp">
      <Filter>Fluid</Filter>
    </ClCompile>
  </ItemGroup>
  <ItemGroup>
    <ClInclude Include="FluidMenu.h">
      <Filter>Fluid</Filter>
    </ClInclude>
    <ClInclude Include="SolverView.h">
      <Filter>Fluid</Filter>
    </ClInclude>
    <ClInclude Include="SolverExporter.h">
      <Filter>Fluid</Filter>
    </ClInclude>
    <ClInclude Include="ToVDBVolumeView.h">
      <Filter>VDB</Filter>
    </ClInclude>
    <ClInclude Include="ToVolumeView.h">
      <Filter>Fluid</Filter>
    </ClInclude>
  </ItemGroup>
  <ItemGroup>
    <Filter Include="VDB">
      <UniqueIdentifier>{2ded9ef5-bdf9-49a6-a9eb-865cbe97d9d5}</UniqueIdentifier>
    </Filter>
    <Filter Include="Fluid">
      <UniqueIdentifier>{ae99daef-114e-485f-a3f4-eadb063ed4d4}</UniqueIdentifier>
    </Filter>
  </ItemGroup>
</Project>