
Microsoft Visual Studio Solution File, Format Version 12.00
# Visual Studio Version 16
VisualStudioVersion = 16.0.29306.81
MinimumVisualStudioVersion = 10.0.40219.1
Project("{8BC9CEB8-8B4A-11D0-8D11-00A0C91BC942}") = "Math", "..\Crystal\Math\Math.vcxproj", "{EF054C93-201B-4807-9285-CABC9C68978A}"
EndProject
Project("{8BC9CEB8-8B4A-11D0-8D11-00A0C91BC942}") = "Graphics", "..\Crystal\Graphics\Graphics.vcxproj", "{227E5411-92CB-4E30-A67B-043D8B04A9BC}"
EndProject
Project("{8BC9CEB8-8B4A-11D0-8D11-00A0C91BC942}") = "Shader", "..\Crystal\Shader\Shader.vcxproj", "{33BDCAB8-A30C-44B1-A93F-1AD3E15461AD}"
EndProject
Project("{8BC9CEB8-8B4A-11D0-8D11-00A0C91BC942}") = "IO", "..\Crystal\IO\IO.vcxproj", "{198160CC-5ED1-499D-AD45-90DBAC4852F8}"
	ProjectSection(ProjectDependencies) = postProject
		{227E5411-92CB-4E30-A67B-043D8B04A9BC} = {227E5411-92CB-4E30-A67B-043D8B04A9BC}
	EndProjectSection
EndProject
Project("{8BC9CEB8-8B4A-11D0-8D11-00A0C91BC942}") = "PGCLI", "PGCLI\PGCLI.vcxproj", "{B2FCF247-2DCB-43FF-B179-C21D15C48500}"
	ProjectSection(ProjectDependencies) = postProject
		{227E5411-92CB-4E30-A67B-043D8B04A9BC} = {227E5411-92CB-4E30-A67B-043D8B04A9BC}
		{59C5EA30-1E57-417C-9416-17B592E8724E} = {59C5EA30-1E57-417C-9416-17B592E8724E}
		{EF054C93-201B-4807-9285-CABC9C68978A} = {EF054C93-201B-4807-9285-CABC9C68978A}
		{33BDCAB8-A30C-44B1-A93F-1AD3E15461AD} = {33BDCAB8-A30C-44B1-A93F-1AD3E15461AD}
		{198160CC-5ED1-499D-AD45-90DBAC4852F8} = {198160CC-5ED1-499D-AD45-90DBAC4852F8}
	EndProjectSection
EndProject
Project("{FAE04EC0-301F-11D3-BF4B-00C04F79EFBC}") = "CGStudio", "CGStudio\CGStudio.csproj", "{49D0F9EE-05CA-4B54-AA42-9F912CF6BEEE}"
	ProjectSection(ProjectDependencies) = postProject
		{529FE5B9-FAC5-4222-8170-C8C0B911A588} = {529FE5B9-FAC5-4222-8170-C8C0B911A588}
	EndProjectSection
EndProject
Project("{FAE04EC0-301F-11D3-BF4B-00C04F79EFBC}") = "PGCore", "PGCore\PGCore.csproj", "{B2F0408A-6B39-4AEE-B1E5-A67011AE9441}"
EndProject
Project("{FAE04EC0-301F-11D3-BF4B-00C04F79EFBC}") = "PGCoreTest", "PGCoreTest\PGCoreTest.csproj", "{EF5360BE-7DBE-4197-AD64-55DD61ACD8F7}"
EndProject
Project("{FAE04EC0-301F-11D3-BF4B-00C04F79EFBC}") = "PGControl", "PGControl\PGControl.csproj", "{EF9CC996-010B-4334-BC64-8EB766BF73B0}"
EndProject
Project("{2150E333-8FDC-42A3-9474-1A3956D46DE8}") = "Crystal", "Crystal", "{3794A29F-058E-4B42-9419-354A276119D7}"
EndProject
Project("{8BC9CEB8-8B4A-11D0-8D11-00A0C91BC942}") = "CrystalAlgo", "..\CrystalAlgo\CrystalAlgo\CrystalAlgo.vcxproj", "{D2A606D5-8E40-4FC5-90EE-07B3A0F81383}"
EndProject
Project("{FAE04EC0-301F-11D3-BF4B-00C04F79EFBC}") = "HwndExtensions", "ThirdParty\hwnd-adorner\HwndExtensions\HwndExtensions.csproj", "{529FE5B9-FAC5-4222-8170-C8C0B911A588}"
EndProject
Project("{8BC9CEB8-8B4A-11D0-8D11-00A0C91BC942}") = "Scene", "..\Crystal\Scene\Scene.vcxproj", "{59C5EA30-1E57-417C-9416-17B592E8724E}"
EndProject
Project("{FAE04EC0-301F-11D3-BF4B-00C04F79EFBC}") = "PGCLITest", "PGCLITest\PGCLITest.csproj", "{E4087E4C-A059-414E-A0A2-5D7DE0A96988}"
EndProject
Project("{8BC9CEB8-8B4A-11D0-8D11-00A0C91BC942}") = "Command", "..\CrystalViewer\Command\Command.vcxproj", "{5A0D1CB7-6BE7-41A2-B061-431750E47BE0}"
	ProjectSection(ProjectDependencies) = postProject
		{227E5411-92CB-4E30-A67B-043D8B04A9BC} = {227E5411-92CB-4E30-A67B-043D8B04A9BC}
		{ED61B745-9F00-48C2-B309-F1DBB37F03E3} = {ED61B745-9F00-48C2-B309-F1DBB37F03E3}
		{EF054C93-201B-4807-9285-CABC9C68978A} = {EF054C93-201B-4807-9285-CABC9C68978A}
		{33BDCAB8-A30C-44B1-A93F-1AD3E15461AD} = {33BDCAB8-A30C-44B1-A93F-1AD3E15461AD}
		{198160CC-5ED1-499D-AD45-90DBAC4852F8} = {198160CC-5ED1-499D-AD45-90DBAC4852F8}
	EndProjectSection
EndProject
Project("{FAE04EC0-301F-11D3-BF4B-00C04F79EFBC}") = "PGConstCSFileGenerator", "PGConstCSFileGenerator\PGConstCSFileGenerator.csproj", "{D97E078F-CDEB-4393-96AD-5F37387EB7F2}"
EndProject
Project("{FAE04EC0-301F-11D3-BF4B-00C04F79EFBC}") = "PGCommand", "PGCommand\PGCommand.csproj", "{B3AB885D-FEDA-476A-848F-515C34F1B2AA}"
EndProject
Project("{FAE04EC0-301F-11D3-BF4B-00C04F79EFBC}") = "PGCommandTest", "PGCommandTest\PGCommandTest.csproj", "{5F46FA57-8920-492D-BE4F-E3393D8FBC50}"
EndProject
Project("{8BC9CEB8-8B4A-11D0-8D11-00A0C91BC942}") = "Shape", "..\Crystal\Shape\Shape.vcxproj", "{ED61B745-9F00-48C2-B309-F1DBB37F03E3}"
EndProject
Global
	GlobalSection(SolutionConfigurationPlatforms) = preSolution
		Debug|Any CPU = Debug|Any CPU
		Debug|x64 = Debug|x64
		Debug|x86 = Debug|x86
		Release|Any CPU = Release|Any CPU
		Release|x64 = Release|x64
		Release|x86 = Release|x86
	EndGlobalSection
	GlobalSection(ProjectConfigurationPlatforms) = postSolution
		{EF054C93-201B-4807-9285-CABC9C68978A}.Debug|Any CPU.ActiveCfg = Debug|Win32
		{EF054C93-201B-4807-9285-CABC9C68978A}.Debug|x64.ActiveCfg = Debug|x64
		{EF054C93-201B-4807-9285-CABC9C68978A}.Debug|x64.Build.0 = Debug|x64
		{EF054C93-201B-4807-9285-CABC9C68978A}.Debug|x86.ActiveCfg = Debug|Win32
		{EF054C93-201B-4807-9285-CABC9C68978A}.Debug|x86.Build.0 = Debug|Win32
		{EF054C93-201B-4807-9285-CABC9C68978A}.Release|Any CPU.ActiveCfg = Release|Win32
		{EF054C93-201B-4807-9285-CABC9C68978A}.Release|x64.ActiveCfg = Release|x64
		{EF054C93-201B-4807-9285-CABC9C68978A}.Release|x64.Build.0 = Release|x64
		{EF054C93-201B-4807-9285-CABC9C68978A}.Release|x86.ActiveCfg = Release|Win32
		{EF054C93-201B-4807-9285-CABC9C68978A}.Release|x86.Build.0 = Release|Win32
		{227E5411-92CB-4E30-A67B-043D8B04A9BC}.Debug|Any CPU.ActiveCfg = Debug|Win32
		{227E5411-92CB-4E30-A67B-043D8B04A9BC}.Debug|x64.ActiveCfg = Debug|x64
		{227E5411-92CB-4E30-A67B-043D8B04A9BC}.Debug|x64.Build.0 = Debug|x64
		{227E5411-92CB-4E30-A67B-043D8B04A9BC}.Debug|x86.ActiveCfg = Debug|Win32
		{227E5411-92CB-4E30-A67B-043D8B04A9BC}.Debug|x86.Build.0 = Debug|Win32
		{227E5411-92CB-4E30-A67B-043D8B04A9BC}.Release|Any CPU.ActiveCfg = Release|Win32
		{227E5411-92CB-4E30-A67B-043D8B04A9BC}.Release|x64.ActiveCfg = Release|x64
		{227E5411-92CB-4E30-A67B-043D8B04A9BC}.Release|x64.Build.0 = Release|x64
		{227E5411-92CB-4E30-A67B-043D8B04A9BC}.Release|x86.ActiveCfg = Release|Win32
		{227E5411-92CB-4E30-A67B-043D8B04A9BC}.Release|x86.Build.0 = Release|Win32
		{33BDCAB8-A30C-44B1-A93F-1AD3E15461AD}.Debug|Any CPU.ActiveCfg = Debug|Win32
		{33BDCAB8-A30C-44B1-A93F-1AD3E15461AD}.Debug|x64.ActiveCfg = Debug|x64
		{33BDCAB8-A30C-44B1-A93F-1AD3E15461AD}.Debug|x64.Build.0 = Debug|x64
		{33BDCAB8-A30C-44B1-A93F-1AD3E15461AD}.Debug|x86.ActiveCfg = Debug|Win32
		{33BDCAB8-A30C-44B1-A93F-1AD3E15461AD}.Debug|x86.Build.0 = Debug|Win32
		{33BDCAB8-A30C-44B1-A93F-1AD3E15461AD}.Release|Any CPU.ActiveCfg = Release|Win32
		{33BDCAB8-A30C-44B1-A93F-1AD3E15461AD}.Release|x64.ActiveCfg = Release|x64
		{33BDCAB8-A30C-44B1-A93F-1AD3E15461AD}.Release|x64.Build.0 = Release|x64
		{33BDCAB8-A30C-44B1-A93F-1AD3E15461AD}.Release|x86.ActiveCfg = Release|Win32
		{33BDCAB8-A30C-44B1-A93F-1AD3E15461AD}.Release|x86.Build.0 = Release|Win32
		{198160CC-5ED1-499D-AD45-90DBAC4852F8}.Debug|Any CPU.ActiveCfg = Debug|Win32
		{198160CC-5ED1-499D-AD45-90DBAC4852F8}.Debug|x64.ActiveCfg = Debug|x64
		{198160CC-5ED1-499D-AD45-90DBAC4852F8}.Debug|x64.Build.0 = Debug|x64
		{198160CC-5ED1-499D-AD45-90DBAC4852F8}.Debug|x86.ActiveCfg = Debug|Win32
		{198160CC-5ED1-499D-AD45-90DBAC4852F8}.Debug|x86.Build.0 = Debug|Win32
		{198160CC-5ED1-499D-AD45-90DBAC4852F8}.Release|Any CPU.ActiveCfg = Release|Win32
		{198160CC-5ED1-499D-AD45-90DBAC4852F8}.Release|x64.ActiveCfg = Release|x64
		{198160CC-5ED1-499D-AD45-90DBAC4852F8}.Release|x64.Build.0 = Release|x64
		{198160CC-5ED1-499D-AD45-90DBAC4852F8}.Release|x86.ActiveCfg = Release|Win32
		{198160CC-5ED1-499D-AD45-90DBAC4852F8}.Release|x86.Build.0 = Release|Win32
		{B2FCF247-2DCB-43FF-B179-C21D15C48500}.Debug|Any CPU.ActiveCfg = Debug|Win32
		{B2FCF247-2DCB-43FF-B179-C21D15C48500}.Debug|x64.ActiveCfg = Debug|x64
		{B2FCF247-2DCB-43FF-B179-C21D15C48500}.Debug|x64.Build.0 = Debug|x64
		{B2FCF247-2DCB-43FF-B179-C21D15C48500}.Debug|x86.ActiveCfg = Debug|Win32
		{B2FCF247-2DCB-43FF-B179-C21D15C48500}.Debug|x86.Build.0 = Debug|Win32
		{B2FCF247-2DCB-43FF-B179-C21D15C48500}.Release|Any CPU.ActiveCfg = Release|Win32
		{B2FCF247-2DCB-43FF-B179-C21D15C48500}.Release|x64.ActiveCfg = Release|x64
		{B2FCF247-2DCB-43FF-B179-C21D15C48500}.Release|x64.Build.0 = Release|x64
		{B2FCF247-2DCB-43FF-B179-C21D15C48500}.Release|x86.ActiveCfg = Release|Win32
		{B2FCF247-2DCB-43FF-B179-C21D15C48500}.Release|x86.Build.0 = Release|Win32
		{49D0F9EE-05CA-4B54-AA42-9F912CF6BEEE}.Debug|Any CPU.ActiveCfg = Debug|Any CPU
		{49D0F9EE-05CA-4B54-AA42-9F912CF6BEEE}.Debug|Any CPU.Build.0 = Debug|Any CPU
		{49D0F9EE-05CA-4B54-AA42-9F912CF6BEEE}.Debug|x64.ActiveCfg = Debug|Any CPU
		{49D0F9EE-05CA-4B54-AA42-9F912CF6BEEE}.Debug|x64.Build.0 = Debug|Any CPU
		{49D0F9EE-05CA-4B54-AA42-9F912CF6BEEE}.Debug|x86.ActiveCfg = Debug|Any CPU
		{49D0F9EE-05CA-4B54-AA42-9F912CF6BEEE}.Debug|x86.Build.0 = Debug|Any CPU
		{49D0F9EE-05CA-4B54-AA42-9F912CF6BEEE}.Release|Any CPU.ActiveCfg = Release|Any CPU
		{49D0F9EE-05CA-4B54-AA42-9F912CF6BEEE}.Release|Any CPU.Build.0 = Release|Any CPU
		{49D0F9EE-05CA-4B54-AA42-9F912CF6BEEE}.Release|x64.ActiveCfg = Release|Any CPU
		{49D0F9EE-05CA-4B54-AA42-9F912CF6BEEE}.Release|x64.Build.0 = Release|Any CPU
		{49D0F9EE-05CA-4B54-AA42-9F912CF6BEEE}.Release|x86.ActiveCfg = Release|Any CPU
		{49D0F9EE-05CA-4B54-AA42-9F912CF6BEEE}.Release|x86.Build.0 = Release|Any CPU
		{B2F0408A-6B39-4AEE-B1E5-A67011AE9441}.Debug|Any CPU.ActiveCfg = Debug|Any CPU
		{B2F0408A-6B39-4AEE-B1E5-A67011AE9441}.Debug|Any CPU.Build.0 = Debug|Any CPU
		{B2F0408A-6B39-4AEE-B1E5-A67011AE9441}.Debug|x64.ActiveCfg = Debug|Any CPU
		{B2F0408A-6B39-4AEE-B1E5-A67011AE9441}.Debug|x64.Build.0 = Debug|Any CPU
		{B2F0408A-6B39-4AEE-B1E5-A67011AE9441}.Debug|x86.ActiveCfg = Debug|Any CPU
		{B2F0408A-6B39-4AEE-B1E5-A67011AE9441}.Debug|x86.Build.0 = Debug|Any CPU
		{B2F0408A-6B39-4AEE-B1E5-A67011AE9441}.Release|Any CPU.ActiveCfg = Release|Any CPU
		{B2F0408A-6B39-4AEE-B1E5-A67011AE9441}.Release|Any CPU.Build.0 = Release|Any CPU
		{B2F0408A-6B39-4AEE-B1E5-A67011AE9441}.Release|x64.ActiveCfg = Release|Any CPU
		{B2F0408A-6B39-4AEE-B1E5-A67011AE9441}.Release|x64.Build.0 = Release|Any CPU
		{B2F0408A-6B39-4AEE-B1E5-A67011AE9441}.Release|x86.ActiveCfg = Release|Any CPU
		{B2F0408A-6B39-4AEE-B1E5-A67011AE9441}.Release|x86.Build.0 = Release|Any CPU
		{EF5360BE-7DBE-4197-AD64-55DD61ACD8F7}.Debug|Any CPU.ActiveCfg = Debug|Any CPU
		{EF5360BE-7DBE-4197-AD64-55DD61ACD8F7}.Debug|Any CPU.Build.0 = Debug|Any CPU
		{EF5360BE-7DBE-4197-AD64-55DD61ACD8F7}.Debug|x64.ActiveCfg = Debug|Any CPU
		{EF5360BE-7DBE-4197-AD64-55DD61ACD8F7}.Debug|x64.Build.0 = Debug|Any CPU
		{EF5360BE-7DBE-4197-AD64-55DD61ACD8F7}.Debug|x86.ActiveCfg = Debug|Any CPU
		{EF5360BE-7DBE-4197-AD64-55DD61ACD8F7}.Debug|x86.Build.0 = Debug|Any CPU
		{EF5360BE-7DBE-4197-AD64-55DD61ACD8F7}.Release|Any CPU.ActiveCfg = Release|Any CPU
		{EF5360BE-7DBE-4197-AD64-55DD61ACD8F7}.Release|Any CPU.Build.0 = Release|Any CPU
		{EF5360BE-7DBE-4197-AD64-55DD61ACD8F7}.Release|x64.ActiveCfg = Release|Any CPU
		{EF5360BE-7DBE-4197-AD64-55DD61ACD8F7}.Release|x64.Build.0 = Release|Any CPU
		{EF5360BE-7DBE-4197-AD64-55DD61ACD8F7}.Release|x86.ActiveCfg = Release|Any CPU
		{EF5360BE-7DBE-4197-AD64-55DD61ACD8F7}.Release|x86.Build.0 = Release|Any CPU
		{EF9CC996-010B-4334-BC64-8EB766BF73B0}.Debug|Any CPU.ActiveCfg = Debug|Any CPU
		{EF9CC996-010B-4334-BC64-8EB766BF73B0}.Debug|Any CPU.Build.0 = Debug|Any CPU
		{EF9CC996-010B-4334-BC64-8EB766BF73B0}.Debug|x64.ActiveCfg = Debug|Any CPU
		{EF9CC996-010B-4334-BC64-8EB766BF73B0}.Debug|x64.Build.0 = Debug|Any CPU
		{EF9CC996-010B-4334-BC64-8EB766BF73B0}.Debug|x86.ActiveCfg = Debug|Any CPU
		{EF9CC996-010B-4334-BC64-8EB766BF73B0}.Debug|x86.Build.0 = Debug|Any CPU
		{EF9CC996-010B-4334-BC64-8EB766BF73B0}.Release|Any CPU.ActiveCfg = Release|Any CPU
		{EF9CC996-010B-4334-BC64-8EB766BF73B0}.Release|Any CPU.Build.0 = Release|Any CPU
		{EF9CC996-010B-4334-BC64-8EB766BF73B0}.Release|x64.ActiveCfg = Release|Any CPU
		{EF9CC996-010B-4334-BC64-8EB766BF73B0}.Release|x64.Build.0 = Release|Any CPU
		{EF9CC996-010B-4334-BC64-8EB766BF73B0}.Release|x86.ActiveCfg = Release|Any CPU
		{EF9CC996-010B-4334-BC64-8EB766BF73B0}.Release|x86.Build.0 = Release|Any CPU
		{D2A606D5-8E40-4FC5-90EE-07B3A0F81383}.Debug|Any CPU.ActiveCfg = Debug|Win32
		{D2A606D5-8E40-4FC5-90EE-07B3A0F81383}.Debug|x64.ActiveCfg = Debug|x64
		{D2A606D5-8E40-4FC5-90EE-07B3A0F81383}.Debug|x64.Build.0 = Debug|x64
		{D2A606D5-8E40-4FC5-90EE-07B3A0F81383}.Debug|x86.ActiveCfg = Debug|Win32
		{D2A606D5-8E40-4FC5-90EE-07B3A0F81383}.Debug|x86.Build.0 = Debug|Win32
		{D2A606D5-8E40-4FC5-90EE-07B3A0F81383}.Release|Any CPU.ActiveCfg = Release|Win32
		{D2A606D5-8E40-4FC5-90EE-07B3A0F81383}.Release|x64.ActiveCfg = Release|x64
		{D2A606D5-8E40-4FC5-90EE-07B3A0F81383}.Release|x64.Build.0 = Release|x64
		{D2A606D5-8E40-4FC5-90EE-07B3A0F81383}.Release|x86.ActiveCfg = Release|Win32
		{D2A606D5-8E40-4FC5-90EE-07B3A0F81383}.Release|x86.Build.0 = Release|Win32
		{529FE5B9-FAC5-4222-8170-C8C0B911A588}.Debug|Any CPU.ActiveCfg = Debug|Any CPU
		{529FE5B9-FAC5-4222-8170-C8C0B911A588}.Debug|Any CPU.Build.0 = Debug|Any CPU
		{529FE5B9-FAC5-4222-8170-C8C0B911A588}.Debug|x64.ActiveCfg = Debug|Any CPU
		{529FE5B9-FAC5-4222-8170-C8C0B911A588}.Debug|x64.Build.0 = Debug|Any CPU
		{529FE5B9-FAC5-4222-8170-C8C0B911A588}.Debug|x86.ActiveCfg = Debug|Any CPU
		{529FE5B9-FAC5-4222-8170-C8C0B911A588}.Debug|x86.Build.0 = Debug|Any CPU
		{529FE5B9-FAC5-4222-8170-C8C0B911A588}.Release|Any CPU.ActiveCfg = Release|Any CPU
		{529FE5B9-FAC5-4222-8170-C8C0B911A588}.Release|Any CPU.Build.0 = Release|Any CPU
		{529FE5B9-FAC5-4222-8170-C8C0B911A588}.Release|x64.ActiveCfg = Release|Any CPU
		{529FE5B9-FAC5-4222-8170-C8C0B911A588}.Release|x64.Build.0 = Release|Any CPU
		{529FE5B9-FAC5-4222-8170-C8C0B911A588}.Release|x86.ActiveCfg = Release|Any CPU
		{529FE5B9-FAC5-4222-8170-C8C0B911A588}.Release|x86.Build.0 = Release|Any CPU
		{59C5EA30-1E57-417C-9416-17B592E8724E}.Debug|Any CPU.ActiveCfg = Debug|Win32
		{59C5EA30-1E57-417C-9416-17B592E8724E}.Debug|x64.ActiveCfg = Debug|x64
		{59C5EA30-1E57-417C-9416-17B592E8724E}.Debug|x64.Build.0 = Debug|x64
		{59C5EA30-1E57-417C-9416-17B592E8724E}.Debug|x86.ActiveCfg = Debug|Win32
		{59C5EA30-1E57-417C-9416-17B592E8724E}.Debug|x86.Build.0 = Debug|Win32
		{59C5EA30-1E57-417C-9416-17B592E8724E}.Release|Any CPU.ActiveCfg = Release|Win32
		{59C5EA30-1E57-417C-9416-17B592E8724E}.Release|x64.ActiveCfg = Release|x64
		{59C5EA30-1E57-417C-9416-17B592E8724E}.Release|x64.Build.0 = Release|x64
		{59C5EA30-1E57-417C-9416-17B592E8724E}.Release|x86.ActiveCfg = Release|Win32
		{59C5EA30-1E57-417C-9416-17B592E8724E}.Release|x86.Build.0 = Release|Win32
		{E4087E4C-A059-414E-A0A2-5D7DE0A96988}.Debug|Any CPU.ActiveCfg = Debug|Any CPU
		{E4087E4C-A059-414E-A0A2-5D7DE0A96988}.Debug|Any CPU.Build.0 = Debug|Any CPU
		{E4087E4C-A059-414E-A0A2-5D7DE0A96988}.Debug|x64.ActiveCfg = Debug|Any CPU
		{E4087E4C-A059-414E-A0A2-5D7DE0A96988}.Debug|x64.Build.0 = Debug|Any CPU
		{E4087E4C-A059-414E-A0A2-5D7DE0A96988}.Debug|x86.ActiveCfg = Debug|Any CPU
		{E4087E4C-A059-414E-A0A2-5D7DE0A96988}.Debug|x86.Build.0 = Debug|Any CPU
		{E4087E4C-A059-414E-A0A2-5D7DE0A96988}.Release|Any CPU.ActiveCfg = Release|Any CPU
		{E4087E4C-A059-414E-A0A2-5D7DE0A96988}.Release|Any CPU.Build.0 = Release|Any CPU
		{E4087E4C-A059-414E-A0A2-5D7DE0A96988}.Release|x64.ActiveCfg = Release|Any CPU
		{E4087E4C-A059-414E-A0A2-5D7DE0A96988}.Release|x64.Build.0 = Release|Any CPU
		{E4087E4C-A059-414E-A0A2-5D7DE0A96988}.Release|x86.ActiveCfg = Release|Any CPU
		{E4087E4C-A059-414E-A0A2-5D7DE0A96988}.Release|x86.Build.0 = Release|Any CPU
		{5A0D1CB7-6BE7-41A2-B061-431750E47BE0}.Debug|Any CPU.ActiveCfg = Debug|Win32
		{5A0D1CB7-6BE7-41A2-B061-431750E47BE0}.Debug|x64.ActiveCfg = Debug|x64
		{5A0D1CB7-6BE7-41A2-B061-431750E47BE0}.Debug|x64.Build.0 = Debug|x64
		{5A0D1CB7-6BE7-41A2-B061-431750E47BE0}.Debug|x86.ActiveCfg = Debug|Win32
		{5A0D1CB7-6BE7-41A2-B061-431750E47BE0}.Debug|x86.Build.0 = Debug|Win32
		{5A0D1CB7-6BE7-41A2-B061-431750E47BE0}.Release|Any CPU.ActiveCfg = Release|Win32
		{5A0D1CB7-6BE7-41A2-B061-431750E47BE0}.Release|x64.ActiveCfg = Release|x64
		{5A0D1CB7-6BE7-41A2-B061-431750E47BE0}.Release|x64.Build.0 = Release|x64
		{5A0D1CB7-6BE7-41A2-B061-431750E47BE0}.Release|x86.ActiveCfg = Release|Win32
		{5A0D1CB7-6BE7-41A2-B061-431750E47BE0}.Release|x86.Build.0 = Release|Win32
		{D97E078F-CDEB-4393-96AD-5F37387EB7F2}.Debug|Any CPU.ActiveCfg = Debug|Any CPU
		{D97E078F-CDEB-4393-96AD-5F37387EB7F2}.Debug|Any CPU.Build.0 = Debug|Any CPU
		{D97E078F-CDEB-4393-96AD-5F37387EB7F2}.Debug|x64.ActiveCfg = Debug|Any CPU
		{D97E078F-CDEB-4393-96AD-5F37387EB7F2}.Debug|x64.Build.0 = Debug|Any CPU
		{D97E078F-CDEB-4393-96AD-5F37387EB7F2}.Debug|x86.ActiveCfg = Debug|Any CPU
		{D97E078F-CDEB-4393-96AD-5F37387EB7F2}.Debug|x86.Build.0 = Debug|Any CPU
		{D97E078F-CDEB-4393-96AD-5F37387EB7F2}.Release|Any CPU.ActiveCfg = Release|Any CPU
		{D97E078F-CDEB-4393-96AD-5F37387EB7F2}.Release|Any CPU.Build.0 = Release|Any CPU
		{D97E078F-CDEB-4393-96AD-5F37387EB7F2}.Release|x64.ActiveCfg = Release|Any CPU
		{D97E078F-CDEB-4393-96AD-5F37387EB7F2}.Release|x64.Build.0 = Release|Any CPU
		{D97E078F-CDEB-4393-96AD-5F37387EB7F2}.Release|x86.ActiveCfg = Release|Any CPU
		{D97E078F-CDEB-4393-96AD-5F37387EB7F2}.Release|x86.Build.0 = Release|Any CPU
		{B3AB885D-FEDA-476A-848F-515C34F1B2AA}.Debug|Any CPU.ActiveCfg = Debug|Any CPU
		{B3AB885D-FEDA-476A-848F-515C34F1B2AA}.Debug|Any CPU.Build.0 = Debug|Any CPU
		{B3AB885D-FEDA-476A-848F-515C34F1B2AA}.Debug|x64.ActiveCfg = Debug|Any CPU
		{B3AB885D-FEDA-476A-848F-515C34F1B2AA}.Debug|x64.Build.0 = Debug|Any CPU
		{B3AB885D-FEDA-476A-848F-515C34F1B2AA}.Debug|x86.ActiveCfg = Debug|Any CPU
		{B3AB885D-FEDA-476A-848F-515C34F1B2AA}.Debug|x86.Build.0 = Debug|Any CPU
		{B3AB885D-FEDA-476A-848F-515C34F1B2AA}.Release|Any CPU.ActiveCfg = Release|Any CPU
		{B3AB885D-FEDA-476A-848F-515C34F1B2AA}.Release|Any CPU.Build.0 = Release|Any CPU
		{B3AB885D-FEDA-476A-848F-515C34F1B2AA}.Release|x64.ActiveCfg = Release|Any CPU
		{B3AB885D-FEDA-476A-848F-515C34F1B2AA}.Release|x64.Build.0 = Release|Any CPU
		{B3AB885D-FEDA-476A-848F-515C34F1B2AA}.Release|x86.ActiveCfg = Release|Any CPU
		{B3AB885D-FEDA-476A-848F-515C34F1B2AA}.Release|x86.Build.0 = Release|Any CPU
		{5F46FA57-8920-492D-BE4F-E3393D8FBC50}.Debug|Any CPU.ActiveCfg = Debug|Any CPU
		{5F46FA57-8920-492D-BE4F-E3393D8FBC50}.Debug|Any CPU.Build.0 = Debug|Any CPU
		{5F46FA57-8920-492D-BE4F-E3393D8FBC50}.Debug|x64.ActiveCfg = Debug|Any CPU
		{5F46FA57-8920-492D-BE4F-E3393D8FBC50}.Debug|x64.Build.0 = Debug|Any CPU
		{5F46FA57-8920-492D-BE4F-E3393D8FBC50}.Debug|x86.ActiveCfg = Debug|Any CPU
		{5F46FA57-8920-492D-BE4F-E3393D8FBC50}.Debug|x86.Build.0 = Debug|Any CPU
		{5F46FA57-8920-492D-BE4F-E3393D8FBC50}.Release|Any CPU.ActiveCfg = Release|Any CPU
		{5F46FA57-8920-492D-BE4F-E3393D8FBC50}.Release|Any CPU.Build.0 = Release|Any CPU
		{5F46FA57-8920-492D-BE4F-E3393D8FBC50}.Release|x64.ActiveCfg = Release|Any CPU
		{5F46FA57-8920-492D-BE4F-E3393D8FBC50}.Release|x64.Build.0 = Release|Any CPU
		{5F46FA57-8920-492D-BE4F-E3393D8FBC50}.Release|x86.ActiveCfg = Release|Any CPU
		{5F46FA57-8920-492D-BE4F-E3393D8FBC50}.Release|x86.Build.0 = Release|Any CPU
		{ED61B745-9F00-48C2-B309-F1DBB37F03E3}.Debug|Any CPU.ActiveCfg = Debug|Win32
		{ED61B745-9F00-48C2-B309-F1DBB37F03E3}.Debug|x64.ActiveCfg = Debug|x64
		{ED61B745-9F00-48C2-B309-F1DBB37F03E3}.Debug|x64.Build.0 = Debug|x64
		{ED61B745-9F00-48C2-B309-F1DBB37F03E3}.Debug|x86.ActiveCfg = Debug|Win32
		{ED61B745-9F00-48C2-B309-F1DBB37F03E3}.Debug|x86.Build.0 = Debug|Win32
		{ED61B745-9F00-48C2-B309-F1DBB37F03E3}.Release|Any CPU.ActiveCfg = Release|Win32
		{ED61B745-9F00-48C2-B309-F1DBB37F03E3}.Release|x64.ActiveCfg = Release|x64
		{ED61B745-9F00-48C2-B309-F1DBB37F03E3}.Release|x64.Build.0 = Release|x64
		{ED61B745-9F00-48C2-B309-F1DBB37F03E3}.Release|x86.ActiveCfg = Release|Win32
		{ED61B745-9F00-48C2-B309-F1DBB37F03E3}.Release|x86.Build.0 = Release|Win32
	EndGlobalSection
	GlobalSection(SolutionProperties) = preSolution
		HideSolutionNode = FALSE
	EndGlobalSection
	GlobalSection(NestedProjects) = preSolution
		{EF054C93-201B-4807-9285-CABC9C68978A} = {3794A29F-058E-4B42-9419-354A276119D7}
		{227E5411-92CB-4E30-A67B-043D8B04A9BC} = {3794A29F-058E-4B42-9419-354A276119D7}
		{33BDCAB8-A30C-44B1-A93F-1AD3E15461AD} = {3794A29F-058E-4B42-9419-354A276119D7}
		{198160CC-5ED1-499D-AD45-90DBAC4852F8} = {3794A29F-058E-4B42-9419-354A276119D7}
		{59C5EA30-1E57-417C-9416-17B592E8724E} = {3794A29F-058E-4B42-9419-354A276119D7}
		{5A0D1CB7-6BE7-41A2-B061-431750E47BE0} = {3794A29F-058E-4B42-9419-354A276119D7}
		{ED61B745-9F00-48C2-B309-F1DBB37F03E3} = {3794A29F-058E-4B42-9419-354A276119D7}
	EndGlobalSection
	GlobalSection(ExtensibilityGlobals) = postSolution
		SolutionGuid = {90482F15-2F21-4098-9B30-0F69A2766AFA}
	EndGlobalSection
EndGlobal
