
Microsoft Visual Studio Solution File, Format Version 12.00
# Visual Studio Version 16
VisualStudioVersion = 16.0.29306.81
MinimumVisualStudioVersion = 10.0.40219.1
Project("{8BC9CEB8-8B4A-11D0-8D11-00A0C91BC942}") = "Math", "..\Crystal\Math\Math.vcxproj", "{EF054C93-201B-4807-9285-CABC9C68978A}"
EndProject
Project("{8BC9CEB8-8B4A-11D0-8D11-00A0C91BC942}") = "Graphics", "..\Crystal\Graphics\Graphics.vcxproj", "{227E5411-92CB-4E30-A67B-043D8B04A9BC}"
EndProject
Project("{8BC9CEB8-8B4A-11D0-8D11-00A0C91BC942}") = "Shader", "..\Crystal\Shader\Shader.vcxproj", "{33BDCAB8-A30C-44B1-A93F-1AD3E15461AD}"
EndProject
Project("{8BC9CEB8-8B4A-11D0-8D11-00A0C91BC942}") = "IO", "..\Crystal\IO\IO.vcxproj", "{198160CC-5ED1-499D-AD45-90DBAC4852F8}"
	ProjectSection(ProjectDependencies) = postProject
		{227E5411-92CB-4E30-A67B-043D8B04A9BC} = {227E5411-92CB-4E30-A67B-043D8B04A9BC}
	EndProjectSection
EndProject
Project("{8BC9CEB8-8B4A-11D0-8D11-00A0C91BC942}") = "PGCLI", "PGCLI\PGCLI.vcxproj", "{B2FCF247-2DCB-43FF-B179-C21D15C48500}"
	ProjectSection(ProjectDependencies) = postProject
		{227E5411-92CB-4E30-A67B-043D8B04A9BC} = {227E5411-92CB-4E30-A67B-043D8B04A9BC}
		{59C5EA30-1E57-417C-9416-17B592E8724E} = {59C5EA30-1E57-417C-9416-17B592E8724E}
		{EF054C93-201B-4807-9285-CABC9C68978A} = {EF054C93-201B-4807-9285-CABC9C68978A}
		{33BDCAB8-A30C-44B1-A93F-1AD3E15461AD} = {33BDCAB8-A30C-44B1-A93F-1AD3E15461AD}
		{198160CC-5ED1-499D-AD45-90DBAC4852F8} = {198160CC-5ED1-499D-AD45-90DBAC4852F8}
	EndProjectSection
EndProject
Project("{FAE04EC0-301F-11D3-BF4B-00C04F79EFBC}") = "PGCore", "PGCore\PGCore.csproj", "{B2F0408A-6B39-4AEE-B1E5-A67011AE9441}"
EndProject
Project("{FAE04EC0-301F-11D3-BF4B-00C04F79EFBC}") = "PGCoreTest", "PGCoreTest\PGCoreTest.csproj", "{EF5360BE-7DBE-4197-AD64-55DD61ACD8F7}"
EndProject
Project("{FAE04EC0-301F-11D3-BF4B-00C04F79EFBC}") = "PGControl", "PGControl\PGControl.csproj", "{EF9CC996-010B-4334-BC64-8EB766BF73B0}"
EndProject
Project("{2150E333-8FDC-42A3-9474-1A3956D46DE8}") = "Crystal", "Crystal", "{3794A29F-058E-4B42-9419-354A276119D7}"
EndProject
Project("{8BC9CEB8-8B4A-11D0-8D11-00A0C91BC942}") = "CrystalAlgo", "..\CrystalAlgo\CrystalAlgo\CrystalAlgo.vcxproj", "{D2A606D5-8E40-4FC5-90EE-07B3A0F81383}"
EndProject
Project("{FAE04EC0-301F-11D3-BF4B-00C04F79EFBC}") = "HwndExtensions", "ThirdParty\hwnd-adorner\HwndExtensions\HwndExtensions.csproj", "{529FE5B9-FAC5-4222-8170-C8C0B911A588}"
EndProject
Project("{8BC9CEB8-8B4A-11D0-8D11-00A0C91BC942}") = "Scene", "..\Crystal\Scene\Scene.vcxproj", "{59C5EA30-1E57-417C-9416-17B592E8724E}"
EndProject
Project("{8BC9CEB8-8B4A-11D0-8D11-00A0C91BC942}") = "Command", "..\CrystalViewer\Command\Command.vcxproj", "{5A0D1CB7-6BE7-41A2-B061-431750E47BE0}"
	ProjectSection(ProjectDependencies) = postProject
		{227E5411-92CB-4E30-A67B-043D8B04A9BC} = {227E5411-92CB-4E30-A67B-043D8B04A9BC}
		{ED61B745-9F00-48C2-B309-F1DBB37F03E3} = {ED61B745-9F00-48C2-B309-F1DBB37F03E3}
		{EF054C93-201B-4807-9285-CABC9C68978A} = {EF054C93-201B-4807-9285-CABC9C68978A}
		{33BDCAB8-A30C-44B1-A93F-1AD3E15461AD} = {33BDCAB8-A30C-44B1-A93F-1AD3E15461AD}
		{198160CC-5ED1-499D-AD45-90DBAC4852F8} = {198160CC-5ED1-499D-AD45-90DBAC4852F8}
	EndProjectSection
EndProject
Project("{FAE04EC0-301F-11D3-BF4B-00C04F79EFBC}") = "PGConstCSFileGenerator", "PGConstCSFileGenerator\PGConstCSFileGenerator.csproj", "{D97E078F-CDEB-4393-96AD-5F37387EB7F2}"
EndProject
Project("{8BC9CEB8-8B4A-11D0-8D11-00A0C91BC942}") = "Shape", "..\Crystal\Shape\Shape.vcxproj", "{ED61B745-9F00-48C2-B309-F1DBB37F03E3}"
EndProject
Project("{FAE04EC0-301F-11D3-BF4B-00C04F79EFBC}") = "FluidStudio", "FluidStudio\FluidStudio.csproj", "{867349E5-86DA-4DBD-AC42-5EC1182245FB}"
EndProject
Project("{8BC9CEB8-8B4A-11D0-8D11-00A0C91BC942}") = "CrystalPhysics", "..\CrystalAlgo\CrystalPhysics\CrystalPhysics.vcxproj", "{4C0EFD78-680E-45C9-9828-9B674EE70DF0}"
EndProject
Project("{8BC9CEB8-8B4A-11D0-8D11-00A0C91BC942}") = "VDBConverter", "..\CrystalVDB\VDBConverter\VDBConverter.vcxproj", "{516A29D3-E143-4D8A-8067-24B2D24A6643}"
EndProject
Project("{8BC9CEB8-8B4A-11D0-8D11-00A0C91BC942}") = "PGPhysicsCLI", "PGPhysicsCLI\PGPhysicsCLI.vcxproj", "{6BEE5CE6-C564-433F-909B-FFB0ED55731E}"
EndProject
Project("{8BC9CEB8-8B4A-11D0-8D11-00A0C91BC942}") = "CrystalPhysicsCommand", "..\CrystalAlgo\CrystalPhysicsCommand\CrystalPhysicsCommand.vcxproj", "{09EE8B6A-2D6F-4B9E-83FF-6A40D03BC465}"
EndProject
Project("{8BC9CEB8-8B4A-11D0-8D11-00A0C91BC942}") = "VDBCommand", "..\CrystalVDB\VDBCommand\VDBCommand.vcxproj", "{0AA3C227-939A-4B73-A27C-9D6BE4F2ADBC}"
EndProject
Project("{8BC9CEB8-8B4A-11D0-8D11-00A0C91BC942}") = "PGVDBCLI", "PGVDBCLI\PGVDBCLI.vcxproj", "{C41F40D4-75C1-430C-AA3C-865AD4CD0B53}"
EndProject
Project("{FAE04EC0-301F-11D3-BF4B-00C04F79EFBC}") = "FluidStudioTest", "FluidStudioTest\FluidStudioTest.csproj", "{2D927E78-3C50-441E-9AFB-C134CA52A191}"
EndProject
Global
	GlobalSection(SolutionConfigurationPlatforms) = preSolution
		Debug|Any CPU = Debug|Any CPU
		Debug|x64 = Debug|x64
		Debug|x86 = Debug|x86
		MinSizeRel|Any CPU = MinSizeRel|Any CPU
		MinSizeRel|x64 = MinSizeRel|x64
		MinSizeRel|x86 = MinSizeRel|x86
		Release|Any CPU = Release|Any CPU
		Release|x64 = Release|x64
		Release|x86 = Release|x86
		RelWithDebInfo|Any CPU = RelWithDebInfo|Any CPU
		RelWithDebInfo|x64 = RelWithDebInfo|x64
		RelWithDebInfo|x86 = RelWithDebInfo|x86
	EndGlobalSection
	GlobalSection(ProjectConfigurationPlatforms) = postSolution
		{EF054C93-201B-4807-9285-CABC9C68978A}.Debug|Any CPU.ActiveCfg = Debug|Win32
		{EF054C93-201B-4807-9285-CABC9C68978A}.Debug|x64.ActiveCfg = Debug|x64
		{EF054C93-201B-4807-9285-CABC9C68978A}.Debug|x64.Build.0 = Debug|x64
		{EF054C93-201B-4807-9285-CABC9C68978A}.Debug|x86.ActiveCfg = Debug|Win32
		{EF054C93-201B-4807-9285-CABC9C68978A}.Debug|x86.Build.0 = Debug|Win32
		{EF054C93-201B-4807-9285-CABC9C68978A}.MinSizeRel|Any CPU.ActiveCfg = Release|x64
		{EF054C93-201B-4807-9285-CABC9C68978A}.MinSizeRel|Any CPU.Build.0 = Release|x64
		{EF054C93-201B-4807-9285-CABC9C68978A}.MinSizeRel|x64.ActiveCfg = Release|x64
		{EF054C93-201B-4807-9285-CABC9C68978A}.MinSizeRel|x64.Build.0 = Release|x64
		{EF054C93-201B-4807-9285-CABC9C68978A}.MinSizeRel|x86.ActiveCfg = Release|Win32
		{EF054C93-201B-4807-9285-CABC9C68978A}.MinSizeRel|x86.Build.0 = Release|Win32
		{EF054C93-201B-4807-9285-CABC9C68978A}.Release|Any CPU.ActiveCfg = Release|Win32
		{EF054C93-201B-4807-9285-CABC9C68978A}.Release|x64.ActiveCfg = Release|x64
		{EF054C93-201B-4807-9285-CABC9C68978A}.Release|x64.Build.0 = Release|x64
		{EF054C93-201B-4807-9285-CABC9C68978A}.Release|x86.ActiveCfg = Release|Win32
		{EF054C93-201B-4807-9285-CABC9C68978A}.Release|x86.Build.0 = Release|Win32
		{EF054C93-201B-4807-9285-CABC9C68978A}.RelWithDebInfo|Any CPU.ActiveCfg = Release|x64
		{EF054C93-201B-4807-9285-CABC9C68978A}.RelWithDebInfo|Any CPU.Build.0 = Release|x64
		{EF054C93-201B-4807-9285-CABC9C68978A}.RelWithDebInfo|x64.ActiveCfg = Release|x64
		{EF054C93-201B-4807-9285-CABC9C68978A}.RelWithDebInfo|x64.Build.0 = Release|x64
		{EF054C93-201B-4807-9285-CABC9C68978A}.RelWithDebInfo|x86.ActiveCfg = Release|Win32
		{EF054C93-201B-4807-9285-CABC9C68978A}.RelWithDebInfo|x86.Build.0 = Release|Win32
		{227E5411-92CB-4E30-A67B-043D8B04A9BC}.Debug|Any CPU.ActiveCfg = Debug|Win32
		{227E5411-92CB-4E30-A67B-043D8B04A9BC}.Debug|x64.ActiveCfg = Debug|x64
		{227E5411-92CB-4E30-A67B-043D8B04A9BC}.Debug|x64.Build.0 = Debug|x64
		{227E5411-92CB-4E30-A67B-043D8B04A9BC}.Debug|x86.ActiveCfg = Debug|Win32
		{227E5411-92CB-4E30-A67B-043D8B04A9BC}.Debug|x86.Build.0 = Debug|Win32
		{227E5411-92CB-4E30-A67B-043D8B04A9BC}.MinSizeRel|Any CPU.ActiveCfg = Release|x64
		{227E5411-92CB-4E30-A67B-043D8B04A9BC}.MinSizeRel|Any CPU.Build.0 = Release|x64
		{227E5411-92CB-4E30-A67B-043D8B04A9BC}.MinSizeRel|x64.ActiveCfg = Release|x64
		{227E5411-92CB-4E30-A67B-043D8B04A9BC}.MinSizeRel|x64.Build.0 = Release|x64
		{227E5411-92CB-4E30-A67B-043D8B04A9BC}.MinSizeRel|x86.ActiveCfg = Release|Win32
		{227E5411-92CB-4E30-A67B-043D8B04A9BC}.MinSizeRel|x86.Build.0 = Release|Win32
		{227E5411-92CB-4E30-A67B-043D8B04A9BC}.Release|Any CPU.ActiveCfg = Release|Win32
		{227E5411-92CB-4E30-A67B-043D8B04A9BC}.Release|x64.ActiveCfg = Release|x64
		{227E5411-92CB-4E30-A67B-043D8B04A9BC}.Release|x64.Build.0 = Release|x64
		{227E5411-92CB-4E30-A67B-043D8B04A9BC}.Release|x86.ActiveCfg = Release|Win32
		{227E5411-92CB-4E30-A67B-043D8B04A9BC}.Release|x86.Build.0 = Release|Win32
		{227E5411-92CB-4E30-A67B-043D8B04A9BC}.RelWithDebInfo|Any CPU.ActiveCfg = Release|x64
		{227E5411-92CB-4E30-A67B-043D8B04A9BC}.RelWithDebInfo|Any CPU.Build.0 = Release|x64
		{227E5411-92CB-4E30-A67B-043D8B04A9BC}.RelWithDebInfo|x64.ActiveCfg = Release|x64
		{227E5411-92CB-4E30-A67B-043D8B04A9BC}.RelWithDebInfo|x64.Build.0 = Release|x64
		{227E5411-92CB-4E30-A67B-043D8B04A9BC}.RelWithDebInfo|x86.ActiveCfg = Release|Win32
		{227E5411-92CB-4E30-A67B-043D8B04A9BC}.RelWithDebInfo|x86.Build.0 = Release|Win32
		{33BDCAB8-A30C-44B1-A93F-1AD3E15461AD}.Debug|Any CPU.ActiveCfg = Debug|Win32
		{33BDCAB8-A30C-44B1-A93F-1AD3E15461AD}.Debug|x64.ActiveCfg = Debug|x64
		{33BDCAB8-A30C-44B1-A93F-1AD3E15461AD}.Debug|x64.Build.0 = Debug|x64
		{33BDCAB8-A30C-44B1-A93F-1AD3E15461AD}.Debug|x86.ActiveCfg = Debug|Win32
		{33BDCAB8-A30C-44B1-A93F-1AD3E15461AD}.Debug|x86.Build.0 = Debug|Win32
		{33BDCAB8-A30C-44B1-A93F-1AD3E15461AD}.MinSizeRel|Any CPU.ActiveCfg = Release|x64
		{33BDCAB8-A30C-44B1-A93F-1AD3E15461AD}.MinSizeRel|Any CPU.Build.0 = Release|x64
		{33BDCAB8-A30C-44B1-A93F-1AD3E15461AD}.MinSizeRel|x64.ActiveCfg = Release|x64
		{33BDCAB8-A30C-44B1-A93F-1AD3E15461AD}.MinSizeRel|x64.Build.0 = Release|x64
		{33BDCAB8-A30C-44B1-A93F-1AD3E15461AD}.MinSizeRel|x86.ActiveCfg = Release|Win32
		{33BDCAB8-A30C-44B1-A93F-1AD3E15461AD}.MinSizeRel|x86.Build.0 = Release|Win32
		{33BDCAB8-A30C-44B1-A93F-1AD3E15461AD}.Release|Any CPU.ActiveCfg = Release|Win32
		{33BDCAB8-A30C-44B1-A93F-1AD3E15461AD}.Release|x64.ActiveCfg = Release|x64
		{33BDCAB8-A30C-44B1-A93F-1AD3E15461AD}.Release|x64.Build.0 = Release|x64
		{33BDCAB8-A30C-44B1-A93F-1AD3E15461AD}.Release|x86.ActiveCfg = Release|Win32
		{33BDCAB8-A30C-44B1-A93F-1AD3E15461AD}.Release|x86.Build.0 = Release|Win32
		{33BDCAB8-A30C-44B1-A93F-1AD3E15461AD}.RelWithDebInfo|Any CPU.ActiveCfg = Release|x64
		{33BDCAB8-A30C-44B1-A93F-1AD3E15461AD}.RelWithDebInfo|Any CPU.Build.0 = Release|x64
		{33BDCAB8-A30C-44B1-A93F-1AD3E15461AD}.RelWithDebInfo|x64.ActiveCfg = Release|x64
		{33BDCAB8-A30C-44B1-A93F-1AD3E15461AD}.RelWithDebInfo|x64.Build.0 = Release|x64
		{33BDCAB8-A30C-44B1-A93F-1AD3E15461AD}.RelWithDebInfo|x86.ActiveCfg = Release|Win32
		{33BDCAB8-A30C-44B1-A93F-1AD3E15461AD}.RelWithDebInfo|x86.Build.0 = Release|Win32
		{198160CC-5ED1-499D-AD45-90DBAC4852F8}.Debug|Any CPU.ActiveCfg = Debug|Win32
		{198160CC-5ED1-499D-AD45-90DBAC4852F8}.Debug|x64.ActiveCfg = Debug|x64
		{198160CC-5ED1-499D-AD45-90DBAC4852F8}.Debug|x64.Build.0 = Debug|x64
		{198160CC-5ED1-499D-AD45-90DBAC4852F8}.Debug|x86.ActiveCfg = Debug|Win32
		{198160CC-5ED1-499D-AD45-90DBAC4852F8}.Debug|x86.Build.0 = Debug|Win32
		{198160CC-5ED1-499D-AD45-90DBAC4852F8}.MinSizeRel|Any CPU.ActiveCfg = Release|x64
		{198160CC-5ED1-499D-AD45-90DBAC4852F8}.MinSizeRel|Any CPU.Build.0 = Release|x64
		{198160CC-5ED1-499D-AD45-90DBAC4852F8}.MinSizeRel|x64.ActiveCfg = Release|x64
		{198160CC-5ED1-499D-AD45-90DBAC4852F8}.MinSizeRel|x64.Build.0 = Release|x64
		{198160CC-5ED1-499D-AD45-90DBAC4852F8}.MinSizeRel|x86.ActiveCfg = Release|Win32
		{198160CC-5ED1-499D-AD45-90DBAC4852F8}.MinSizeRel|x86.Build.0 = Release|Win32
		{198160CC-5ED1-499D-AD45-90DBAC4852F8}.Release|Any CPU.ActiveCfg = Release|Win32
		{198160CC-5ED1-499D-AD45-90DBAC4852F8}.Release|x64.ActiveCfg = Release|x64
		{198160CC-5ED1-499D-AD45-90DBAC4852F8}.Release|x64.Build.0 = Release|x64
		{198160CC-5ED1-499D-AD45-90DBAC4852F8}.Release|x86.ActiveCfg = Release|Win32
		{198160CC-5ED1-499D-AD45-90DBAC4852F8}.Release|x86.Build.0 = Release|Win32
		{198160CC-5ED1-499D-AD45-90DBAC4852F8}.RelWithDebInfo|Any CPU.ActiveCfg = Release|x64
		{198160CC-5ED1-499D-AD45-90DBAC4852F8}.RelWithDebInfo|Any CPU.Build.0 = Release|x64
		{198160CC-5ED1-499D-AD45-90DBAC4852F8}.RelWithDebInfo|x64.ActiveCfg = Release|x64
		{198160CC-5ED1-499D-AD45-90DBAC4852F8}.RelWithDebInfo|x64.Build.0 = Release|x64
		{198160CC-5ED1-499D-AD45-90DBAC4852F8}.RelWithDebInfo|x86.ActiveCfg = Release|Win32
		{198160CC-5ED1-499D-AD45-90DBAC4852F8}.RelWithDebInfo|x86.Build.0 = Release|Win32
		{B2FCF247-2DCB-43FF-B179-C21D15C48500}.Debug|Any CPU.ActiveCfg = Debug|Win32
		{B2FCF247-2DCB-43FF-B179-C21D15C48500}.Debug|x64.ActiveCfg = Debug|x64
		{B2FCF247-2DCB-43FF-B179-C21D15C48500}.Debug|x64.Build.0 = Debug|x64
		{B2FCF247-2DCB-43FF-B179-C21D15C48500}.Debug|x86.ActiveCfg = Debug|Win32
		{B2FCF247-2DCB-43FF-B179-C21D15C48500}.Debug|x86.Build.0 = Debug|Win32
		{B2FCF247-2DCB-43FF-B179-C21D15C48500}.MinSizeRel|Any CPU.ActiveCfg = Release|x64
		{B2FCF247-2DCB-43FF-B179-C21D15C48500}.MinSizeRel|Any CPU.Build.0 = Release|x64
		{B2FCF247-2DCB-43FF-B179-C21D15C48500}.MinSizeRel|x64.ActiveCfg = Release|x64
		{B2FCF247-2DCB-43FF-B179-C21D15C48500}.MinSizeRel|x64.Build.0 = Release|x64
		{B2FCF247-2DCB-43FF-B179-C21D15C48500}.MinSizeRel|x86.ActiveCfg = Release|Win32
		{B2FCF247-2DCB-43FF-B179-C21D15C48500}.MinSizeRel|x86.Build.0 = Release|Win32
		{B2FCF247-2DCB-43FF-B179-C21D15C48500}.Release|Any CPU.ActiveCfg = Release|Win32
		{B2FCF247-2DCB-43FF-B179-C21D15C48500}.Release|x64.ActiveCfg = Release|x64
		{B2FCF247-2DCB-43FF-B179-C21D15C48500}.Release|x64.Build.0 = Release|x64
		{B2FCF247-2DCB-43FF-B179-C21D15C48500}.Release|x86.ActiveCfg = Release|Win32
		{B2FCF247-2DCB-43FF-B179-C21D15C48500}.Release|x86.Build.0 = Release|Win32
		{B2FCF247-2DCB-43FF-B179-C21D15C48500}.RelWithDebInfo|Any CPU.ActiveCfg = Release|x64
		{B2FCF247-2DCB-43FF-B179-C21D15C48500}.RelWithDebInfo|Any CPU.Build.0 = Release|x64
		{B2FCF247-2DCB-43FF-B179-C21D15C48500}.RelWithDebInfo|x64.ActiveCfg = Release|x64
		{B2FCF247-2DCB-43FF-B179-C21D15C48500}.RelWithDebInfo|x64.Build.0 = Release|x64
		{B2FCF247-2DCB-43FF-B179-C21D15C48500}.RelWithDebInfo|x86.ActiveCfg = Release|Win32
		{B2FCF247-2DCB-43FF-B179-C21D15C48500}.RelWithDebInfo|x86.Build.0 = Release|Win32
		{B2F0408A-6B39-4AEE-B1E5-A67011AE9441}.Debug|Any CPU.ActiveCfg = Debug|Any CPU
		{B2F0408A-6B39-4AEE-B1E5-A67011AE9441}.Debug|Any CPU.Build.0 = Debug|Any CPU
		{B2F0408A-6B39-4AEE-B1E5-A67011AE9441}.Debug|x64.ActiveCfg = Debug|Any CPU
		{B2F0408A-6B39-4AEE-B1E5-A67011AE9441}.Debug|x64.Build.0 = Debug|Any CPU
		{B2F0408A-6B39-4AEE-B1E5-A67011AE9441}.Debug|x86.ActiveCfg = Debug|Any CPU
		{B2F0408A-6B39-4AEE-B1E5-A67011AE9441}.Debug|x86.Build.0 = Debug|Any CPU
		{B2F0408A-6B39-4AEE-B1E5-A67011AE9441}.MinSizeRel|Any CPU.ActiveCfg = Release|Any CPU
		{B2F0408A-6B39-4AEE-B1E5-A67011AE9441}.MinSizeRel|Any CPU.Build.0 = Release|Any CPU
		{B2F0408A-6B39-4AEE-B1E5-A67011AE9441}.MinSizeRel|x64.ActiveCfg = Release|x64
		{B2F0408A-6B39-4AEE-B1E5-A67011AE9441}.MinSizeRel|x64.Build.0 = Release|x64
		{B2F0408A-6B39-4AEE-B1E5-A67011AE9441}.MinSizeRel|x86.ActiveCfg = Release|Any CPU
		{B2F0408A-6B39-4AEE-B1E5-A67011AE9441}.MinSizeRel|x86.Build.0 = Release|Any CPU
		{B2F0408A-6B39-4AEE-B1E5-A67011AE9441}.Release|Any CPU.ActiveCfg = Release|Any CPU
		{B2F0408A-6B39-4AEE-B1E5-A67011AE9441}.Release|Any CPU.Build.0 = Release|Any CPU
		{B2F0408A-6B39-4AEE-B1E5-A67011AE9441}.Release|x64.ActiveCfg = Release|Any CPU
		{B2F0408A-6B39-4AEE-B1E5-A67011AE9441}.Release|x64.Build.0 = Release|Any CPU
		{B2F0408A-6B39-4AEE-B1E5-A67011AE9441}.Release|x86.ActiveCfg = Release|Any CPU
		{B2F0408A-6B39-4AEE-B1E5-A67011AE9441}.Release|x86.Build.0 = Release|Any CPU
		{B2F0408A-6B39-4AEE-B1E5-A67011AE9441}.RelWithDebInfo|Any CPU.ActiveCfg = Release|Any CPU
		{B2F0408A-6B39-4AEE-B1E5-A67011AE9441}.RelWithDebInfo|Any CPU.Build.0 = Release|Any CPU
		{B2F0408A-6B39-4AEE-B1E5-A67011AE9441}.RelWithDebInfo|x64.ActiveCfg = Release|x64
		{B2F0408A-6B39-4AEE-B1E5-A67011AE9441}.RelWithDebInfo|x64.Build.0 = Release|x64
		{B2F0408A-6B39-4AEE-B1E5-A67011AE9441}.RelWithDebInfo|x86.ActiveCfg = Release|Any CPU
		{B2F0408A-6B39-4AEE-B1E5-A67011AE9441}.RelWithDebInfo|x86.Build.0 = Release|Any CPU
		{EF5360BE-7DBE-4197-AD64-55DD61ACD8F7}.Debug|Any CPU.ActiveCfg = Debug|Any CPU
		{EF5360BE-7DBE-4197-AD64-55DD61ACD8F7}.Debug|Any CPU.Build.0 = Debug|Any CPU
		{EF5360BE-7DBE-4197-AD64-55DD61ACD8F7}.Debug|x64.ActiveCfg = Debug|Any CPU
		{EF5360BE-7DBE-4197-AD64-55DD61ACD8F7}.Debug|x64.Build.0 = Debug|Any CPU
		{EF5360BE-7DBE-4197-AD64-55DD61ACD8F7}.Debug|x86.ActiveCfg = Debug|Any CPU
		{EF5360BE-7DBE-4197-AD64-55DD61ACD8F7}.Debug|x86.Build.0 = Debug|Any CPU
		{EF5360BE-7DBE-4197-AD64-55DD61ACD8F7}.MinSizeRel|Any CPU.ActiveCfg = Release|Any CPU
		{EF5360BE-7DBE-4197-AD64-55DD61ACD8F7}.MinSizeRel|Any CPU.Build.0 = Release|Any CPU
		{EF5360BE-7DBE-4197-AD64-55DD61ACD8F7}.MinSizeRel|x64.ActiveCfg = Release|x64
		{EF5360BE-7DBE-4197-AD64-55DD61ACD8F7}.MinSizeRel|x64.Build.0 = Release|x64
		{EF5360BE-7DBE-4197-AD64-55DD61ACD8F7}.MinSizeRel|x86.ActiveCfg = Release|Any CPU
		{EF5360BE-7DBE-4197-AD64-55DD61ACD8F7}.MinSizeRel|x86.Build.0 = Release|Any CPU
		{EF5360BE-7DBE-4197-AD64-55DD61ACD8F7}.Release|Any CPU.ActiveCfg = Release|Any CPU
		{EF5360BE-7DBE-4197-AD64-55DD61ACD8F7}.Release|Any CPU.Build.0 = Release|Any CPU
		{EF5360BE-7DBE-4197-AD64-55DD61ACD8F7}.Release|x64.ActiveCfg = Release|Any CPU
		{EF5360BE-7DBE-4197-AD64-55DD61ACD8F7}.Release|x64.Build.0 = Release|Any CPU
		{EF5360BE-7DBE-4197-AD64-55DD61ACD8F7}.Release|x86.ActiveCfg = Release|Any CPU
		{EF5360BE-7DBE-4197-AD64-55DD61ACD8F7}.Release|x86.Build.0 = Release|Any CPU
		{EF5360BE-7DBE-4197-AD64-55DD61ACD8F7}.RelWithDebInfo|Any CPU.ActiveCfg = Release|Any CPU
		{EF5360BE-7DBE-4197-AD64-55DD61ACD8F7}.RelWithDebInfo|Any CPU.Build.0 = Release|Any CPU
		{EF5360BE-7DBE-4197-AD64-55DD61ACD8F7}.RelWithDebInfo|x64.ActiveCfg = Release|x64
		{EF5360BE-7DBE-4197-AD64-55DD61ACD8F7}.RelWithDebInfo|x64.Build.0 = Release|x64
		{EF5360BE-7DBE-4197-AD64-55DD61ACD8F7}.RelWithDebInfo|x86.ActiveCfg = Release|Any CPU
		{EF5360BE-7DBE-4197-AD64-55DD61ACD8F7}.RelWithDebInfo|x86.Build.0 = Release|Any CPU
		{EF9CC996-010B-4334-BC64-8EB766BF73B0}.Debug|Any CPU.ActiveCfg = Debug|Any CPU
		{EF9CC996-010B-4334-BC64-8EB766BF73B0}.Debug|Any CPU.Build.0 = Debug|Any CPU
		{EF9CC996-010B-4334-BC64-8EB766BF73B0}.Debug|x64.ActiveCfg = Debug|Any CPU
		{EF9CC996-010B-4334-BC64-8EB766BF73B0}.Debug|x64.Build.0 = Debug|Any CPU
		{EF9CC996-010B-4334-BC64-8EB766BF73B0}.Debug|x86.ActiveCfg = Debug|Any CPU
		{EF9CC996-010B-4334-BC64-8EB766BF73B0}.Debug|x86.Build.0 = Debug|Any CPU
		{EF9CC996-010B-4334-BC64-8EB766BF73B0}.MinSizeRel|Any CPU.ActiveCfg = Release|Any CPU
		{EF9CC996-010B-4334-BC64-8EB766BF73B0}.MinSizeRel|Any CPU.Build.0 = Release|Any CPU
		{EF9CC996-010B-4334-BC64-8EB766BF73B0}.MinSizeRel|x64.ActiveCfg = Release|Any CPU
		{EF9CC996-010B-4334-BC64-8EB766BF73B0}.MinSizeRel|x64.Build.0 = Release|Any CPU
		{EF9CC996-010B-4334-BC64-8EB766BF73B0}.MinSizeRel|x86.ActiveCfg = Release|Any CPU
		{EF9CC996-010B-4334-BC64-8EB766BF73B0}.MinSizeRel|x86.Build.0 = Release|Any CPU
		{EF9CC996-010B-4334-BC64-8EB766BF73B0}.Release|Any CPU.ActiveCfg = Release|Any CPU
		{EF9CC996-010B-4334-BC64-8EB766BF73B0}.Release|Any CPU.Build.0 = Release|Any CPU
		{EF9CC996-010B-4334-BC64-8EB766BF73B0}.Release|x64.ActiveCfg = Release|Any CPU
		{EF9CC996-010B-4334-BC64-8EB766BF73B0}.Release|x64.Build.0 = Release|Any CPU
		{EF9CC996-010B-4334-BC64-8EB766BF73B0}.Release|x86.ActiveCfg = Release|Any CPU
		{EF9CC996-010B-4334-BC64-8EB766BF73B0}.Release|x86.Build.0 = Release|Any CPU
		{EF9CC996-010B-4334-BC64-8EB766BF73B0}.RelWithDebInfo|Any CPU.ActiveCfg = Release|Any CPU
		{EF9CC996-010B-4334-BC64-8EB766BF73B0}.RelWithDebInfo|Any CPU.Build.0 = Release|Any CPU
		{EF9CC996-010B-4334-BC64-8EB766BF73B0}.RelWithDebInfo|x64.ActiveCfg = Release|Any CPU
		{EF9CC996-010B-4334-BC64-8EB766BF73B0}.RelWithDebInfo|x64.Build.0 = Release|Any CPU
		{EF9CC996-010B-4334-BC64-8EB766BF73B0}.RelWithDebInfo|x86.ActiveCfg = Release|Any CPU
		{EF9CC996-010B-4334-BC64-8EB766BF73B0}.RelWithDebInfo|x86.Build.0 = Release|Any CPU
		{D2A606D5-8E40-4FC5-90EE-07B3A0F81383}.Debug|Any CPU.ActiveCfg = Debug|Win32
		{D2A606D5-8E40-4FC5-90EE-07B3A0F81383}.Debug|x64.ActiveCfg = Debug|x64
		{D2A606D5-8E40-4FC5-90EE-07B3A0F81383}.Debug|x64.Build.0 = Debug|x64
		{D2A606D5-8E40-4FC5-90EE-07B3A0F81383}.Debug|x86.ActiveCfg = Debug|Win32
		{D2A606D5-8E40-4FC5-90EE-07B3A0F81383}.Debug|x86.Build.0 = Debug|Win32
		{D2A606D5-8E40-4FC5-90EE-07B3A0F81383}.MinSizeRel|Any CPU.ActiveCfg = Release|x64
		{D2A606D5-8E40-4FC5-90EE-07B3A0F81383}.MinSizeRel|Any CPU.Build.0 = Release|x64
		{D2A606D5-8E40-4FC5-90EE-07B3A0F81383}.MinSizeRel|x64.ActiveCfg = Release|x64
		{D2A606D5-8E40-4FC5-90EE-07B3A0F81383}.MinSizeRel|x64.Build.0 = Release|x64
		{D2A606D5-8E40-4FC5-90EE-07B3A0F81383}.MinSizeRel|x86.ActiveCfg = Release|Win32
		{D2A606D5-8E40-4FC5-90EE-07B3A0F81383}.MinSizeRel|x86.Build.0 = Release|Win32
		{D2A606D5-8E40-4FC5-90EE-07B3A0F81383}.Release|Any CPU.ActiveCfg = Release|Win32
		{D2A606D5-8E40-4FC5-90EE-07B3A0F81383}.Release|x64.ActiveCfg = Release|x64
		{D2A606D5-8E40-4FC5-90EE-07B3A0F81383}.Release|x64.Build.0 = Release|x64
		{D2A606D5-8E40-4FC5-90EE-07B3A0F81383}.Release|x86.ActiveCfg = Release|Win32
		{D2A606D5-8E40-4FC5-90EE-07B3A0F81383}.Release|x86.Build.0 = Release|Win32
		{D2A606D5-8E40-4FC5-90EE-07B3A0F81383}.RelWithDebInfo|Any CPU.ActiveCfg = Release|x64
		{D2A606D5-8E40-4FC5-90EE-07B3A0F81383}.RelWithDebInfo|Any CPU.Build.0 = Release|x64
		{D2A606D5-8E40-4FC5-90EE-07B3A0F81383}.RelWithDebInfo|x64.ActiveCfg = Release|x64
		{D2A606D5-8E40-4FC5-90EE-07B3A0F81383}.RelWithDebInfo|x64.Build.0 = Release|x64
		{D2A606D5-8E40-4FC5-90EE-07B3A0F81383}.RelWithDebInfo|x86.ActiveCfg = Release|Win32
		{D2A606D5-8E40-4FC5-90EE-07B3A0F81383}.RelWithDebInfo|x86.Build.0 = Release|Win32
		{529FE5B9-FAC5-4222-8170-C8C0B911A588}.Debug|Any CPU.ActiveCfg = Debug|Any CPU
		{529FE5B9-FAC5-4222-8170-C8C0B911A588}.Debug|Any CPU.Build.0 = Debug|Any CPU
		{529FE5B9-FAC5-4222-8170-C8C0B911A588}.Debug|x64.ActiveCfg = Debug|Any CPU
		{529FE5B9-FAC5-4222-8170-C8C0B911A588}.Debug|x64.Build.0 = Debug|Any CPU
		{529FE5B9-FAC5-4222-8170-C8C0B911A588}.Debug|x86.ActiveCfg = Debug|Any CPU
		{529FE5B9-FAC5-4222-8170-C8C0B911A588}.Debug|x86.Build.0 = Debug|Any CPU
		{529FE5B9-FAC5-4222-8170-C8C0B911A588}.MinSizeRel|Any CPU.ActiveCfg = Release|Any CPU
		{529FE5B9-FAC5-4222-8170-C8C0B911A588}.MinSizeRel|Any CPU.Build.0 = Release|Any CPU
		{529FE5B9-FAC5-4222-8170-C8C0B911A588}.MinSizeRel|x64.ActiveCfg = Release|Any CPU
		{529FE5B9-FAC5-4222-8170-C8C0B911A588}.MinSizeRel|x64.Build.0 = Release|Any CPU
		{529FE5B9-FAC5-4222-8170-C8C0B911A588}.MinSizeRel|x86.ActiveCfg = Release|Any CPU
		{529FE5B9-FAC5-4222-8170-C8C0B911A588}.MinSizeRel|x86.Build.0 = Release|Any CPU
		{529FE5B9-FAC5-4222-8170-C8C0B911A588}.Release|Any CPU.ActiveCfg = Release|Any CPU
		{529FE5B9-FAC5-4222-8170-C8C0B911A588}.Release|Any CPU.Build.0 = Release|Any CPU
		{529FE5B9-FAC5-4222-8170-C8C0B911A588}.Release|x64.ActiveCfg = Release|Any CPU
		{529FE5B9-FAC5-4222-8170-C8C0B911A588}.Release|x64.Build.0 = Release|Any CPU
		{529FE5B9-FAC5-4222-8170-C8C0B911A588}.Release|x86.ActiveCfg = Release|Any CPU
		{529FE5B9-FAC5-4222-8170-C8C0B911A588}.Release|x86.Build.0 = Release|Any CPU
		{529FE5B9-FAC5-4222-8170-C8C0B911A588}.RelWithDebInfo|Any CPU.ActiveCfg = Release|Any CPU
		{529FE5B9-FAC5-4222-8170-C8C0B911A588}.RelWithDebInfo|Any CPU.Build.0 = Release|Any CPU
		{529FE5B9-FAC5-4222-8170-C8C0B911A588}.RelWithDebInfo|x64.ActiveCfg = Release|Any CPU
		{529FE5B9-FAC5-4222-8170-C8C0B911A588}.RelWithDebInfo|x64.Build.0 = Release|Any CPU
		{529FE5B9-FAC5-4222-8170-C8C0B911A588}.RelWithDebInfo|x86.ActiveCfg = Release|Any CPU
		{529FE5B9-FAC5-4222-8170-C8C0B911A588}.RelWithDebInfo|x86.Build.0 = Release|Any CPU
		{59C5EA30-1E57-417C-9416-17B592E8724E}.Debug|Any CPU.ActiveCfg = Debug|Win32
		{59C5EA30-1E57-417C-9416-17B592E8724E}.Debug|x64.ActiveCfg = Debug|x64
		{59C5EA30-1E57-417C-9416-17B592E8724E}.Debug|x64.Build.0 = Debug|x64
		{59C5EA30-1E57-417C-9416-17B592E8724E}.Debug|x86.ActiveCfg = Debug|Win32
		{59C5EA30-1E57-417C-9416-17B592E8724E}.Debug|x86.Build.0 = Debug|Win32
		{59C5EA30-1E57-417C-9416-17B592E8724E}.MinSizeRel|Any CPU.ActiveCfg = Release|x64
		{59C5EA30-1E57-417C-9416-17B592E8724E}.MinSizeRel|Any CPU.Build.0 = Release|x64
		{59C5EA30-1E57-417C-9416-17B592E8724E}.MinSizeRel|x64.ActiveCfg = Release|x64
		{59C5EA30-1E57-417C-9416-17B592E8724E}.MinSizeRel|x64.Build.0 = Release|x64
		{59C5EA30-1E57-417C-9416-17B592E8724E}.MinSizeRel|x86.ActiveCfg = Release|Win32
		{59C5EA30-1E57-417C-9416-17B592E8724E}.MinSizeRel|x86.Build.0 = Release|Win32
		{59C5EA30-1E57-417C-9416-17B592E8724E}.Release|Any CPU.ActiveCfg = Release|Win32
		{59C5EA30-1E57-417C-9416-17B592E8724E}.Release|x64.ActiveCfg = Release|x64
		{59C5EA30-1E57-417C-9416-17B592E8724E}.Release|x64.Build.0 = Release|x64
		{59C5EA30-1E57-417C-9416-17B592E8724E}.Release|x86.ActiveCfg = Release|Win32
		{59C5EA30-1E57-417C-9416-17B592E8724E}.Release|x86.Build.0 = Release|Win32
		{59C5EA30-1E57-417C-9416-17B592E8724E}.RelWithDebInfo|Any CPU.ActiveCfg = Release|x64
		{59C5EA30-1E57-417C-9416-17B592E8724E}.RelWithDebInfo|Any CPU.Build.0 = Release|x64
		{59C5EA30-1E57-417C-9416-17B592E8724E}.RelWithDebInfo|x64.ActiveCfg = Release|x64
		{59C5EA30-1E57-417C-9416-17B592E8724E}.RelWithDebInfo|x64.Build.0 = Release|x64
		{59C5EA30-1E57-417C-9416-17B592E8724E}.RelWithDebInfo|x86.ActiveCfg = Release|Win32
		{59C5EA30-1E57-417C-9416-17B592E8724E}.RelWithDebInfo|x86.Build.0 = Release|Win32
		{5A0D1CB7-6BE7-41A2-B061-431750E47BE0}.Debug|Any CPU.ActiveCfg = Debug|Win32
		{5A0D1CB7-6BE7-41A2-B061-431750E47BE0}.Debug|x64.ActiveCfg = Debug|x64
		{5A0D1CB7-6BE7-41A2-B061-431750E47BE0}.Debug|x64.Build.0 = Debug|x64
		{5A0D1CB7-6BE7-41A2-B061-431750E47BE0}.Debug|x86.ActiveCfg = Debug|Win32
		{5A0D1CB7-6BE7-41A2-B061-431750E47BE0}.Debug|x86.Build.0 = Debug|Win32
		{5A0D1CB7-6BE7-41A2-B061-431750E47BE0}.MinSizeRel|Any CPU.ActiveCfg = Release|x64
		{5A0D1CB7-6BE7-41A2-B061-431750E47BE0}.MinSizeRel|Any CPU.Build.0 = Release|x64
		{5A0D1CB7-6BE7-41A2-B061-431750E47BE0}.MinSizeRel|x64.ActiveCfg = Release|x64
		{5A0D1CB7-6BE7-41A2-B061-431750E47BE0}.MinSizeRel|x64.Build.0 = Release|x64
		{5A0D1CB7-6BE7-41A2-B061-431750E47BE0}.MinSizeRel|x86.ActiveCfg = Release|Win32
		{5A0D1CB7-6BE7-41A2-B061-431750E47BE0}.MinSizeRel|x86.Build.0 = Release|Win32
		{5A0D1CB7-6BE7-41A2-B061-431750E47BE0}.Release|Any CPU.ActiveCfg = Release|Win32
		{5A0D1CB7-6BE7-41A2-B061-431750E47BE0}.Release|x64.ActiveCfg = Release|x64
		{5A0D1CB7-6BE7-41A2-B061-431750E47BE0}.Release|x64.Build.0 = Release|x64
		{5A0D1CB7-6BE7-41A2-B061-431750E47BE0}.Release|x86.ActiveCfg = Release|Win32
		{5A0D1CB7-6BE7-41A2-B061-431750E47BE0}.Release|x86.Build.0 = Release|Win32
		{5A0D1CB7-6BE7-41A2-B061-431750E47BE0}.RelWithDebInfo|Any CPU.ActiveCfg = Release|x64
		{5A0D1CB7-6BE7-41A2-B061-431750E47BE0}.RelWithDebInfo|Any CPU.Build.0 = Release|x64
		{5A0D1CB7-6BE7-41A2-B061-431750E47BE0}.RelWithDebInfo|x64.ActiveCfg = Release|x64
		{5A0D1CB7-6BE7-41A2-B061-431750E47BE0}.RelWithDebInfo|x64.Build.0 = Release|x64
		{5A0D1CB7-6BE7-41A2-B061-431750E47BE0}.RelWithDebInfo|x86.ActiveCfg = Release|Win32
		{5A0D1CB7-6BE7-41A2-B061-431750E47BE0}.RelWithDebInfo|x86.Build.0 = Release|Win32
		{D97E078F-CDEB-4393-96AD-5F37387EB7F2}.Debug|Any CPU.ActiveCfg = Debug|Any CPU
		{D97E078F-CDEB-4393-96AD-5F37387EB7F2}.Debug|Any CPU.Build.0 = Debug|Any CPU
		{D97E078F-CDEB-4393-96AD-5F37387EB7F2}.Debug|x64.ActiveCfg = Debug|Any CPU
		{D97E078F-CDEB-4393-96AD-5F37387EB7F2}.Debug|x64.Build.0 = Debug|Any CPU
		{D97E078F-CDEB-4393-96AD-5F37387EB7F2}.Debug|x86.ActiveCfg = Debug|Any CPU
		{D97E078F-CDEB-4393-96AD-5F37387EB7F2}.Debug|x86.Build.0 = Debug|Any CPU
		{D97E078F-CDEB-4393-96AD-5F37387EB7F2}.MinSizeRel|Any CPU.ActiveCfg = Release|Any CPU
		{D97E078F-CDEB-4393-96AD-5F37387EB7F2}.MinSizeRel|Any CPU.Build.0 = Release|Any CPU
		{D97E078F-CDEB-4393-96AD-5F37387EB7F2}.MinSizeRel|x64.ActiveCfg = Release|Any CPU
		{D97E078F-CDEB-4393-96AD-5F37387EB7F2}.MinSizeRel|x64.Build.0 = Release|Any CPU
		{D97E078F-CDEB-4393-96AD-5F37387EB7F2}.MinSizeRel|x86.ActiveCfg = Release|Any CPU
		{D97E078F-CDEB-4393-96AD-5F37387EB7F2}.MinSizeRel|x86.Build.0 = Release|Any CPU
		{D97E078F-CDEB-4393-96AD-5F37387EB7F2}.Release|Any CPU.ActiveCfg = Release|Any CPU
		{D97E078F-CDEB-4393-96AD-5F37387EB7F2}.Release|Any CPU.Build.0 = Release|Any CPU
		{D97E078F-CDEB-4393-96AD-5F37387EB7F2}.Release|x64.ActiveCfg = Release|Any CPU
		{D97E078F-CDEB-4393-96AD-5F37387EB7F2}.Release|x64.Build.0 = Release|Any CPU
		{D97E078F-CDEB-4393-96AD-5F37387EB7F2}.Release|x86.ActiveCfg = Release|Any CPU
		{D97E078F-CDEB-4393-96AD-5F37387EB7F2}.Release|x86.Build.0 = Release|Any CPU
		{D97E078F-CDEB-4393-96AD-5F37387EB7F2}.RelWithDebInfo|Any CPU.ActiveCfg = Release|Any CPU
		{D97E078F-CDEB-4393-96AD-5F37387EB7F2}.RelWithDebInfo|Any CPU.Build.0 = Release|Any CPU
		{D97E078F-CDEB-4393-96AD-5F37387EB7F2}.RelWithDebInfo|x64.ActiveCfg = Release|Any CPU
		{D97E078F-CDEB-4393-96AD-5F37387EB7F2}.RelWithDebInfo|x64.Build.0 = Release|Any CPU
		{D97E078F-CDEB-4393-96AD-5F37387EB7F2}.RelWithDebInfo|x86.ActiveCfg = Release|Any CPU
		{D97E078F-CDEB-4393-96AD-5F37387EB7F2}.RelWithDebInfo|x86.Build.0 = Release|Any CPU
		{ED61B745-9F00-48C2-B309-F1DBB37F03E3}.Debug|Any CPU.ActiveCfg = Debug|Win32
		{ED61B745-9F00-48C2-B309-F1DBB37F03E3}.Debug|x64.ActiveCfg = Debug|x64
		{ED61B745-9F00-48C2-B309-F1DBB37F03E3}.Debug|x64.Build.0 = Debug|x64
		{ED61B745-9F00-48C2-B309-F1DBB37F03E3}.Debug|x86.ActiveCfg = Debug|Win32
		{ED61B745-9F00-48C2-B309-F1DBB37F03E3}.Debug|x86.Build.0 = Debug|Win32
		{ED61B745-9F00-48C2-B309-F1DBB37F03E3}.MinSizeRel|Any CPU.ActiveCfg = Release|x64
		{ED61B745-9F00-48C2-B309-F1DBB37F03E3}.MinSizeRel|Any CPU.Build.0 = Release|x64
		{ED61B745-9F00-48C2-B309-F1DBB37F03E3}.MinSizeRel|x64.ActiveCfg = Release|x64
		{ED61B745-9F00-48C2-B309-F1DBB37F03E3}.MinSizeRel|x64.Build.0 = Release|x64
		{ED61B745-9F00-48C2-B309-F1DBB37F03E3}.MinSizeRel|x86.ActiveCfg = Release|Win32
		{ED61B745-9F00-48C2-B309-F1DBB37F03E3}.MinSizeRel|x86.Build.0 = Release|Win32
		{ED61B745-9F00-48C2-B309-F1DBB37F03E3}.Release|Any CPU.ActiveCfg = Release|Win32
		{ED61B745-9F00-48C2-B309-F1DBB37F03E3}.Release|x64.ActiveCfg = Release|x64
		{ED61B745-9F00-48C2-B309-F1DBB37F03E3}.Release|x64.Build.0 = Release|x64
		{ED61B745-9F00-48C2-B309-F1DBB37F03E3}.Release|x86.ActiveCfg = Release|Win32
		{ED61B745-9F00-48C2-B309-F1DBB37F03E3}.Release|x86.Build.0 = Release|Win32
		{ED61B745-9F00-48C2-B309-F1DBB37F03E3}.RelWithDebInfo|Any CPU.ActiveCfg = Release|x64
		{ED61B745-9F00-48C2-B309-F1DBB37F03E3}.RelWithDebInfo|Any CPU.Build.0 = Release|x64
		{ED61B745-9F00-48C2-B309-F1DBB37F03E3}.RelWithDebInfo|x64.ActiveCfg = Release|x64
		{ED61B745-9F00-48C2-B309-F1DBB37F03E3}.RelWithDebInfo|x64.Build.0 = Release|x64
		{ED61B745-9F00-48C2-B309-F1DBB37F03E3}.RelWithDebInfo|x86.ActiveCfg = Release|Win32
		{ED61B745-9F00-48C2-B309-F1DBB37F03E3}.RelWithDebInfo|x86.Build.0 = Release|Win32
		{867349E5-86DA-4DBD-AC42-5EC1182245FB}.Debug|Any CPU.ActiveCfg = Debug|Any CPU
		{867349E5-86DA-4DBD-AC42-5EC1182245FB}.Debug|Any CPU.Build.0 = Debug|Any CPU
		{867349E5-86DA-4DBD-AC42-5EC1182245FB}.Debug|x64.ActiveCfg = Debug|Any CPU
		{867349E5-86DA-4DBD-AC42-5EC1182245FB}.Debug|x64.Build.0 = Debug|Any CPU
		{867349E5-86DA-4DBD-AC42-5EC1182245FB}.Debug|x86.ActiveCfg = Debug|Any CPU
		{867349E5-86DA-4DBD-AC42-5EC1182245FB}.Debug|x86.Build.0 = Debug|Any CPU
		{867349E5-86DA-4DBD-AC42-5EC1182245FB}.MinSizeRel|Any CPU.ActiveCfg = Release|Any CPU
		{867349E5-86DA-4DBD-AC42-5EC1182245FB}.MinSizeRel|Any CPU.Build.0 = Release|Any CPU
		{867349E5-86DA-4DBD-AC42-5EC1182245FB}.MinSizeRel|x64.ActiveCfg = Release|Any CPU
		{867349E5-86DA-4DBD-AC42-5EC1182245FB}.MinSizeRel|x64.Build.0 = Release|Any CPU
		{867349E5-86DA-4DBD-AC42-5EC1182245FB}.MinSizeRel|x86.ActiveCfg = Release|Any CPU
		{867349E5-86DA-4DBD-AC42-5EC1182245FB}.MinSizeRel|x86.Build.0 = Release|Any CPU
		{867349E5-86DA-4DBD-AC42-5EC1182245FB}.Release|Any CPU.ActiveCfg = Release|Any CPU
		{867349E5-86DA-4DBD-AC42-5EC1182245FB}.Release|Any CPU.Build.0 = Release|Any CPU
		{867349E5-86DA-4DBD-AC42-5EC1182245FB}.Release|x64.ActiveCfg = Release|Any CPU
		{867349E5-86DA-4DBD-AC42-5EC1182245FB}.Release|x64.Build.0 = Release|Any CPU
		{867349E5-86DA-4DBD-AC42-5EC1182245FB}.Release|x86.ActiveCfg = Release|Any CPU
		{867349E5-86DA-4DBD-AC42-5EC1182245FB}.Release|x86.Build.0 = Release|Any CPU
		{867349E5-86DA-4DBD-AC42-5EC1182245FB}.RelWithDebInfo|Any CPU.ActiveCfg = Release|Any CPU
		{867349E5-86DA-4DBD-AC42-5EC1182245FB}.RelWithDebInfo|Any CPU.Build.0 = Release|Any CPU
		{867349E5-86DA-4DBD-AC42-5EC1182245FB}.RelWithDebInfo|x64.ActiveCfg = Release|Any CPU
		{867349E5-86DA-4DBD-AC42-5EC1182245FB}.RelWithDebInfo|x64.Build.0 = Release|Any CPU
		{867349E5-86DA-4DBD-AC42-5EC1182245FB}.RelWithDebInfo|x86.ActiveCfg = Release|Any CPU
		{867349E5-86DA-4DBD-AC42-5EC1182245FB}.RelWithDebInfo|x86.Build.0 = Release|Any CPU
		{4C0EFD78-680E-45C9-9828-9B674EE70DF0}.Debug|Any CPU.ActiveCfg = Debug|Win32
		{4C0EFD78-680E-45C9-9828-9B674EE70DF0}.Debug|x64.ActiveCfg = Debug|x64
		{4C0EFD78-680E-45C9-9828-9B674EE70DF0}.Debug|x64.Build.0 = Debug|x64
		{4C0EFD78-680E-45C9-9828-9B674EE70DF0}.Debug|x86.ActiveCfg = Debug|Win32
		{4C0EFD78-680E-45C9-9828-9B674EE70DF0}.Debug|x86.Build.0 = Debug|Win32
		{4C0EFD78-680E-45C9-9828-9B674EE70DF0}.MinSizeRel|Any CPU.ActiveCfg = Release|x64
		{4C0EFD78-680E-45C9-9828-9B674EE70DF0}.MinSizeRel|Any CPU.Build.0 = Release|x64
		{4C0EFD78-680E-45C9-9828-9B674EE70DF0}.MinSizeRel|x64.ActiveCfg = Release|x64
		{4C0EFD78-680E-45C9-9828-9B674EE70DF0}.MinSizeRel|x64.Build.0 = Release|x64
		{4C0EFD78-680E-45C9-9828-9B674EE70DF0}.MinSizeRel|x86.ActiveCfg = Release|Win32
		{4C0EFD78-680E-45C9-9828-9B674EE70DF0}.MinSizeRel|x86.Build.0 = Release|Win32
		{4C0EFD78-680E-45C9-9828-9B674EE70DF0}.Release|Any CPU.ActiveCfg = Release|Win32
		{4C0EFD78-680E-45C9-9828-9B674EE70DF0}.Release|x64.ActiveCfg = Release|x64
		{4C0EFD78-680E-45C9-9828-9B674EE70DF0}.Release|x64.Build.0 = Release|x64
		{4C0EFD78-680E-45C9-9828-9B674EE70DF0}.Release|x86.ActiveCfg = Release|Win32
		{4C0EFD78-680E-45C9-9828-9B674EE70DF0}.Release|x86.Build.0 = Release|Win32
		{4C0EFD78-680E-45C9-9828-9B674EE70DF0}.RelWithDebInfo|Any CPU.ActiveCfg = Release|x64
		{4C0EFD78-680E-45C9-9828-9B674EE70DF0}.RelWithDebInfo|Any CPU.Build.0 = Release|x64
		{4C0EFD78-680E-45C9-9828-9B674EE70DF0}.RelWithDebInfo|x64.ActiveCfg = Release|x64
		{4C0EFD78-680E-45C9-9828-9B674EE70DF0}.RelWithDebInfo|x64.Build.0 = Release|x64
		{4C0EFD78-680E-45C9-9828-9B674EE70DF0}.RelWithDebInfo|x86.ActiveCfg = Release|Win32
		{4C0EFD78-680E-45C9-9828-9B674EE70DF0}.RelWithDebInfo|x86.Build.0 = Release|Win32
		{516A29D3-E143-4D8A-8067-24B2D24A6643}.Debug|Any CPU.ActiveCfg = Debug|x64
		{516A29D3-E143-4D8A-8067-24B2D24A6643}.Debug|x64.ActiveCfg = Debug|x64
		{516A29D3-E143-4D8A-8067-24B2D24A6643}.Debug|x64.Build.0 = Debug|x64
		{516A29D3-E143-4D8A-8067-24B2D24A6643}.Debug|x86.ActiveCfg = Debug|x64
		{516A29D3-E143-4D8A-8067-24B2D24A6643}.MinSizeRel|Any CPU.ActiveCfg = MinSizeRel|x64
		{516A29D3-E143-4D8A-8067-24B2D24A6643}.MinSizeRel|x64.ActiveCfg = MinSizeRel|x64
		{516A29D3-E143-4D8A-8067-24B2D24A6643}.MinSizeRel|x64.Build.0 = MinSizeRel|x64
		{516A29D3-E143-4D8A-8067-24B2D24A6643}.MinSizeRel|x86.ActiveCfg = MinSizeRel|x64
		{516A29D3-E143-4D8A-8067-24B2D24A6643}.Release|Any CPU.ActiveCfg = Release|x64
		{516A29D3-E143-4D8A-8067-24B2D24A6643}.Release|x64.ActiveCfg = Release|x64
		{516A29D3-E143-4D8A-8067-24B2D24A6643}.Release|x64.Build.0 = Release|x64
		{516A29D3-E143-4D8A-8067-24B2D24A6643}.Release|x86.ActiveCfg = Release|x64
		{516A29D3-E143-4D8A-8067-24B2D24A6643}.RelWithDebInfo|Any CPU.ActiveCfg = RelWithDebInfo|x64
		{516A29D3-E143-4D8A-8067-24B2D24A6643}.RelWithDebInfo|x64.ActiveCfg = RelWithDebInfo|x64
		{516A29D3-E143-4D8A-8067-24B2D24A6643}.RelWithDebInfo|x64.Build.0 = RelWithDebInfo|x64
		{516A29D3-E143-4D8A-8067-24B2D24A6643}.RelWithDebInfo|x86.ActiveCfg = RelWithDebInfo|x64
		{6BEE5CE6-C564-433F-909B-FFB0ED55731E}.Debug|Any CPU.ActiveCfg = Debug|Win32
		{6BEE5CE6-C564-433F-909B-FFB0ED55731E}.Debug|x64.ActiveCfg = Debug|x64
		{6BEE5CE6-C564-433F-909B-FFB0ED55731E}.Debug|x64.Build.0 = Debug|x64
		{6BEE5CE6-C564-433F-909B-FFB0ED55731E}.Debug|x86.ActiveCfg = Debug|Win32
		{6BEE5CE6-C564-433F-909B-FFB0ED55731E}.Debug|x86.Build.0 = Debug|Win32
		{6BEE5CE6-C564-433F-909B-FFB0ED55731E}.MinSizeRel|Any CPU.ActiveCfg = Release|x64
		{6BEE5CE6-C564-433F-909B-FFB0ED55731E}.MinSizeRel|Any CPU.Build.0 = Release|x64
		{6BEE5CE6-C564-433F-909B-FFB0ED55731E}.MinSizeRel|x64.ActiveCfg = Release|x64
		{6BEE5CE6-C564-433F-909B-FFB0ED55731E}.MinSizeRel|x64.Build.0 = Release|x64
		{6BEE5CE6-C564-433F-909B-FFB0ED55731E}.MinSizeRel|x86.ActiveCfg = Release|Win32
		{6BEE5CE6-C564-433F-909B-FFB0ED55731E}.MinSizeRel|x86.Build.0 = Release|Win32
		{6BEE5CE6-C564-433F-909B-FFB0ED55731E}.Release|Any CPU.ActiveCfg = Release|Win32
		{6BEE5CE6-C564-433F-909B-FFB0ED55731E}.Release|x64.ActiveCfg = Release|x64
		{6BEE5CE6-C564-433F-909B-FFB0ED55731E}.Release|x64.Build.0 = Release|x64
		{6BEE5CE6-C564-433F-909B-FFB0ED55731E}.Release|x86.ActiveCfg = Release|Win32
		{6BEE5CE6-C564-433F-909B-FFB0ED55731E}.Release|x86.Build.0 = Release|Win32
		{6BEE5CE6-C564-433F-909B-FFB0ED55731E}.RelWithDebInfo|Any CPU.ActiveCfg = Release|x64
		{6BEE5CE6-C564-433F-909B-FFB0ED55731E}.RelWithDebInfo|Any CPU.Build.0 = Release|x64
		{6BEE5CE6-C564-433F-909B-FFB0ED55731E}.RelWithDebInfo|x64.ActiveCfg = Release|x64
		{6BEE5CE6-C564-433F-909B-FFB0ED55731E}.RelWithDebInfo|x64.Build.0 = Release|x64
		{6BEE5CE6-C564-433F-909B-FFB0ED55731E}.RelWithDebInfo|x86.ActiveCfg = Release|Win32
		{6BEE5CE6-C564-433F-909B-FFB0ED55731E}.RelWithDebInfo|x86.Build.0 = Release|Win32
		{09EE8B6A-2D6F-4B9E-83FF-6A40D03BC465}.Debug|Any CPU.ActiveCfg = Debug|Win32
		{09EE8B6A-2D6F-4B9E-83FF-6A40D03BC465}.Debug|x64.ActiveCfg = Debug|x64
		{09EE8B6A-2D6F-4B9E-83FF-6A40D03BC465}.Debug|x64.Build.0 = Debug|x64
		{09EE8B6A-2D6F-4B9E-83FF-6A40D03BC465}.Debug|x86.ActiveCfg = Debug|Win32
		{09EE8B6A-2D6F-4B9E-83FF-6A40D03BC465}.Debug|x86.Build.0 = Debug|Win32
		{09EE8B6A-2D6F-4B9E-83FF-6A40D03BC465}.MinSizeRel|Any CPU.ActiveCfg = Release|x64
		{09EE8B6A-2D6F-4B9E-83FF-6A40D03BC465}.MinSizeRel|Any CPU.Build.0 = Release|x64
		{09EE8B6A-2D6F-4B9E-83FF-6A40D03BC465}.MinSizeRel|x64.ActiveCfg = Release|x64
		{09EE8B6A-2D6F-4B9E-83FF-6A40D03BC465}.MinSizeRel|x64.Build.0 = Release|x64
		{09EE8B6A-2D6F-4B9E-83FF-6A40D03BC465}.MinSizeRel|x86.ActiveCfg = Release|Win32
		{09EE8B6A-2D6F-4B9E-83FF-6A40D03BC465}.MinSizeRel|x86.Build.0 = Release|Win32
		{09EE8B6A-2D6F-4B9E-83FF-6A40D03BC465}.Release|Any CPU.ActiveCfg = Release|Win32
		{09EE8B6A-2D6F-4B9E-83FF-6A40D03BC465}.Release|x64.ActiveCfg = Release|x64
		{09EE8B6A-2D6F-4B9E-83FF-6A40D03BC465}.Release|x64.Build.0 = Release|x64
		{09EE8B6A-2D6F-4B9E-83FF-6A40D03BC465}.Release|x86.ActiveCfg = Release|Win32
		{09EE8B6A-2D6F-4B9E-83FF-6A40D03BC465}.Release|x86.Build.0 = Release|Win32
		{09EE8B6A-2D6F-4B9E-83FF-6A40D03BC465}.RelWithDebInfo|Any CPU.ActiveCfg = Release|x64
		{09EE8B6A-2D6F-4B9E-83FF-6A40D03BC465}.RelWithDebInfo|Any CPU.Build.0 = Release|x64
		{09EE8B6A-2D6F-4B9E-83FF-6A40D03BC465}.RelWithDebInfo|x64.ActiveCfg = Release|x64
		{09EE8B6A-2D6F-4B9E-83FF-6A40D03BC465}.RelWithDebInfo|x64.Build.0 = Release|x64
		{09EE8B6A-2D6F-4B9E-83FF-6A40D03BC465}.RelWithDebInfo|x86.ActiveCfg = Release|Win32
		{09EE8B6A-2D6F-4B9E-83FF-6A40D03BC465}.RelWithDebInfo|x86.Build.0 = Release|Win32
		{0AA3C227-939A-4B73-A27C-9D6BE4F2ADBC}.Debug|Any CPU.ActiveCfg = Debug|Win32
		{0AA3C227-939A-4B73-A27C-9D6BE4F2ADBC}.Debug|x64.ActiveCfg = Debug|x64
		{0AA3C227-939A-4B73-A27C-9D6BE4F2ADBC}.Debug|x64.Build.0 = Debug|x64
		{0AA3C227-939A-4B73-A27C-9D6BE4F2ADBC}.Debug|x86.ActiveCfg = Debug|Win32
		{0AA3C227-939A-4B73-A27C-9D6BE4F2ADBC}.Debug|x86.Build.0 = Debug|Win32
		{0AA3C227-939A-4B73-A27C-9D6BE4F2ADBC}.MinSizeRel|Any CPU.ActiveCfg = Release|x64
		{0AA3C227-939A-4B73-A27C-9D6BE4F2ADBC}.MinSizeRel|Any CPU.Build.0 = Release|x64
		{0AA3C227-939A-4B73-A27C-9D6BE4F2ADBC}.MinSizeRel|x64.ActiveCfg = Release|x64
		{0AA3C227-939A-4B73-A27C-9D6BE4F2ADBC}.MinSizeRel|x64.Build.0 = Release|x64
		{0AA3C227-939A-4B73-A27C-9D6BE4F2ADBC}.MinSizeRel|x86.ActiveCfg = Release|Win32
		{0AA3C227-939A-4B73-A27C-9D6BE4F2ADBC}.MinSizeRel|x86.Build.0 = Release|Win32
		{0AA3C227-939A-4B73-A27C-9D6BE4F2ADBC}.Release|Any CPU.ActiveCfg = Release|Win32
		{0AA3C227-939A-4B73-A27C-9D6BE4F2ADBC}.Release|x64.ActiveCfg = Release|x64
		{0AA3C227-939A-4B73-A27C-9D6BE4F2ADBC}.Release|x64.Build.0 = Release|x64
		{0AA3C227-939A-4B73-A27C-9D6BE4F2ADBC}.Release|x86.ActiveCfg = Release|Win32
		{0AA3C227-939A-4B73-A27C-9D6BE4F2ADBC}.Release|x86.Build.0 = Release|Win32
		{0AA3C227-939A-4B73-A27C-9D6BE4F2ADBC}.RelWithDebInfo|Any CPU.ActiveCfg = Release|x64
		{0AA3C227-939A-4B73-A27C-9D6BE4F2ADBC}.RelWithDebInfo|Any CPU.Build.0 = Release|x64
		{0AA3C227-939A-4B73-A27C-9D6BE4F2ADBC}.RelWithDebInfo|x64.ActiveCfg = Release|x64
		{0AA3C227-939A-4B73-A27C-9D6BE4F2ADBC}.RelWithDebInfo|x64.Build.0 = Release|x64
		{0AA3C227-939A-4B73-A27C-9D6BE4F2ADBC}.RelWithDebInfo|x86.ActiveCfg = Release|Win32
		{0AA3C227-939A-4B73-A27C-9D6BE4F2ADBC}.RelWithDebInfo|x86.Build.0 = Release|Win32
		{C41F40D4-75C1-430C-AA3C-865AD4CD0B53}.Debug|Any CPU.ActiveCfg = Debug|Win32
		{C41F40D4-75C1-430C-AA3C-865AD4CD0B53}.Debug|x64.ActiveCfg = Debug|x64
		{C41F40D4-75C1-430C-AA3C-865AD4CD0B53}.Debug|x64.Build.0 = Debug|x64
		{C41F40D4-75C1-430C-AA3C-865AD4CD0B53}.Debug|x86.ActiveCfg = Debug|Win32
		{C41F40D4-75C1-430C-AA3C-865AD4CD0B53}.Debug|x86.Build.0 = Debug|Win32
		{C41F40D4-75C1-430C-AA3C-865AD4CD0B53}.MinSizeRel|Any CPU.ActiveCfg = Release|Win32
		{C41F40D4-75C1-430C-AA3C-865AD4CD0B53}.MinSizeRel|Any CPU.Build.0 = Release|Win32
		{C41F40D4-75C1-430C-AA3C-865AD4CD0B53}.MinSizeRel|x64.ActiveCfg = Debug|x64
		{C41F40D4-75C1-430C-AA3C-865AD4CD0B53}.MinSizeRel|x64.Build.0 = Debug|x64
		{C41F40D4-75C1-430C-AA3C-865AD4CD0B53}.MinSizeRel|x86.ActiveCfg = Release|Win32
		{C41F40D4-75C1-430C-AA3C-865AD4CD0B53}.MinSizeRel|x86.Build.0 = Release|Win32
		{C41F40D4-75C1-430C-AA3C-865AD4CD0B53}.Release|Any CPU.ActiveCfg = Release|Win32
		{C41F40D4-75C1-430C-AA3C-865AD4CD0B53}.Release|x64.ActiveCfg = Release|x64
		{C41F40D4-75C1-430C-AA3C-865AD4CD0B53}.Release|x64.Build.0 = Release|x64
		{C41F40D4-75C1-430C-AA3C-865AD4CD0B53}.Release|x86.ActiveCfg = Release|Win32
		{C41F40D4-75C1-430C-AA3C-865AD4CD0B53}.Release|x86.Build.0 = Release|Win32
		{C41F40D4-75C1-430C-AA3C-865AD4CD0B53}.RelWithDebInfo|Any CPU.ActiveCfg = Release|Win32
		{C41F40D4-75C1-430C-AA3C-865AD4CD0B53}.RelWithDebInfo|Any CPU.Build.0 = Release|Win32
		{C41F40D4-75C1-430C-AA3C-865AD4CD0B53}.RelWithDebInfo|x64.ActiveCfg = Release|x64
		{C41F40D4-75C1-430C-AA3C-865AD4CD0B53}.RelWithDebInfo|x64.Build.0 = Release|x64
		{C41F40D4-75C1-430C-AA3C-865AD4CD0B53}.RelWithDebInfo|x86.ActiveCfg = Release|Win32
		{C41F40D4-75C1-430C-AA3C-865AD4CD0B53}.RelWithDebInfo|x86.Build.0 = Release|Win32
		{2D927E78-3C50-441E-9AFB-C134CA52A191}.Debug|Any CPU.ActiveCfg = Debug|Any CPU
		{2D927E78-3C50-441E-9AFB-C134CA52A191}.Debug|Any CPU.Build.0 = Debug|Any CPU
		{2D927E78-3C50-441E-9AFB-C134CA52A191}.Debug|x64.ActiveCfg = Debug|Any CPU
		{2D927E78-3C50-441E-9AFB-C134CA52A191}.Debug|x64.Build.0 = Debug|Any CPU
		{2D927E78-3C50-441E-9AFB-C134CA52A191}.Debug|x86.ActiveCfg = Debug|Any CPU
		{2D927E78-3C50-441E-9AFB-C134CA52A191}.Debug|x86.Build.0 = Debug|Any CPU
		{2D927E78-3C50-441E-9AFB-C134CA52A191}.MinSizeRel|Any CPU.ActiveCfg = Release|Any CPU
		{2D927E78-3C50-441E-9AFB-C134CA52A191}.MinSizeRel|Any CPU.Build.0 = Release|Any CPU
		{2D927E78-3C50-441E-9AFB-C134CA52A191}.MinSizeRel|x64.ActiveCfg = Release|Any CPU
		{2D927E78-3C50-441E-9AFB-C134CA52A191}.MinSizeRel|x64.Build.0 = Release|Any CPU
		{2D927E78-3C50-441E-9AFB-C134CA52A191}.MinSizeRel|x86.ActiveCfg = Release|Any CPU
		{2D927E78-3C50-441E-9AFB-C134CA52A191}.MinSizeRel|x86.Build.0 = Release|Any CPU
		{2D927E78-3C50-441E-9AFB-C134CA52A191}.Release|Any CPU.ActiveCfg = Release|Any CPU
		{2D927E78-3C50-441E-9AFB-C134CA52A191}.Release|Any CPU.Build.0 = Release|Any CPU
		{2D927E78-3C50-441E-9AFB-C134CA52A191}.Release|x64.ActiveCfg = Release|Any CPU
		{2D927E78-3C50-441E-9AFB-C134CA52A191}.Release|x64.Build.0 = Release|Any CPU
		{2D927E78-3C50-441E-9AFB-C134CA52A191}.Release|x86.ActiveCfg = Release|Any CPU
		{2D927E78-3C50-441E-9AFB-C134CA52A191}.Release|x86.Build.0 = Release|Any CPU
		{2D927E78-3C50-441E-9AFB-C134CA52A191}.RelWithDebInfo|Any CPU.ActiveCfg = Release|Any CPU
		{2D927E78-3C50-441E-9AFB-C134CA52A191}.RelWithDebInfo|Any CPU.Build.0 = Release|Any CPU
		{2D927E78-3C50-441E-9AFB-C134CA52A191}.RelWithDebInfo|x64.ActiveCfg = Release|Any CPU
		{2D927E78-3C50-441E-9AFB-C134CA52A191}.RelWithDebInfo|x64.Build.0 = Release|Any CPU
		{2D927E78-3C50-441E-9AFB-C134CA52A191}.RelWithDebInfo|x86.ActiveCfg = Release|Any CPU
		{2D927E78-3C50-441E-9AFB-C134CA52A191}.RelWithDebInfo|x86.Build.0 = Release|Any CPU
	EndGlobalSection
	GlobalSection(SolutionProperties) = preSolution
		HideSolutionNode = FALSE
	EndGlobalSection
	GlobalSection(NestedProjects) = preSolution
		{EF054C93-201B-4807-9285-CABC9C68978A} = {3794A29F-058E-4B42-9419-354A276119D7}
		{227E5411-92CB-4E30-A67B-043D8B04A9BC} = {3794A29F-058E-4B42-9419-354A276119D7}
		{33BDCAB8-A30C-44B1-A93F-1AD3E15461AD} = {3794A29F-058E-4B42-9419-354A276119D7}
		{198160CC-5ED1-499D-AD45-90DBAC4852F8} = {3794A29F-058E-4B42-9419-354A276119D7}
		{D2A606D5-8E40-4FC5-90EE-07B3A0F81383} = {3794A29F-058E-4B42-9419-354A276119D7}
		{59C5EA30-1E57-417C-9416-17B592E8724E} = {3794A29F-058E-4B42-9419-354A276119D7}
		{5A0D1CB7-6BE7-41A2-B061-431750E47BE0} = {3794A29F-058E-4B42-9419-354A276119D7}
		{ED61B745-9F00-48C2-B309-F1DBB37F03E3} = {3794A29F-058E-4B42-9419-354A276119D7}
		{4C0EFD78-680E-45C9-9828-9B674EE70DF0} = {3794A29F-058E-4B42-9419-354A276119D7}
		{516A29D3-E143-4D8A-8067-24B2D24A6643} = {3794A29F-058E-4B42-9419-354A276119D7}
		{09EE8B6A-2D6F-4B9E-83FF-6A40D03BC465} = {3794A29F-058E-4B42-9419-354A276119D7}
		{0AA3C227-939A-4B73-A27C-9D6BE4F2ADBC} = {3794A29F-058E-4B42-9419-354A276119D7}
	EndGlobalSection
	GlobalSection(ExtensibilityGlobals) = postSolution
		SolutionGuid = {90482F15-2F21-4098-9B30-0F69A2766AFA}
	EndGlobalSection
EndGlobal
