<?xml version="1.0" encoding="utf-8"?>
<Project ToolsVersion="4.0" xmlns="http://schemas.microsoft.com/developer/msbuild/2003">
  <ItemGroup>
    <ClInclude Include="Helper.h" />
    <ClInclude Include="STLFileWriter.h">
      <Filter>STL</Filter>
    </ClInclude>
    <ClInclude Include="ImageFileReader.h">
      <Filter>Image</Filter>
    </ClInclude>
    <ClInclude Include="ImageFileWriter.h">
      <Filter>Image</Filter>
    </ClInclude>
    <ClInclude Include="OBJFileReader.h">
      <Filter>OBJ</Filter>
    </ClInclude>
    <ClInclude Include="PCDFileReader.h">
      <Filter>PCD</Filter>
    </ClInclude>
    <ClInclude Include="PCDFileWriter.h">
      <Filter>PCD</Filter>
    </ClInclude>
    <ClInclude Include="PCDFile.h">
      <Filter>PCD</Filter>
    </ClInclude>
    <ClInclude Include="STLFile.h">
      <Filter>STL</Filter>
    </ClInclude>
    <ClInclude Include="OBJFile.h">
      <Filter>OBJ</Filter>
    </ClInclude>
    <ClInclude Include="OBJFileWriter.h">
      <Filter>OBJ</Filter>
    </ClInclude>
    <ClInclude Include="MTLFileWriter.h">
      <Filter>OBJ\MTL</Filter>
    </ClInclude>
    <ClInclude Include="MTLFileReader.h">
      <Filter>OBJ\MTL</Filter>
    </ClInclude>
    <ClInclude Include="MTLFile.h">
      <Filter>OBJ\MTL</Filter>
    </ClInclude>
    <ClInclude Include="FileFormat.h" />
    <ClInclude Include="STLFileReader.h">
      <Filter>STL</Filter>
    </ClInclude>
    <ClInclude Include="OBJSyntaxParser.h">
      <Filter>OBJ</Filter>
    </ClInclude>
    <ClInclude Include="TXTFileReader.h">
      <Filter>TXT</Filter>
    </ClInclude>
    <ClInclude Include="TXTFileWriter.h">
      <Filter>TXT</Filter>
    </ClInclude>
    <ClInclude Include="PLYFileWriter.h">
      <Filter>PLY</Filter>
    </ClInclude>
    <ClInclude Include="PLYFileReader.h">
      <Filter>PLY</Filter>
    </ClInclude>
    <ClInclude Include="PLYFile.h">
      <Filter>PLY</Filter>
    </ClInclude>
  </ItemGroup>
  <ItemGroup>
    <ClCompile Include="STLFileWriter.cpp">
      <Filter>STL</Filter>
    </ClCompile>
    <ClCompile Include="ImageFileReader.cpp">
      <Filter>Image</Filter>
    </ClCompile>
    <ClCompile Include="OBJFileReader.cpp">
      <Filter>OBJ</Filter>
    </ClCompile>
    <ClCompile Include="ImageFileWriter.cpp">
      <Filter>Image</Filter>
    </ClCompile>
    <ClCompile Include="PCDFileReader.cpp">
      <Filter>PCD</Filter>
    </ClCompile>
    <ClCompile Include="PCDFileWriter.cpp">
      <Filter>PCD</Filter>
    </ClCompile>
    <ClCompile Include="OBJFileWriter.cpp">
      <Filter>OBJ</Filter>
    </ClCompile>
    <ClCompile Include="MTLFileWriter.cpp">
      <Filter>OBJ\MTL</Filter>
    </ClCompile>
    <ClCompile Include="MTLFileReader.cpp">
      <Filter>OBJ\MTL</Filter>
    </ClCompile>
    <ClCompile Include="STLFileReader.cpp">
      <Filter>STL</Filter>
    </ClCompile>
    <ClCompile Include="OBJSyntaxParser.cpp">
      <Filter>OBJ</Filter>
    </ClCompile>
    <ClCompile Include="TXTFileReader.cpp">
      <Filter>TXT</Filter>
    </ClCompile>
    <ClCompile Include="TXTFileWriter.cpp">
      <Filter>TXT</Filter>
    </ClCompile>
    <ClCompile Include="PLYFileWriter.cpp">
      <Filter>PLY</Filter>
    </ClCompile>
    <ClCompile Include="PLYFileReader.cpp">
      <Filter>PLY</Filter>
    </ClCompile>
  </ItemGroup>
  <ItemGroup>
    <Filter Include="STL">
      <UniqueIdentifier>{8ee4b111-b76c-4b82-a55e-1bc0dda24b1e}</UniqueIdentifier>
    </Filter>
    <Filter Include="Image">
      <UniqueIdentifier>{aca99a94-b257-4ba0-9344-559f101a3c9c}</UniqueIdentifier>
    </Filter>
    <Filter Include="OBJ">
      <UniqueIdentifier>{153fc88c-0f12-432b-8b06-96e296ea3ee5}</UniqueIdentifier>
    </Filter>
    <Filter Include="PCD">
      <UniqueIdentifier>{5d61ce56-1ed2-438a-9950-e204952784da}</UniqueIdentifier>
    </Filter>
    <Filter Include="OBJ\MTL">
      <UniqueIdentifier>{ecf9045c-05c3-4776-b602-a9dcdc213f96}</UniqueIdentifier>
    </Filter>
    <Filter Include="TXT">
      <UniqueIdentifier>{375bc317-3767-460e-a372-65aa3d14d82d}</UniqueIdentifier>
    </Filter>
    <Filter Include="PLY">
      <UniqueIdentifier>{1fe38c16-2533-4b6a-8a7f-dee858e85017}</UniqueIdentifier>
    </Filter>
  </ItemGroup>
</Project>