<?xml version="1.0" encoding="utf-8"?>
<Project ToolsVersion="4.0" xmlns="http://schemas.microsoft.com/developer/msbuild/2003">
  <ItemGroup>
    <ClCompile Include="CrystalAlgoView.cpp" />
    <ClCompile Include="BooleanView.cpp">
      <Filter>Boolean</Filter>
    </ClCompile>
    <ClCompile Include="SpaceHashView.cpp">
      <Filter>Search</Filter>
    </ClCompile>
    <ClCompile Include="OctreeView.cpp">
      <Filter>Search</Filter>
    </ClCompile>
    <ClCompile Include="MarchingCubesView.cpp">
      <Filter>MarchingCubes</Filter>
    </ClCompile>
    <ClCompile Include="IntersectionView.cpp">
      <Filter>Intersection</Filter>
    </ClCompile>
    <ClCompile Include="VolumeView.cpp">
      <Filter>Volume</Filter>
    </ClCompile>
    <ClCompile Include="VolumeConvertView.cpp">
      <Filter>Volume</Filter>
    </ClCompile>
    <ClCompile Include="AlgoMenu.cpp" />
    <ClCompile Include="ZOrderSearchView.cpp">
      <Filter>Search</Filter>
    </ClCompile>
  </ItemGroup>
  <ItemGroup>
    <ClInclude Include="BooleanView.h">
      <Filter>Boolean</Filter>
    </ClInclude>
    <ClInclude Include="SpaceHashView.h">
      <Filter>Search</Filter>
    </ClInclude>
    <ClInclude Include="OctreeView.h">
      <Filter>Search</Filter>
    </ClInclude>
    <ClInclude Include="MarchingCubesView.h">
      <Filter>MarchingCubes</Filter>
    </ClInclude>
    <ClInclude Include="IntersectionView.h">
      <Filter>Intersection</Filter>
    </ClInclude>
    <ClInclude Include="VolumeView.h">
      <Filter>Volume</Filter>
    </ClInclude>
    <ClInclude Include="AlgoMenu.h" />
    <ClInclude Include="VolumeConvertView.h">
      <Filter>Volume</Filter>
    </ClInclude>
    <ClInclude Include="ZOrderSearchView.h">
      <Filter>Search</Filter>
    </ClInclude>
  </ItemGroup>
  <ItemGroup>
    <Filter Include="Intersection">
      <UniqueIdentifier>{81e14b45-7bcc-400a-a684-4e49e0cf861f}</UniqueIdentifier>
    </Filter>
    <Filter Include="MarchingCubes">
      <UniqueIdentifier>{bb8df9fd-c2ee-46f5-b032-a296b1b0a69c}</UniqueIdentifier>
    </Filter>
    <Filter Include="Boolean">
      <UniqueIdentifier>{ebad4551-f6fe-43a7-80a6-06149d494e73}</UniqueIdentifier>
    </Filter>
    <Filter Include="Search">
      <UniqueIdentifier>{41a6a766-e885-4f76-9831-f9c5f38774f0}</UniqueIdentifier>
    </Filter>
    <Filter Include="Volume">
      <UniqueIdentifier>{c2c44d67-d31e-48da-b504-2046a4e41f9a}</UniqueIdentifier>
    </Filter>
  </ItemGroup>
</Project>