<?xml version="1.0" encoding="utf-8"?>
<Project ToolsVersion="4.0" xmlns="http://schemas.microsoft.com/developer/msbuild/2003">
  <ItemGroup>
    <ClCompile Include="FluidSimulationCommand.cpp" />
    <ClCompile Include="FluidSceneCreateCommand.cpp" />
    <ClCompile Include="PhysicsCommandFactory.cpp" />
  </ItemGroup>
  <ItemGroup>
    <ClInclude Include="FluidSimulationCommand.h" />
    <ClInclude Include="FluidSceneCreateCommand.h" />
    <ClInclude Include="PhysicsCommandFactory.h" />
  </ItemGroup>
  <ItemGroup>
    <Filter Include="PublicLabels">
      <UniqueIdentifier>{cdb751d1-455f-41d6-a288-e9f4d685b523}</UniqueIdentifier>
    </Filter>
  </ItemGroup>
  <ItemGroup>
    <Text Include="PublicLabels\FluidSceneCreateLabels.h">
      <Filter>PublicLabels</Filter>
    </Text>
  </ItemGroup>
</Project>