<?xml version="1.0" encoding="utf-8"?>
<Project ToolsVersion="4.0" xmlns="http://schemas.microsoft.com/developer/msbuild/2003">
  <ItemGroup>
    <ClInclude Include="OpenVDBFileReadCommand.h" />
    <ClInclude Include="OpenVDBFileWriteCommand.h" />
    <ClInclude Include="OpenVDBCommandFactory.h" />
    <ClInclude Include="PublicLabels\VDBFileInitLabels.h">
      <Filter>PublicLabels</Filter>
    </ClInclude>
    <ClInclude Include="PublicLabels\VDBFileReadLabels.h">
      <Filter>PublicLabels</Filter>
    </ClInclude>
    <ClInclude Include="PublicLabels\VDBFileWriteLabels.h">
      <Filter>PublicLabels</Filter>
    </ClInclude>
  </ItemGroup>
  <ItemGroup>
    <ClCompile Include="OpenVDBFileReadCommand.cpp" />
    <ClCompile Include="OpenVDBFileWriteCommand.cpp" />
    <ClCompile Include="OpenVDBCommandFactory.cpp" />
  </ItemGroup>
  <ItemGroup>
    <Filter Include="PublicLabels">
      <UniqueIdentifier>{d9acac73-38c5-4e16-9bbb-e748d84a4654}</UniqueIdentifier>
    </Filter>
  </ItemGroup>
</Project>