<?xml version="1.0" encoding="utf-8"?>
<Project ToolsVersion="4.0" xmlns="http://schemas.microsoft.com/developer/msbuild/2003">
  <ItemGroup>
    <ClCompile Include="VolumeImpl.cpp">
      <Filter>Impl</Filter>
    </ClCompile>
    <ClCompile Include="Converter.cpp">
      <Filter>Impl</Filter>
    </ClCompile>
    <ClCompile Include="OBJFileWriter.cpp">
      <Filter>FileIO</Filter>
    </ClCompile>
    <ClCompile Include="VDBVolume.cpp" />
    <ClCompile Include="VDBPolygonMesh.cpp" />
    <ClCompile Include="VDBAdapter.cpp" />
    <ClCompile Include="VDBFileReader.cpp">
      <Filter>FileIO</Filter>
    </ClCompile>
    <ClCompile Include="VDBFileWriter.cpp">
      <Filter>FileIO</Filter>
    </ClCompile>
    <ClCompile Include="VDBPolygonMeshPresenter.cpp" />
    <ClCompile Include="VDBParticleSystemConverter.cpp">
      <Filter>Converter</Filter>
    </ClCompile>
    <ClCompile Include="VDBParticleSystemImpl.cpp">
      <Filter>Impl</Filter>
    </ClCompile>
    <ClCompile Include="VDBPolygonMeshConverter.cpp">
      <Filter>Converter</Filter>
    </ClCompile>
    <ClCompile Include="VDBVolumePresenter.cpp" />
    <ClCompile Include="PolygonMeshImpl.cpp">
      <Filter>Impl</Filter>
    </ClCompile>
    <ClCompile Include="VDBVolumeConverter.cpp">
      <Filter>Converter</Filter>
    </ClCompile>
    <ClCompile Include="VDBParticleSystem.cpp">
      <Filter>ParticleSystem</Filter>
    </ClCompile>
    <ClCompile Include="VDBParticleSystemPresenter.cpp">
      <Filter>ParticleSystem</Filter>
    </ClCompile>
    <ClCompile Include="OBJFileReader.cpp">
      <Filter>FileIO</Filter>
    </ClCompile>
  </ItemGroup>
  <ItemGroup>
    <ClInclude Include="Converter.h">
      <Filter>Impl</Filter>
    </ClInclude>
    <ClInclude Include="VolumeImpl.h">
      <Filter>Impl</Filter>
    </ClInclude>
    <ClInclude Include="PolygonMeshImpl.h">
      <Filter>Impl</Filter>
    </ClInclude>
    <ClInclude Include="OBJFileWriter.h">
      <Filter>FileIO</Filter>
    </ClInclude>
    <ClInclude Include="VDBVolume.h" />
    <ClInclude Include="VDBPolygonMesh.h" />
    <ClInclude Include="VDBAdapter.h" />
    <ClInclude Include="VDBFileReader.h">
      <Filter>FileIO</Filter>
    </ClInclude>
    <ClInclude Include="VDBFileWriter.h">
      <Filter>FileIO</Filter>
    </ClInclude>
    <ClInclude Include="VDBPolygonMeshPresenter.h" />
    <ClInclude Include="VDBParticleSystemConverter.h">
      <Filter>Converter</Filter>
    </ClInclude>
    <ClInclude Include="VDBParticleSystemImpl.h">
      <Filter>Impl</Filter>
    </ClInclude>
    <ClInclude Include="VDBPolygonMeshConverter.h">
      <Filter>Converter</Filter>
    </ClInclude>
    <ClInclude Include="VDBVolumePresenter.h" />
    <ClInclude Include="VDBVolumeConverter.h">
      <Filter>Converter</Filter>
    </ClInclude>
    <ClInclude Include="VDBParticleSystem.h">
      <Filter>ParticleSystem</Filter>
    </ClInclude>
    <ClInclude Include="VDBParticleSystemPresenter.h">
      <Filter>ParticleSystem</Filter>
    </ClInclude>
    <ClInclude Include="OBJFileReader.h">
      <Filter>FileIO</Filter>
    </ClInclude>
  </ItemGroup>
  <ItemGroup>
    <Filter Include="Converter">
      <UniqueIdentifier>{2538a3bd-b862-4418-97e9-1652dd54d164}</UniqueIdentifier>
    </Filter>
    <Filter Include="FileIO">
      <UniqueIdentifier>{c5f10b5d-9511-410c-99ce-6ef985958a28}</UniqueIdentifier>
    </Filter>
    <Filter Include="Impl">
      <UniqueIdentifier>{0f07a8f8-2e2f-46b1-84e9-eb32e7f913f3}</UniqueIdentifier>
    </Filter>
    <Filter Include="ParticleSystem">
      <UniqueIdentifier>{d2aae527-4a64-4e57-84b8-245f2953f558}</UniqueIdentifier>
    </Filter>
  </ItemGroup>
</Project>