<?xml version="1.0" encoding="utf-8"?>
<Project ToolsVersion="4.0" xmlns="http://schemas.microsoft.com/developer/msbuild/2003">
  <ItemGroup>
    <Filter Include="ParticleSystem">
      <UniqueIdentifier>{b692e6b9-8534-4e0c-956d-c2a6f8999b79}</UniqueIdentifier>
    </Filter>
    <Filter Include="WireFrame">
      <UniqueIdentifier>{a5ad1f02-65d3-4663-a627-40b210d8797a}</UniqueIdentifier>
    </Filter>
    <Filter Include="PolygonMesh">
      <UniqueIdentifier>{2d1afe88-86ab-432e-b5ba-9cce9e366110}</UniqueIdentifier>
    </Filter>
    <Filter Include="Volume">
      <UniqueIdentifier>{454cd337-108e-4ca0-aeae-93dacbace1be}</UniqueIdentifier>
    </Filter>
  </ItemGroup>
  <ItemGroup>
    <ClInclude Include="TriangleMesh.h" />
    <ClInclude Include="IParticle.h">
      <Filter>ParticleSystem</Filter>
    </ClInclude>
    <ClInclude Include="Particle.h">
      <Filter>ParticleSystem</Filter>
    </ClInclude>
    <ClInclude Include="ParticleSystem.h">
      <Filter>ParticleSystem</Filter>
    </ClInclude>
    <ClInclude Include="WireFrame.h">
      <Filter>WireFrame</Filter>
    </ClInclude>
    <ClInclude Include="WireFrameBuilder.h">
      <Filter>WireFrame</Filter>
    </ClInclude>
    <ClInclude Include="PolygonMesh.h">
      <Filter>PolygonMesh</Filter>
    </ClInclude>
    <ClInclude Include="PolygonMeshBuilder.h">
      <Filter>PolygonMesh</Filter>
    </ClInclude>
    <ClInclude Include="Face.h">
      <Filter>PolygonMesh</Filter>
    </ClInclude>
    <ClInclude Include="IShape.h" />
    <ClInclude Include="Vertex.h">
      <Filter>PolygonMesh</Filter>
    </ClInclude>
    <ClInclude Include="IParticleSystem.h">
      <Filter>ParticleSystem</Filter>
    </ClInclude>
    <ClInclude Include="Volume.h">
      <Filter>Volume</Filter>
    </ClInclude>
    <ClInclude Include="FaceGroup.h">
      <Filter>PolygonMesh</Filter>
    </ClInclude>
  </ItemGroup>
  <ItemGroup>
    <ClCompile Include="WireFrame.cpp">
      <Filter>WireFrame</Filter>
    </ClCompile>
    <ClCompile Include="WireFrameBuilder.cpp">
      <Filter>WireFrame</Filter>
    </ClCompile>
    <ClCompile Include="PolygonMesh.cpp">
      <Filter>PolygonMesh</Filter>
    </ClCompile>
    <ClCompile Include="PolygonMeshBuilder.cpp">
      <Filter>PolygonMesh</Filter>
    </ClCompile>
    <ClCompile Include="Face.cpp">
      <Filter>PolygonMesh</Filter>
    </ClCompile>
    <ClCompile Include="Vertex.cpp">
      <Filter>PolygonMesh</Filter>
    </ClCompile>
    <ClCompile Include="Volume.cpp">
      <Filter>Volume</Filter>
    </ClCompile>
  </ItemGroup>
</Project>