<?xml version="1.0" encoding="utf-8"?>
<Project ToolsVersion="4.0" xmlns="http://schemas.microsoft.com/developer/msbuild/2003">
  <ItemGroup>
    <ClInclude Include="IShader.h" />
    <ClInclude Include="DepthBuffer.h" />
    <ClInclude Include="TextureObject.h">
      <Filter>Texture</Filter>
    </ClInclude>
    <ClInclude Include="DepthTextureObject.h">
      <Filter>Texture</Filter>
    </ClInclude>
    <ClInclude Include="CubeMapTextureObject.h">
      <Filter>Texture</Filter>
    </ClInclude>
    <ClInclude Include="OnScreenRenderer.h">
      <Filter>Renderer</Filter>
    </ClInclude>
    <ClInclude Include="ITextureObject.h">
      <Filter>Texture</Filter>
    </ClInclude>
    <ClInclude Include="DepthRenderer.h">
      <Filter>Renderer</Filter>
    </ClInclude>
    <ClInclude Include="ShaderObject.h">
      <Filter>Shader</Filter>
    </ClInclude>
    <ClInclude Include="ShaderUnit.h">
      <Filter>Shader</Filter>
    </ClInclude>
    <ClInclude Include="IShaderCommand.h">
      <Filter>Shader</Filter>
    </ClInclude>
    <ClInclude Include="glew.h">
      <Filter>ThirdParty</Filter>
    </ClInclude>
    <ClInclude Include="GLObjectFactory.h" />
    <ClInclude Include="FrameBufferObject.h">
      <Filter>FrameBufferObject</Filter>
    </ClInclude>
    <ClInclude Include="IGLObject.h" />
    <ClInclude Include="VertexBufferObject.h" />
    <ClInclude Include="VertexArrayObject.h" />
    <ClInclude Include="BillBoardRenderer.h">
      <Filter>Renderer</Filter>
    </ClInclude>
    <ClInclude Include="PointRenderer.h">
      <Filter>Renderer</Filter>
    </ClInclude>
    <ClInclude Include="LineRenderer.h">
      <Filter>Renderer</Filter>
    </ClInclude>
    <ClInclude Include="TriangleRenderer.h">
      <Filter>Renderer</Filter>
    </ClInclude>
    <ClInclude Include="SmoothRenderer.h">
      <Filter>Renderer</Filter>
    </ClInclude>
    <ClInclude Include="ShaderBuildStatus.h">
      <Filter>Shader</Filter>
    </ClInclude>
    <ClInclude Include="IRenderer.h">
      <Filter>Renderer</Filter>
    </ClInclude>
  </ItemGroup>
  <ItemGroup>
    <ClCompile Include="DepthBuffer.cpp" />
    <ClCompile Include="TextureObject.cpp">
      <Filter>Texture</Filter>
    </ClCompile>
    <ClCompile Include="DepthTextureObject.cpp">
      <Filter>Texture</Filter>
    </ClCompile>
    <ClCompile Include="CubeMapTextureObject.cpp">
      <Filter>Texture</Filter>
    </ClCompile>
    <ClCompile Include="OnScreenRenderer.cpp">
      <Filter>Renderer</Filter>
    </ClCompile>
    <ClCompile Include="DepthRenderer.cpp">
      <Filter>Renderer</Filter>
    </ClCompile>
    <ClCompile Include="ShaderObject.cpp">
      <Filter>Shader</Filter>
    </ClCompile>
    <ClCompile Include="ShaderUnit.cpp">
      <Filter>Shader</Filter>
    </ClCompile>
    <ClCompile Include="IShaderCommand.cpp">
      <Filter>Shader</Filter>
    </ClCompile>
    <ClCompile Include="FrameBufferObject.cpp">
      <Filter>FrameBufferObject</Filter>
    </ClCompile>
    <ClCompile Include="VertexBufferObject.cpp" />
    <ClCompile Include="VertexArrayObject.cpp" />
    <ClCompile Include="BillBoardRenderer.cpp">
      <Filter>Renderer</Filter>
    </ClCompile>
    <ClCompile Include="PointRenderer.cpp">
      <Filter>Renderer</Filter>
    </ClCompile>
    <ClCompile Include="LineRenderer.cpp">
      <Filter>Renderer</Filter>
    </ClCompile>
    <ClCompile Include="TriangleRenderer.cpp">
      <Filter>Renderer</Filter>
    </ClCompile>
    <ClCompile Include="SmoothRenderer.cpp">
      <Filter>Renderer</Filter>
    </ClCompile>
    <ClCompile Include="GLObjectFactory.cpp" />
  </ItemGroup>
  <ItemGroup>
    <Filter Include="Texture">
      <UniqueIdentifier>{b674cba5-2b4e-43ba-9ca3-edccfd2796c6}</UniqueIdentifier>
    </Filter>
    <Filter Include="Renderer">
      <UniqueIdentifier>{375a7282-15d1-4f4c-8f37-b7f3f25cd716}</UniqueIdentifier>
    </Filter>
    <Filter Include="Shader">
      <UniqueIdentifier>{53bde5a9-c60d-4ac5-bdeb-b8fec0a09a10}</UniqueIdentifier>
    </Filter>
    <Filter Include="ThirdParty">
      <UniqueIdentifier>{82cfef0e-80f9-455c-98ef-e769624a9550}</UniqueIdentifier>
    </Filter>
    <Filter Include="FrameBufferObject">
      <UniqueIdentifier>{0eb75a70-24db-4e2c-a2a8-5bb54cfc44e7}</UniqueIdentifier>
    </Filter>
  </ItemGroup>
</Project>