<?xml version="1.0" encoding="utf-8"?>
<Project ToolsVersion="4.0" xmlns="http://schemas.microsoft.com/developer/msbuild/2003">
  <ItemGroup>
    <None Include="packages.config" />
  </ItemGroup>
  <ItemGroup>
    <ClInclude Include="UUID.h" />
    <ClInclude Include="IScene.h">
      <Filter>Scene</Filter>
    </ClInclude>
    <ClInclude Include="IShapeScene.h">
      <Filter>Scene\Shape</Filter>
    </ClInclude>
    <ClInclude Include="SceneType.h">
      <Filter>Scene</Filter>
    </ClInclude>
    <ClInclude Include="SceneId.h" />
    <ClInclude Include="SceneFactory.h">
      <Filter>Scene</Filter>
    </ClInclude>
    <ClInclude Include="Scene.h">
      <Filter>Scene</Filter>
    </ClInclude>
    <ClInclude Include="SceneIdProvider.h">
      <Filter>Scene</Filter>
    </ClInclude>
    <ClInclude Include="LightScene.h">
      <Filter>Scene\Appearance</Filter>
    </ClInclude>
    <ClInclude Include="MaterialScene.h">
      <Filter>Scene\Appearance</Filter>
    </ClInclude>
    <ClInclude Include="PolygonMeshScene.h">
      <Filter>Scene\Shape\PolygonMesh</Filter>
    </ClInclude>
    <ClInclude Include="ParticleAttribute.h">
      <Filter>Scene\Shape\ParticleSystem</Filter>
    </ClInclude>
    <ClInclude Include="ParticleSystemScene.h">
      <Filter>Scene\Shape\ParticleSystem</Filter>
    </ClInclude>
    <ClInclude Include="WireFrameAttribute.h">
      <Filter>Scene\Shape\WireFrame</Filter>
    </ClInclude>
    <ClInclude Include="WireFrameScene.h">
      <Filter>Scene\Shape\WireFrame</Filter>
    </ClInclude>
    <ClInclude Include="TransformScene.h">
      <Filter>Scene\Transform</Filter>
    </ClInclude>
    <ClInclude Include="World.h" />
    <ClInclude Include="FaceGroupScene.h">
      <Filter>Scene\Shape\PolygonMesh</Filter>
    </ClInclude>
    <ClInclude Include="TriangleMeshScene.h">
      <Filter>Scene\Shape\TriangleMesh</Filter>
    </ClInclude>
    <ClInclude Include="VolumeScene.h">
      <Filter>Scene\Shape\Volume</Filter>
    </ClInclude>
    <ClInclude Include="IPoint.h">
      <Filter>Scene\Shape</Filter>
    </ClInclude>
    <ClInclude Include="CameraScene.h">
      <Filter>Scene\Appearance</Filter>
    </ClInclude>
    <ClInclude Include="TextureScene.h">
      <Filter>Scene\Appearance</Filter>
    </ClInclude>
    <ClInclude Include="PointShaderBuffer.h">
      <Filter>Renderer\Point</Filter>
    </ClInclude>
    <ClInclude Include="LineShaderBuffer.h">
      <Filter>Renderer\Line</Filter>
    </ClInclude>
    <ClInclude Include="ShaderScene.h">
      <Filter>Renderer</Filter>
    </ClInclude>
    <ClInclude Include="SmoothShaderBuffer.h">
      <Filter>Renderer\Smooth</Filter>
    </ClInclude>
    <ClInclude Include="PointBuffer.h">
      <Filter>Renderer\Point</Filter>
    </ClInclude>
    <ClInclude Include="IShader.h">
      <Filter>Renderer</Filter>
    </ClInclude>
    <ClInclude Include="PointShader.h">
      <Filter>Renderer\Point</Filter>
    </ClInclude>
    <ClInclude Include="SmoothShader.h">
      <Filter>Renderer\Smooth</Filter>
    </ClInclude>
    <ClInclude Include="ScreenShader.h">
      <Filter>Renderer\Screen</Filter>
    </ClInclude>
    <ClInclude Include="ScreenShaderBuffer.h">
      <Filter>Renderer\Screen</Filter>
    </ClInclude>
    <ClInclude Include="LineShader.h">
      <Filter>Renderer\Line</Filter>
    </ClInclude>
    <ClInclude Include="LineBuffer.h">
      <Filter>Renderer\Line</Filter>
    </ClInclude>
    <ClInclude Include="ScreenIdShader.h">
      <Filter>Renderer\ScreenId</Filter>
    </ClInclude>
    <ClInclude Include="ScreenIdShaderBuffer.h">
      <Filter>Renderer\ScreenId</Filter>
    </ClInclude>
    <ClInclude Include="TriangleShader.h">
      <Filter>Renderer\Triangle</Filter>
    </ClInclude>
    <ClInclude Include="TextureShaderBuffer.h">
      <Filter>Renderer\Texture</Filter>
    </ClInclude>
  </ItemGroup>
  <ItemGroup>
    <ClCompile Include="IScene.cpp">
      <Filter>Scene</Filter>
    </ClCompile>
    <ClCompile Include="SceneFactory.cpp">
      <Filter>Scene</Filter>
    </ClCompile>
    <ClCompile Include="Scene.cpp">
      <Filter>Scene</Filter>
    </ClCompile>
    <ClCompile Include="LightScene.cpp">
      <Filter>Scene\Appearance</Filter>
    </ClCompile>
    <ClCompile Include="PolygonMeshScene.cpp">
      <Filter>Scene\Shape\PolygonMesh</Filter>
    </ClCompile>
    <ClCompile Include="ParticleSystemScene.cpp">
      <Filter>Scene\Shape\ParticleSystem</Filter>
    </ClCompile>
    <ClCompile Include="WireFrameScene.cpp">
      <Filter>Scene\Shape\WireFrame</Filter>
    </ClCompile>
    <ClCompile Include="MaterialScene.cpp">
      <Filter>Scene\Appearance</Filter>
    </ClCompile>
    <ClCompile Include="TransformScene.cpp">
      <Filter>Scene\Transform</Filter>
    </ClCompile>
    <ClCompile Include="World.cpp" />
    <ClCompile Include="TriangleMeshScene.cpp">
      <Filter>Scene\Shape\TriangleMesh</Filter>
    </ClCompile>
    <ClCompile Include="VolumeScene.cpp">
      <Filter>Scene\Shape\Volume</Filter>
    </ClCompile>
    <ClCompile Include="FaceGroupScene.cpp">
      <Filter>Scene\Shape\PolygonMesh</Filter>
    </ClCompile>
    <ClCompile Include="TextureScene.cpp">
      <Filter>Scene\Appearance</Filter>
    </ClCompile>
    <ClCompile Include="PointShaderBuffer.cpp">
      <Filter>Renderer\Point</Filter>
    </ClCompile>
    <ClCompile Include="LineShaderBuffer.cpp">
      <Filter>Renderer\Line</Filter>
    </ClCompile>
    <ClCompile Include="ShaderScene.cpp">
      <Filter>Renderer</Filter>
    </ClCompile>
    <ClCompile Include="SmoothShaderBuffer.cpp">
      <Filter>Renderer\Smooth</Filter>
    </ClCompile>
    <ClCompile Include="PointShader.cpp">
      <Filter>Renderer\Point</Filter>
    </ClCompile>
    <ClCompile Include="SmoothShader.cpp">
      <Filter>Renderer\Smooth</Filter>
    </ClCompile>
    <ClCompile Include="ScreenShader.cpp">
      <Filter>Renderer\Screen</Filter>
    </ClCompile>
    <ClCompile Include="ScreenShaderBuffer.cpp">
      <Filter>Renderer\Screen</Filter>
    </ClCompile>
    <ClCompile Include="LineShader.cpp">
      <Filter>Renderer\Line</Filter>
    </ClCompile>
    <ClCompile Include="ScreenIdShader.cpp">
      <Filter>Renderer\ScreenId</Filter>
    </ClCompile>
    <ClCompile Include="TriangleShader.cpp">
      <Filter>Renderer\Triangle</Filter>
    </ClCompile>
    <ClCompile Include="ScreenIdShaderBuffer.cpp">
      <Filter>Renderer\ScreenId</Filter>
    </ClCompile>
    <ClCompile Include="TextureShaderBuffer.cpp">
      <Filter>Renderer\Texture</Filter>
    </ClCompile>
  </ItemGroup>
  <ItemGroup>
    <Filter Include="Scene">
      <UniqueIdentifier>{b8ac2286-41a7-4c7a-8e11-7f3ca28786ef}</UniqueIdentifier>
    </Filter>
    <Filter Include="Scene\Shape">
      <UniqueIdentifier>{27b37c2d-3ec6-4cde-8dbe-4e0905e7cd52}</UniqueIdentifier>
    </Filter>
    <Filter Include="Scene\Appearance">
      <UniqueIdentifier>{b3e58cb2-98f8-4ebd-af48-c18db3dce8fd}</UniqueIdentifier>
    </Filter>
    <Filter Include="Scene\Shape\PolygonMesh">
      <UniqueIdentifier>{e541b7cb-5f77-473c-aa74-c3ee9d0dd728}</UniqueIdentifier>
    </Filter>
    <Filter Include="Scene\Shape\ParticleSystem">
      <UniqueIdentifier>{5bd90439-7295-49c0-a06b-3c7790169911}</UniqueIdentifier>
    </Filter>
    <Filter Include="Scene\Shape\WireFrame">
      <UniqueIdentifier>{09fb888a-ebba-4ade-9e15-4b067cb8f0c8}</UniqueIdentifier>
    </Filter>
    <Filter Include="Scene\Transform">
      <UniqueIdentifier>{cc2dee8e-1aa8-4b36-971f-d59b4361fad8}</UniqueIdentifier>
    </Filter>
    <Filter Include="Renderer">
      <UniqueIdentifier>{442dc2c7-873a-40c4-a519-d8ff2e247cb4}</UniqueIdentifier>
    </Filter>
    <Filter Include="Renderer\Point">
      <UniqueIdentifier>{49b90fdf-90d4-4783-b57f-e098b1691c16}</UniqueIdentifier>
    </Filter>
    <Filter Include="Renderer\Line">
      <UniqueIdentifier>{f769a1c5-59b7-4df8-baee-b951b683673b}</UniqueIdentifier>
    </Filter>
    <Filter Include="Scene\Shape\TriangleMesh">
      <UniqueIdentifier>{74600514-a3cc-49be-8c9f-04f5fab37c08}</UniqueIdentifier>
    </Filter>
    <Filter Include="Scene\Shape\Volume">
      <UniqueIdentifier>{e4eec2bb-f092-4b14-864c-f47953c88957}</UniqueIdentifier>
    </Filter>
    <Filter Include="Renderer\Smooth">
      <UniqueIdentifier>{ab71925f-3edc-4808-b231-7094ef2b8fc1}</UniqueIdentifier>
    </Filter>
    <Filter Include="Renderer\Triangle">
      <UniqueIdentifier>{88b8dc67-ef55-415e-8748-bdd81864b242}</UniqueIdentifier>
    </Filter>
    <Filter Include="Renderer\Screen">
      <UniqueIdentifier>{047ecd1c-8082-4ba8-865d-2104aa99fc07}</UniqueIdentifier>
    </Filter>
    <Filter Include="Renderer\ScreenId">
      <UniqueIdentifier>{10586be7-6032-4329-8d9f-49fb8c1d71a1}</UniqueIdentifier>
    </Filter>
    <Filter Include="Renderer\Texture">
      <UniqueIdentifier>{571391d4-42bd-4ef6-90ca-d2ae252713fd}</UniqueIdentifier>
    </Filter>
  </ItemGroup>
</Project>