<?xml version="1.0" encoding="utf-8"?>
<Project ToolsVersion="4.0" xmlns="http://schemas.microsoft.com/developer/msbuild/2003">
  <ItemGroup>
    <None Include="packages.config" />
  </ItemGroup>
  <ItemGroup>
    <ClInclude Include="UUID.h" />
    <ClInclude Include="FileFormat.h">
      <Filter>FileIO</Filter>
    </ClInclude>
    <ClInclude Include="FileExporter.h">
      <Filter>FileIO</Filter>
    </ClInclude>
    <ClInclude Include="FileImporter.h">
      <Filter>FileIO</Filter>
    </ClInclude>
    <ClInclude Include="STLFileImporter.h">
      <Filter>FileIO\STL</Filter>
    </ClInclude>
    <ClInclude Include="OBJFileImporter.h">
      <Filter>FileIO\OBJ</Filter>
    </ClInclude>
    <ClInclude Include="PCDFileImporter.h">
      <Filter>FileIO\PCD</Filter>
    </ClInclude>
    <ClInclude Include="OBJFileExporter.h">
      <Filter>FileIO\OBJ</Filter>
    </ClInclude>
    <ClInclude Include="STLFileExporter.h">
      <Filter>FileIO\STL</Filter>
    </ClInclude>
    <ClInclude Include="PCDFileExporter.h">
      <Filter>FileIO\PCD</Filter>
    </ClInclude>
    <ClInclude Include="IScene.h">
      <Filter>Scene</Filter>
    </ClInclude>
    <ClInclude Include="IShapeScene.h">
      <Filter>Scene\Shape</Filter>
    </ClInclude>
    <ClInclude Include="SceneType.h">
      <Filter>Scene</Filter>
    </ClInclude>
    <ClInclude Include="SceneId.h" />
    <ClInclude Include="ViewModel.h">
      <Filter>ViewModel</Filter>
    </ClInclude>
    <ClInclude Include="SceneFactory.h">
      <Filter>Scene</Filter>
    </ClInclude>
    <ClInclude Include="Scene.h">
      <Filter>Scene</Filter>
    </ClInclude>
    <ClInclude Include="SceneIdProvider.h">
      <Filter>Scene</Filter>
    </ClInclude>
    <ClInclude Include="VolumeScene.h">
      <Filter>Scene\Shape</Filter>
    </ClInclude>
    <ClInclude Include="SceneViewModel.h">
      <Filter>ViewModel</Filter>
    </ClInclude>
    <ClInclude Include="SceneIdViewModel.h">
      <Filter>ViewModel</Filter>
    </ClInclude>
    <ClInclude Include="LightScene.h">
      <Filter>Scene\Appearance</Filter>
    </ClInclude>
    <ClInclude Include="MaterialScene.h">
      <Filter>Scene\Appearance</Filter>
    </ClInclude>
    <ClInclude Include="PolygonMeshScene.h">
      <Filter>Scene\Shape\PolygonMesh</Filter>
    </ClInclude>
    <ClInclude Include="FaceGroupScene.h">
      <Filter>Scene\Shape\PolygonMesh</Filter>
    </ClInclude>
    <ClInclude Include="ParticleAttribute.h">
      <Filter>Scene\Shape\ParticleSystem</Filter>
    </ClInclude>
    <ClInclude Include="ParticleSystemScene.h">
      <Filter>Scene\Shape\ParticleSystem</Filter>
    </ClInclude>
    <ClInclude Include="WireFrameAttribute.h">
      <Filter>Scene\Shape\WireFrame</Filter>
    </ClInclude>
    <ClInclude Include="WireFrameScene.h">
      <Filter>Scene\Shape\WireFrame</Filter>
    </ClInclude>
    <ClInclude Include="CameraScene.h">
      <Filter>Scene\Appearance</Filter>
    </ClInclude>
    <ClInclude Include="TransformScene.h">
      <Filter>Scene\Transform</Filter>
    </ClInclude>
    <ClInclude Include="RootScene.h" />
    <ClInclude Include="SceneBuilder.h" />
    <ClInclude Include="ShaderScene.h">
      <Filter>ShaderScene</Filter>
    </ClInclude>
    <ClInclude Include="PointShaderScene.h">
      <Filter>ShaderScene</Filter>
    </ClInclude>
    <ClInclude Include="IShaderScene.h">
      <Filter>ShaderScene</Filter>
    </ClInclude>
    <ClInclude Include="RootShaderScene.h">
      <Filter>ShaderScene</Filter>
    </ClInclude>
    <ClInclude Include="TextureScene.h">
      <Filter>ShaderScene</Filter>
    </ClInclude>
    <ClInclude Include="LineShaderScene.h">
      <Filter>ShaderScene</Filter>
    </ClInclude>
    <ClInclude Include="SmoothShaderScene.h">
      <Filter>ShaderScene</Filter>
    </ClInclude>
  </ItemGroup>
  <ItemGroup>
    <ClCompile Include="FileExporter.cpp">
      <Filter>FileIO</Filter>
    </ClCompile>
    <ClCompile Include="FileImporter.cpp">
      <Filter>FileIO</Filter>
    </ClCompile>
    <ClCompile Include="STLFileImporter.cpp">
      <Filter>FileIO\STL</Filter>
    </ClCompile>
    <ClCompile Include="OBJFileImporter.cpp">
      <Filter>FileIO\OBJ</Filter>
    </ClCompile>
    <ClCompile Include="PCDFileImporter.cpp">
      <Filter>FileIO\PCD</Filter>
    </ClCompile>
    <ClCompile Include="OBJFileExporter.cpp">
      <Filter>FileIO\OBJ</Filter>
    </ClCompile>
    <ClCompile Include="STLFileExporter.cpp">
      <Filter>FileIO\STL</Filter>
    </ClCompile>
    <ClCompile Include="PCDFileExporter.cpp">
      <Filter>FileIO\PCD</Filter>
    </ClCompile>
    <ClCompile Include="IScene.cpp">
      <Filter>Scene</Filter>
    </ClCompile>
    <ClCompile Include="SceneFactory.cpp">
      <Filter>Scene</Filter>
    </ClCompile>
    <ClCompile Include="Scene.cpp">
      <Filter>Scene</Filter>
    </ClCompile>
    <ClCompile Include="LightScene.cpp">
      <Filter>Scene\Appearance</Filter>
    </ClCompile>
    <ClCompile Include="PolygonMeshScene.cpp">
      <Filter>Scene\Shape\PolygonMesh</Filter>
    </ClCompile>
    <ClCompile Include="FaceGroupScene.cpp">
      <Filter>Scene\Shape\PolygonMesh</Filter>
    </ClCompile>
    <ClCompile Include="ParticleSystemScene.cpp">
      <Filter>Scene\Shape\ParticleSystem</Filter>
    </ClCompile>
    <ClCompile Include="WireFrameScene.cpp">
      <Filter>Scene\Shape\WireFrame</Filter>
    </ClCompile>
    <ClCompile Include="MaterialScene.cpp">
      <Filter>Scene\Appearance</Filter>
    </ClCompile>
    <ClCompile Include="TransformScene.cpp">
      <Filter>Scene\Transform</Filter>
    </ClCompile>
    <ClCompile Include="RootScene.cpp" />
    <ClCompile Include="SceneBuilder.cpp" />
    <ClCompile Include="ShaderScene.cpp">
      <Filter>ShaderScene</Filter>
    </ClCompile>
    <ClCompile Include="PointShaderScene.cpp">
      <Filter>ShaderScene</Filter>
    </ClCompile>
    <ClCompile Include="TextureScene.cpp">
      <Filter>ShaderScene</Filter>
    </ClCompile>
    <ClCompile Include="IShaderScene.cpp">
      <Filter>ShaderScene</Filter>
    </ClCompile>
    <ClCompile Include="LineShaderScene.cpp">
      <Filter>ShaderScene</Filter>
    </ClCompile>
    <ClCompile Include="SmoothShaderScene.cpp">
      <Filter>ShaderScene</Filter>
    </ClCompile>
  </ItemGroup>
  <ItemGroup>
    <Filter Include="FileIO">
      <UniqueIdentifier>{beb36380-0e7c-4d6f-9c2b-494d9cb328f4}</UniqueIdentifier>
    </Filter>
    <Filter Include="FileIO\STL">
      <UniqueIdentifier>{a56d1d37-dae8-4a33-8256-06be8311463c}</UniqueIdentifier>
    </Filter>
    <Filter Include="FileIO\OBJ">
      <UniqueIdentifier>{e3ea69e2-4a46-4b40-a582-f5949fba0a68}</UniqueIdentifier>
    </Filter>
    <Filter Include="FileIO\PCD">
      <UniqueIdentifier>{719573c3-31e4-4d26-aab0-0a675a7b0967}</UniqueIdentifier>
    </Filter>
    <Filter Include="Scene">
      <UniqueIdentifier>{b8ac2286-41a7-4c7a-8e11-7f3ca28786ef}</UniqueIdentifier>
    </Filter>
    <Filter Include="Scene\Shape">
      <UniqueIdentifier>{27b37c2d-3ec6-4cde-8dbe-4e0905e7cd52}</UniqueIdentifier>
    </Filter>
    <Filter Include="ViewModel">
      <UniqueIdentifier>{b4af8391-a4b7-4fb7-84d7-1c71fb361279}</UniqueIdentifier>
    </Filter>
    <Filter Include="Scene\Appearance">
      <UniqueIdentifier>{b3e58cb2-98f8-4ebd-af48-c18db3dce8fd}</UniqueIdentifier>
    </Filter>
    <Filter Include="Scene\Shape\PolygonMesh">
      <UniqueIdentifier>{e541b7cb-5f77-473c-aa74-c3ee9d0dd728}</UniqueIdentifier>
    </Filter>
    <Filter Include="Scene\Shape\ParticleSystem">
      <UniqueIdentifier>{5bd90439-7295-49c0-a06b-3c7790169911}</UniqueIdentifier>
    </Filter>
    <Filter Include="Scene\Shape\WireFrame">
      <UniqueIdentifier>{09fb888a-ebba-4ade-9e15-4b067cb8f0c8}</UniqueIdentifier>
    </Filter>
    <Filter Include="Scene\Transform">
      <UniqueIdentifier>{cc2dee8e-1aa8-4b36-971f-d59b4361fad8}</UniqueIdentifier>
    </Filter>
    <Filter Include="ShaderScene">
      <UniqueIdentifier>{da606853-d3a7-41d3-8f8f-db26d68099d8}</UniqueIdentifier>
    </Filter>
  </ItemGroup>
</Project>