<?xml version="1.0" encoding="utf-8"?>
<Project ToolsVersion="4.0" xmlns="http://schemas.microsoft.com/developer/msbuild/2003">
  <ItemGroup>
    <ClInclude Include="RectSelectUICtrl.h" />
    <ClInclude Include="IMouseListener.h" />
    <ClInclude Include="IKeyListener.h" />
    <ClInclude Include="FileReader.h" />
    <ClInclude Include="ViewModel3d.h" />
    <ClInclude Include="Model.h" />
    <ClInclude Include="Canvas.h" />
    <ClInclude Include="PolygonMeshObject.h">
      <Filter>Object</Filter>
    </ClInclude>
    <ClInclude Include="WireFrameObject.h">
      <Filter>Object</Filter>
    </ClInclude>
    <ClInclude Include="ParticleSystemObject.h">
      <Filter>Object</Filter>
    </ClInclude>
    <ClInclude Include="IObject.h">
      <Filter>Object</Filter>
    </ClInclude>
    <ClInclude Include="CameraUICtrl.h">
      <Filter>UICtrl</Filter>
    </ClInclude>
    <ClInclude Include="PickUICtrl.h">
      <Filter>UICtrl</Filter>
    </ClInclude>
    <ClInclude Include="IUICtrl.h">
      <Filter>UICtrl</Filter>
    </ClInclude>
    <ClInclude Include="Renderer.h" />
    <ClInclude Include="LightObject.h">
      <Filter>Object</Filter>
    </ClInclude>
    <ClInclude Include="MaterialObject.h">
      <Filter>Object</Filter>
    </ClInclude>
    <ClInclude Include="IObjectRepository.h">
      <Filter>Repository</Filter>
    </ClInclude>
    <ClInclude Include="FileWriter.h" />
    <ClInclude Include="ObjectRepository.h">
      <Filter>Repository\Object</Filter>
    </ClInclude>
    <ClInclude Include="ParticleSystemObjectRepository.h">
      <Filter>Repository\Object</Filter>
    </ClInclude>
    <ClInclude Include="PolygonMeshObjectRepository.h">
      <Filter>Repository\Object</Filter>
    </ClInclude>
    <ClInclude Include="WireFrameObjectRepository.h">
      <Filter>Repository\Object</Filter>
    </ClInclude>
    <ClInclude Include="AppearanceRepository.h">
      <Filter>Repository\Appearance</Filter>
    </ClInclude>
    <ClInclude Include="LightObjectRepository.h">
      <Filter>Repository\Appearance</Filter>
    </ClInclude>
    <ClInclude Include="MaterialObjectRepository.h">
      <Filter>Repository\Appearance</Filter>
    </ClInclude>
  </ItemGroup>
  <ItemGroup>
    <ClCompile Include="FileReader.cpp" />
    <ClCompile Include="ViewModel3d.cpp" />
    <ClCompile Include="Model.cpp" />
    <ClCompile Include="Canvas.cpp" />
    <ClCompile Include="CameraUICtrl.cpp">
      <Filter>UICtrl</Filter>
    </ClCompile>
    <ClCompile Include="PickUICtrl.cpp">
      <Filter>UICtrl</Filter>
    </ClCompile>
    <ClCompile Include="Renderer.cpp" />
    <ClCompile Include="FileWriter.cpp" />
    <ClCompile Include="ParticleSystemObjectRepository.cpp">
      <Filter>Repository\Object</Filter>
    </ClCompile>
    <ClCompile Include="ObjectRepository.cpp">
      <Filter>Repository\Object</Filter>
    </ClCompile>
    <ClCompile Include="PolygonMeshObjectRepository.cpp">
      <Filter>Repository\Object</Filter>
    </ClCompile>
    <ClCompile Include="WireFrameObjectRepository.cpp">
      <Filter>Repository\Object</Filter>
    </ClCompile>
    <ClCompile Include="LightObjectRepository.cpp">
      <Filter>Repository\Appearance</Filter>
    </ClCompile>
    <ClCompile Include="MaterialObjectRepository.cpp">
      <Filter>Repository\Appearance</Filter>
    </ClCompile>
  </ItemGroup>
  <ItemGroup>
    <None Include="packages.config" />
  </ItemGroup>
  <ItemGroup>
    <Filter Include="Object">
      <UniqueIdentifier>{53c3706e-452d-4276-a069-0001c4555325}</UniqueIdentifier>
    </Filter>
    <Filter Include="UICtrl">
      <UniqueIdentifier>{19c55112-e744-4618-919d-81f8d51de695}</UniqueIdentifier>
    </Filter>
    <Filter Include="Repository">
      <UniqueIdentifier>{febe5541-930a-4afc-9847-a8ee6fa2f7a1}</UniqueIdentifier>
    </Filter>
    <Filter Include="Repository\Appearance">
      <UniqueIdentifier>{aa69ae0e-3e82-4cdb-99df-e9bc7a37a441}</UniqueIdentifier>
    </Filter>
    <Filter Include="Repository\Object">
      <UniqueIdentifier>{0414d09d-d281-4135-ae3b-82e0888d1f4e}</UniqueIdentifier>
    </Filter>
  </ItemGroup>
</Project>