<?xml version="1.0" encoding="utf-8"?>
<Project ToolsVersion="4.0" xmlns="http://schemas.microsoft.com/developer/msbuild/2003">
  <ItemGroup>
    <ClInclude Include="Octree.h">
      <Filter>Search</Filter>
    </ClInclude>
    <ClInclude Include="SpaceHash.h">
      <Filter>Search</Filter>
    </ClInclude>
    <ClInclude Include="IntersectionAlgo.h">
      <Filter>Intersection</Filter>
    </ClInclude>
    <ClInclude Include="BooleanAlgo.h">
      <Filter>Boolean</Filter>
    </ClInclude>
    <ClInclude Include="MarchingCubesAlgo.h">
      <Filter>MarchingCubes</Filter>
    </ClInclude>
    <ClInclude Include="MarchingCubesTable.h">
      <Filter>MarchingCubes</Filter>
    </ClInclude>
    <ClInclude Include="VolumeConverter.h">
      <Filter>Volume</Filter>
    </ClInclude>
    <ClInclude Include="Volume3d.h">
      <Filter>Volume</Filter>
    </ClInclude>
    <ClInclude Include="VolumeBuilder.h">
      <Filter>Volume</Filter>
    </ClInclude>
  </ItemGroup>
  <ItemGroup>
    <ClCompile Include="Octree.cpp">
      <Filter>Search</Filter>
    </ClCompile>
    <ClCompile Include="SpaceHash.cpp">
      <Filter>Search</Filter>
    </ClCompile>
    <ClCompile Include="IntersectionAlgo.cpp">
      <Filter>Intersection</Filter>
    </ClCompile>
    <ClCompile Include="BooleanAlgo.cpp">
      <Filter>Boolean</Filter>
    </ClCompile>
    <ClCompile Include="csgjs.h">
      <Filter>Boolean</Filter>
    </ClCompile>
    <ClCompile Include="MarchingCubesAlgo.cpp">
      <Filter>MarchingCubes</Filter>
    </ClCompile>
    <ClCompile Include="VolumeConverter.cpp">
      <Filter>Volume</Filter>
    </ClCompile>
    <ClCompile Include="Volume3d.cpp">
      <Filter>Volume</Filter>
    </ClCompile>
    <ClCompile Include="VolumeBuilder.cpp">
      <Filter>Volume</Filter>
    </ClCompile>
  </ItemGroup>
  <ItemGroup>
    <Filter Include="Search">
      <UniqueIdentifier>{e3a4c719-e1a6-4082-a18a-bf9d62b1fdcd}</UniqueIdentifier>
    </Filter>
    <Filter Include="Boolean">
      <UniqueIdentifier>{5a5a415d-e902-4344-98bc-c2c00f4b0cd5}</UniqueIdentifier>
    </Filter>
    <Filter Include="Intersection">
      <UniqueIdentifier>{0048fd5c-36a5-427c-a1c4-7e067be63738}</UniqueIdentifier>
    </Filter>
    <Filter Include="MarchingCubes">
      <UniqueIdentifier>{6d4a5a03-215a-4a8a-b4e5-c6cdd72662bf}</UniqueIdentifier>
    </Filter>
    <Filter Include="Volume">
      <UniqueIdentifier>{aa657a9f-2f54-427f-a595-70f197e46c21}</UniqueIdentifier>
    </Filter>
  </ItemGroup>
</Project>