<?xml version="1.0" encoding="utf-8"?>
<Project ToolsVersion="4.0" xmlns="http://schemas.microsoft.com/developer/msbuild/2003">
  <ItemGroup>
    <ClCompile Include="tinyfiledialogs.cpp" />
    <ClCompile Include="Window.cpp" />
    <ClCompile Include="imgui.cpp">
      <Filter>imgui</Filter>
    </ClCompile>
    <ClCompile Include="imgui_draw.cpp">
      <Filter>imgui</Filter>
    </ClCompile>
    <ClCompile Include="IPopupButton.cpp">
      <Filter>Window</Filter>
    </ClCompile>
    <ClCompile Include="IPanel.cpp">
      <Filter>Window</Filter>
    </ClCompile>
    <ClCompile Include="SelectionPanel.cpp">
      <Filter>Selection</Filter>
    </ClCompile>
    <ClCompile Include="ObjectSelectButton.cpp">
      <Filter>Selection</Filter>
    </ClCompile>
    <ClCompile Include="PositionSelectButton.cpp">
      <Filter>Selection</Filter>
    </ClCompile>
    <ClCompile Include="TransformPanel.cpp">
      <Filter>Transform</Filter>
    </ClCompile>
    <ClCompile Include="imgui_impl_glfw.cpp">
      <Filter>imgui</Filter>
    </ClCompile>
    <ClCompile Include="imgui_impl_opengl3.cpp">
      <Filter>imgui</Filter>
    </ClCompile>
    <ClCompile Include="imgui_widgets.cpp">
      <Filter>imgui</Filter>
    </ClCompile>
    <ClCompile Include="imgui_stdlib.cpp">
      <Filter>imgui</Filter>
    </ClCompile>
    <ClCompile Include="AppearancePanel.cpp">
      <Filter>Appearance</Filter>
    </ClCompile>
    <ClCompile Include="MaterialTreeList.cpp">
      <Filter>Appearance\Material</Filter>
    </ClCompile>
    <ClCompile Include="TextureTreeList.cpp">
      <Filter>Appearance\Texture</Filter>
    </ClCompile>
    <ClCompile Include="LightTreeList.cpp">
      <Filter>Appearance\Light</Filter>
    </ClCompile>
    <ClCompile Include="MaterialAddButton.cpp">
      <Filter>Appearance\Material</Filter>
    </ClCompile>
    <ClCompile Include="ParticleSystemTreeList.cpp">
      <Filter>Object\ParticleSystem</Filter>
    </ClCompile>
    <ClCompile Include="WireFrameTreeList.cpp">
      <Filter>Object\WireFrame</Filter>
    </ClCompile>
    <ClCompile Include="LightAddButton.cpp">
      <Filter>Appearance\Light</Filter>
    </ClCompile>
    <ClCompile Include="LightEditButton.cpp">
      <Filter>Appearance\Light</Filter>
    </ClCompile>
    <ClCompile Include="MaterialEditView.cpp">
      <Filter>Appearance\Material</Filter>
    </ClCompile>
    <ClCompile Include="MaterialView.cpp">
      <Filter>Appearance\Material</Filter>
    </ClCompile>
    <ClCompile Include="LightView.cpp">
      <Filter>Appearance\Light</Filter>
    </ClCompile>
    <ClCompile Include="PMBoxButton.cpp">
      <Filter>Object\PolygonMesh\Generation</Filter>
    </ClCompile>
    <ClCompile Include="PMPlaneButton.cpp">
      <Filter>Object\PolygonMesh\Generation</Filter>
    </ClCompile>
    <ClCompile Include="PMSphereButton.cpp">
      <Filter>Object\PolygonMesh\Generation</Filter>
    </ClCompile>
    <ClCompile Include="PolygonMeshPanel.cpp">
      <Filter>Object\PolygonMesh\Generation</Filter>
    </ClCompile>
    <ClCompile Include="PolygonMeshTreeList.cpp">
      <Filter>Object\PolygonMesh</Filter>
    </ClCompile>
    <ClCompile Include="ParticleSystemPanel.cpp">
      <Filter>Object\ParticleSystem\Generation</Filter>
    </ClCompile>
    <ClCompile Include="PSBoxButton.cpp">
      <Filter>Object\ParticleSystem\Generation</Filter>
    </ClCompile>
    <ClCompile Include="PSConeButton.cpp">
      <Filter>Object\ParticleSystem\Generation</Filter>
    </ClCompile>
    <ClCompile Include="PSCylinderButton.cpp">
      <Filter>Object\ParticleSystem\Generation</Filter>
    </ClCompile>
    <ClCompile Include="PSSphereButton.cpp">
      <Filter>Object\ParticleSystem\Generation</Filter>
    </ClCompile>
    <ClCompile Include="PSTorusButton.cpp">
      <Filter>Object\ParticleSystem\Generation</Filter>
    </ClCompile>
    <ClCompile Include="WFBoxButton.cpp">
      <Filter>Object\WireFrame\Generation</Filter>
    </ClCompile>
    <ClCompile Include="WFConeButton.cpp">
      <Filter>Object\WireFrame\Generation</Filter>
    </ClCompile>
    <ClCompile Include="WFCylinderButton.cpp">
      <Filter>Object\WireFrame\Generation</Filter>
    </ClCompile>
    <ClCompile Include="WFSphereButton.cpp">
      <Filter>Object\WireFrame\Generation</Filter>
    </ClCompile>
    <ClCompile Include="WFTorusButton.cpp">
      <Filter>Object\WireFrame\Generation</Filter>
    </ClCompile>
    <ClCompile Include="WireFramePanel.cpp">
      <Filter>Object\WireFrame\Generation</Filter>
    </ClCompile>
    <ClCompile Include="MoveButton.cpp">
      <Filter>Transform</Filter>
    </ClCompile>
    <ClCompile Include="ScaleButton.cpp">
      <Filter>Transform</Filter>
    </ClCompile>
    <ClCompile Include="CameraMenu.cpp">
      <Filter>Menu</Filter>
    </ClCompile>
    <ClCompile Include="CtrlMenu.cpp">
      <Filter>Menu</Filter>
    </ClCompile>
    <ClCompile Include="FileMenu.cpp">
      <Filter>Menu</Filter>
    </ClCompile>
    <ClCompile Include="ScreenMenu.cpp">
      <Filter>Menu</Filter>
    </ClCompile>
    <ClCompile Include="RotateButton.cpp">
      <Filter>Transform</Filter>
    </ClCompile>
  </ItemGroup>
  <ItemGroup>
    <ClInclude Include="tinyfiledialogs.h" />
    <ClInclude Include="Window.h" />
    <ClInclude Include="imgui.h">
      <Filter>imgui</Filter>
    </ClInclude>
    <ClInclude Include="IPopupButton.h">
      <Filter>Window</Filter>
    </ClInclude>
    <ClInclude Include="IPanel.h">
      <Filter>Window</Filter>
    </ClInclude>
    <ClInclude Include="IMenu.h">
      <Filter>Window</Filter>
    </ClInclude>
    <ClInclude Include="IWindow.h">
      <Filter>Window</Filter>
    </ClInclude>
    <ClInclude Include="ITreeList.h">
      <Filter>Window</Filter>
    </ClInclude>
    <ClInclude Include="SelectionPanel.h">
      <Filter>Selection</Filter>
    </ClInclude>
    <ClInclude Include="ObjectSelectButton.h">
      <Filter>Selection</Filter>
    </ClInclude>
    <ClInclude Include="PositionSelectButton.h">
      <Filter>Selection</Filter>
    </ClInclude>
    <ClInclude Include="TransformPanel.h">
      <Filter>Transform</Filter>
    </ClInclude>
    <ClInclude Include="imgui_impl_glfw.h">
      <Filter>imgui</Filter>
    </ClInclude>
    <ClInclude Include="imgui_impl_opengl3.h">
      <Filter>imgui</Filter>
    </ClInclude>
    <ClInclude Include="imgui_internal.h">
      <Filter>imgui</Filter>
    </ClInclude>
    <ClInclude Include="imstb_rectpack.h">
      <Filter>imgui</Filter>
    </ClInclude>
    <ClInclude Include="imstb_textedit.h">
      <Filter>imgui</Filter>
    </ClInclude>
    <ClInclude Include="imstb_truetype.h">
      <Filter>imgui</Filter>
    </ClInclude>
    <ClInclude Include="imconfig.h">
      <Filter>imgui</Filter>
    </ClInclude>
    <ClInclude Include="DoubleView.h">
      <Filter>Type</Filter>
    </ClInclude>
    <ClInclude Include="Vector3dView.h">
      <Filter>Math</Filter>
    </ClInclude>
    <ClInclude Include="Sphere3dView.h">
      <Filter>Math</Filter>
    </ClInclude>
    <ClInclude Include="Cylinder3dView.h">
      <Filter>Math</Filter>
    </ClInclude>
    <ClInclude Include="Box3dView.h">
      <Filter>Math</Filter>
    </ClInclude>
    <ClInclude Include="Cone3dView.h">
      <Filter>Math</Filter>
    </ClInclude>
    <ClInclude Include="Float4View.h">
      <Filter>Type</Filter>
    </ClInclude>
    <ClInclude Include="FloatView.h">
      <Filter>Type</Filter>
    </ClInclude>
    <ClInclude Include="WFAttributeView.h">
      <Filter>Object\WireFrame</Filter>
    </ClInclude>
    <ClInclude Include="IntView.h">
      <Filter>Type</Filter>
    </ClInclude>
    <ClInclude Include="Torus3dView.h">
      <Filter>Math</Filter>
    </ClInclude>
    <ClInclude Include="StringView.h">
      <Filter>Type</Filter>
    </ClInclude>
    <ClInclude Include="imgui_stdlib.h">
      <Filter>imgui</Filter>
    </ClInclude>
    <ClInclude Include="Plane3dView.h">
      <Filter>Math</Filter>
    </ClInclude>
    <ClInclude Include="Ray3dView.h">
      <Filter>Math</Filter>
    </ClInclude>
    <ClInclude Include="AppearancePanel.h">
      <Filter>Appearance</Filter>
    </ClInclude>
    <ClInclude Include="MaterialTreeList.h">
      <Filter>Appearance\Material</Filter>
    </ClInclude>
    <ClInclude Include="TextureTreeList.h">
      <Filter>Appearance\Texture</Filter>
    </ClInclude>
    <ClInclude Include="LightTreeList.h">
      <Filter>Appearance\Light</Filter>
    </ClInclude>
    <ClInclude Include="MaterialAddButton.h">
      <Filter>Appearance\Material</Filter>
    </ClInclude>
    <ClInclude Include="MaterialView.h">
      <Filter>Appearance\Material</Filter>
    </ClInclude>
    <ClInclude Include="ParticleSystemTreeList.h">
      <Filter>Object\ParticleSystem</Filter>
    </ClInclude>
    <ClInclude Include="WireFrameTreeList.h">
      <Filter>Object\WireFrame</Filter>
    </ClInclude>
    <ClInclude Include="LightAddButton.h">
      <Filter>Appearance\Light</Filter>
    </ClInclude>
    <ClInclude Include="LightView.h">
      <Filter>Appearance\Light</Filter>
    </ClInclude>
    <ClInclude Include="LightEditButton.h">
      <Filter>Appearance\Light</Filter>
    </ClInclude>
    <ClInclude Include="MaterialEditView.h">
      <Filter>Appearance\Material</Filter>
    </ClInclude>
    <ClInclude Include="PMBoxButton.h">
      <Filter>Object\PolygonMesh\Generation</Filter>
    </ClInclude>
    <ClInclude Include="PMPlaneButton.h">
      <Filter>Object\PolygonMesh\Generation</Filter>
    </ClInclude>
    <ClInclude Include="PMSphereButton.h">
      <Filter>Object\PolygonMesh\Generation</Filter>
    </ClInclude>
    <ClInclude Include="PolygonMeshPanel.h">
      <Filter>Object\PolygonMesh\Generation</Filter>
    </ClInclude>
    <ClInclude Include="PolygonMeshTreeList.h">
      <Filter>Object\PolygonMesh</Filter>
    </ClInclude>
    <ClInclude Include="ParticleSystemPanel.h">
      <Filter>Object\ParticleSystem\Generation</Filter>
    </ClInclude>
    <ClInclude Include="PSBoxButton.h">
      <Filter>Object\ParticleSystem\Generation</Filter>
    </ClInclude>
    <ClInclude Include="PSAttributeView.h">
      <Filter>Object\ParticleSystem\Generation</Filter>
    </ClInclude>
    <ClInclude Include="PSConeButton.h">
      <Filter>Object\ParticleSystem\Generation</Filter>
    </ClInclude>
    <ClInclude Include="PSCylinderButton.h">
      <Filter>Object\ParticleSystem\Generation</Filter>
    </ClInclude>
    <ClInclude Include="PSSphereButton.h">
      <Filter>Object\ParticleSystem\Generation</Filter>
    </ClInclude>
    <ClInclude Include="PSTorusButton.h">
      <Filter>Object\ParticleSystem\Generation</Filter>
    </ClInclude>
    <ClInclude Include="WFBoxButton.h">
      <Filter>Object\WireFrame\Generation</Filter>
    </ClInclude>
    <ClInclude Include="WFConeButton.h">
      <Filter>Object\WireFrame\Generation</Filter>
    </ClInclude>
    <ClInclude Include="WFCylinderButton.h">
      <Filter>Object\WireFrame\Generation</Filter>
    </ClInclude>
    <ClInclude Include="WFSphereButton.h">
      <Filter>Object\WireFrame\Generation</Filter>
    </ClInclude>
    <ClInclude Include="WFTorusButton.h">
      <Filter>Object\WireFrame\Generation</Filter>
    </ClInclude>
    <ClInclude Include="WireFramePanel.h">
      <Filter>Object\WireFrame\Generation</Filter>
    </ClInclude>
    <ClInclude Include="MoveButton.h">
      <Filter>Transform</Filter>
    </ClInclude>
    <ClInclude Include="ScaleButton.h">
      <Filter>Transform</Filter>
    </ClInclude>
    <ClInclude Include="CameraMenu.h">
      <Filter>Menu</Filter>
    </ClInclude>
    <ClInclude Include="CtrlMenu.h">
      <Filter>Menu</Filter>
    </ClInclude>
    <ClInclude Include="FileMenu.h">
      <Filter>Menu</Filter>
    </ClInclude>
    <ClInclude Include="ScreenMenu.h">
      <Filter>Menu</Filter>
    </ClInclude>
    <ClInclude Include="RotateButton.h">
      <Filter>Transform</Filter>
    </ClInclude>
  </ItemGroup>
  <ItemGroup>
    <None Include="packages.config" />
  </ItemGroup>
  <ItemGroup>
    <Filter Include="imgui">
      <UniqueIdentifier>{662b1c1e-ae3f-44f1-9bee-a62584f1809b}</UniqueIdentifier>
    </Filter>
    <Filter Include="Window">
      <UniqueIdentifier>{afc4d729-1eb0-481b-8ee0-3d334e6eec54}</UniqueIdentifier>
    </Filter>
    <Filter Include="Selection">
      <UniqueIdentifier>{936f90df-2aa6-430e-9906-90d661af54f8}</UniqueIdentifier>
    </Filter>
    <Filter Include="Transform">
      <UniqueIdentifier>{a82af283-3aaa-4c83-b72f-e282c535a689}</UniqueIdentifier>
    </Filter>
    <Filter Include="Math">
      <UniqueIdentifier>{70e528ba-4a3a-4f71-8dd3-08addce9576a}</UniqueIdentifier>
    </Filter>
    <Filter Include="Type">
      <UniqueIdentifier>{03e79bbc-d400-4ee6-baef-09a416838ef4}</UniqueIdentifier>
    </Filter>
    <Filter Include="Appearance">
      <UniqueIdentifier>{5e2f3a12-647d-4e15-89bd-da1dfc33d71d}</UniqueIdentifier>
    </Filter>
    <Filter Include="Appearance\Material">
      <UniqueIdentifier>{f6814e74-3dbf-4ce7-b3ec-ae98ae76a6ed}</UniqueIdentifier>
    </Filter>
    <Filter Include="Appearance\Texture">
      <UniqueIdentifier>{d59d7ebb-6e6c-4330-b749-84c77ed8bb74}</UniqueIdentifier>
    </Filter>
    <Filter Include="Appearance\Light">
      <UniqueIdentifier>{00de2540-e2ad-4d52-9bd0-ea1797d96551}</UniqueIdentifier>
    </Filter>
    <Filter Include="Object">
      <UniqueIdentifier>{6cfd2689-f312-496c-8422-5698b7f5afb2}</UniqueIdentifier>
    </Filter>
    <Filter Include="Object\WireFrame">
      <UniqueIdentifier>{70322aba-1e02-4d91-9ba6-d618af4f3ea1}</UniqueIdentifier>
    </Filter>
    <Filter Include="Object\ParticleSystem">
      <UniqueIdentifier>{ff093b54-2cac-42ed-845f-0440a5f5fe53}</UniqueIdentifier>
    </Filter>
    <Filter Include="Object\PolygonMesh">
      <UniqueIdentifier>{ad45230d-8683-40fd-90bc-ec9f4bf7bbd3}</UniqueIdentifier>
    </Filter>
    <Filter Include="Object\PolygonMesh\Generation">
      <UniqueIdentifier>{de8ab38c-9b84-47d6-87c6-c6cc2ebcc527}</UniqueIdentifier>
    </Filter>
    <Filter Include="Object\ParticleSystem\Generation">
      <UniqueIdentifier>{aecead23-e970-491d-a425-53f4d593d5b0}</UniqueIdentifier>
    </Filter>
    <Filter Include="Object\WireFrame\Generation">
      <UniqueIdentifier>{0ef178e9-c8bf-499a-b9bf-fb031433e057}</UniqueIdentifier>
    </Filter>
    <Filter Include="Menu">
      <UniqueIdentifier>{f853c8fe-34f8-4970-9ae4-5a8b5c5c99cb}</UniqueIdentifier>
    </Filter>
  </ItemGroup>
</Project>