<?xml version="1.0" encoding="utf-8"?>
<Project ToolsVersion="4.0" xmlns="http://schemas.microsoft.com/developer/msbuild/2003">
  <ItemGroup>
    <ClCompile Include="VDBCommandFactory.cpp" />
    <ClCompile Include="VDBInitCommand.cpp" />
    <ClCompile Include="VDBSceneCreateCommand.cpp" />
    <ClCompile Include="VDBMeshToVolumeCommand.cpp" />
    <ClCompile Include="VDBVolumeToMeshCommand.cpp" />
    <ClCompile Include="VDBVolumeToPSCommand.cpp" />
    <ClCompile Include="ToVDBVolumeCommand.cpp" />
    <ClCompile Include="VDBFilterCommand.cpp" />
    <ClCompile Include="VDBOBJFileWriteCommand.cpp">
      <Filter>IO</Filter>
    </ClCompile>
    <ClCompile Include="VDBPCDFileReadCommand.cpp">
      <Filter>IO</Filter>
    </ClCompile>
    <ClCompile Include="VDBSTLFileReadCommand.cpp">
      <Filter>IO</Filter>
    </ClCompile>
    <ClCompile Include="VDBSTLFileWriteCommand.cpp">
      <Filter>IO</Filter>
    </ClCompile>
    <ClCompile Include="VDBFileReadCommand.cpp">
      <Filter>IO</Filter>
    </ClCompile>
    <ClCompile Include="VDBFileWriteCommand.cpp">
      <Filter>IO</Filter>
    </ClCompile>
    <ClCompile Include="VDBPCDFileWriteCommand.cpp">
      <Filter>IO</Filter>
    </ClCompile>
    <ClCompile Include="VDBPLYFileReadCommand.cpp">
      <Filter>IO</Filter>
    </ClCompile>
    <ClCompile Include="VDBOBJFileReadCommand.cpp">
      <Filter>IO</Filter>
    </ClCompile>
    <ClCompile Include="VDBTransformCommand.cpp" />
    <ClCompile Include="VDBPLYFileWriteCommand.cpp">
      <Filter>IO</Filter>
    </ClCompile>
    <ClCompile Include="VDBCompositeCommand.cpp" />
    <ClCompile Include="VDBResamplingCommand.cpp" />
    <ClCompile Include="VDBSceneFileReadCommand.cpp">
      <Filter>Scene</Filter>
    </ClCompile>
    <ClCompile Include="VDBSceneFileWriteCommand.cpp">
      <Filter>Scene</Filter>
    </ClCompile>
    <ClCompile Include="VDBSceneFilterCommand.cpp">
      <Filter>Scene</Filter>
    </ClCompile>
    <ClCompile Include="VDBSceneCompositeCommand.cpp">
      <Filter>Scene</Filter>
    </ClCompile>
    <ClCompile Include="VDBSceneResamplingCommand.cpp">
      <Filter>Scene</Filter>
    </ClCompile>
    <ClCompile Include="VDBScenePSToVolumeCommand.cpp">
      <Filter>Scene</Filter>
    </ClCompile>
    <ClCompile Include="VDBSceneFileImportCommand.cpp">
      <Filter>Scene</Filter>
    </ClCompile>
  </ItemGroup>
  <ItemGroup>
    <ClInclude Include="VDBCommandFactory.h" />
    <ClInclude Include="VDBInitCommand.h" />
    <ClInclude Include="VDBSceneCreateCommand.h" />
    <ClInclude Include="VDBMeshToVolumeCommand.h" />
    <ClInclude Include="VDBVolumeToMeshCommand.h" />
    <ClInclude Include="VDBVolumeToPSCommand.h" />
    <ClInclude Include="ToVDBVolumeCommand.h" />
    <ClInclude Include="VDBFilterCommand.h" />
    <ClInclude Include="VDBOBJFileWriteCommand.h">
      <Filter>IO</Filter>
    </ClInclude>
    <ClInclude Include="VDBPCDFileReadCommand.h">
      <Filter>IO</Filter>
    </ClInclude>
    <ClInclude Include="VDBSTLFileReadCommand.h">
      <Filter>IO</Filter>
    </ClInclude>
    <ClInclude Include="VDBSTLFileWriteCommand.h">
      <Filter>IO</Filter>
    </ClInclude>
    <ClInclude Include="VDBFileReadCommand.h">
      <Filter>IO</Filter>
    </ClInclude>
    <ClInclude Include="VDBFileWriteCommand.h">
      <Filter>IO</Filter>
    </ClInclude>
    <ClInclude Include="VDBPCDFileWriteCommand.h">
      <Filter>IO</Filter>
    </ClInclude>
    <ClInclude Include="VDBPLYFileReadCommand.h">
      <Filter>IO</Filter>
    </ClInclude>
    <ClInclude Include="VDBOBJFileReadCommand.h">
      <Filter>IO</Filter>
    </ClInclude>
    <ClInclude Include="VDBTransformCommand.h" />
    <ClInclude Include="VDBPLYFileWriteCommand.h">
      <Filter>IO</Filter>
    </ClInclude>
    <ClInclude Include="VDBCompositeCommand.h" />
    <ClInclude Include="VDBResamplingCommand.h" />
    <ClInclude Include="VDBSceneFileReadCommand.h">
      <Filter>Scene</Filter>
    </ClInclude>
    <ClInclude Include="VDBSceneFileWriteCommand.h">
      <Filter>Scene</Filter>
    </ClInclude>
    <ClInclude Include="VDBSceneFilterCommand.h">
      <Filter>Scene</Filter>
    </ClInclude>
    <ClInclude Include="VDBSceneCompositeCommand.h">
      <Filter>Scene</Filter>
    </ClInclude>
    <ClInclude Include="VDBSceneResamplingCommand.h">
      <Filter>Scene</Filter>
    </ClInclude>
    <ClInclude Include="VDBScenePSToVolumeCommand.h">
      <Filter>Scene</Filter>
    </ClInclude>
    <ClInclude Include="VDBSceneFileImportCommand.h">
      <Filter>Scene</Filter>
    </ClInclude>
  </ItemGroup>
  <ItemGroup>
    <Filter Include="IO">
      <UniqueIdentifier>{3e91be6a-2223-4d75-815a-5b562735f18c}</UniqueIdentifier>
    </Filter>
    <Filter Include="Scene">
      <UniqueIdentifier>{71ca32ae-affb-4dde-8009-dbec5bc27d19}</UniqueIdentifier>
    </Filter>
  </ItemGroup>
</Project>